Microsoft Visual Studio Solution File, Format Version 12.00
# Visual Studio Version 16
VisualStudioVersion = 16.0.30225.117
MinimumVisualStudioVersion = 10.0.40219.1
Project("{8BC9CEB8-8B4A-11D0-8D11-00A0C91BC942}") = "Lux", "Lux.vcxproj", "{C6E72C29-38A3-4897-AA05-E87B0323AA71}"
	ProjectSection(ProjectDependencies) = postProject
		{29BCFB31-74D2-4AC2-9787-A786F764C868} = {29BCFB31-74D2-4AC2-9787-A786F764C868}
	EndProjectSection
EndProject
Project("{8BC9CEB8-8B4A-11D0-8D11-00A0C91BC942}") = "_HPL2_2019", "..\..\..\HPL2\core\_HPL2_2019.vcxproj", "{29BCFB31-74D2-4AC2-9787-A786F764C868}"
EndProject
Project("{8BC9CEB8-8B4A-11D0-8D11-00A0C91BC942}") = "newton", "..\..\..\HPL2\dependencies\sources\newton-dynamics-2.35\coreLibrary_200\projets\windows\project_vs2010\newton.vcxproj", "{68D9962C-0EC7-445A-B0FD-F87B16D43901}"
EndProject
Project("{8BC9CEB8-8B4A-11D0-8D11-00A0C91BC942}") = "core", "..\..\..\HPL2\dependencies\sources\newton-dynamics-2.35\coreLibrary_200\projets\windows\project_vs2010\core.vcxproj", "{57AC4F2D-B115-4931-8F6E-AF8AD616B6AA}"
EndProject
Project("{8BC9CEB8-8B4A-11D0-8D11-00A0C91BC942}") = "physics", "..\..\..\HPL2\dependencies\sources\newton-dynamics-2.35\coreLibrary_200\projets\windows\project_vs2010\physics.vcxproj", "{39737A8F-6151-4259-8E39-25530345D4B4}"
EndProject
Project("{2150E333-8FDC-42A3-9474-1A3956D46DE8}") = "Newton", "Newton", "{50FC25B7-08A9-4BBB-9D96-D163B867783B}"
EndProject
Global
	GlobalSection(SolutionConfigurationPlatforms) = preSolution
		Debug|x64 = Debug|x64
		Debug|x86 = Debug|x86
		debugDoubleDll|x64 = debugDoubleDll|x64
		debugDoubleDll|x86 = debugDoubleDll|x86
		debugSingleDll|x64 = debugSingleDll|x64
		debugSingleDll|x86 = debugSingleDll|x86
		debugSingleLibMd|x64 = debugSingleLibMd|x64
		debugSingleLibMd|x86 = debugSingleLibMd|x86
		debugSingleLibMt|x64 = debugSingleLibMt|x64
		debugSingleLibMt|x86 = debugSingleLibMt|x86
		Release|x64 = Release|x64
		Release|x86 = Release|x86
		releaseDoubleDll|x64 = releaseDoubleDll|x64
		releaseDoubleDll|x86 = releaseDoubleDll|x86
		releaseSingleDll|x64 = releaseSingleDll|x64
		releaseSingleDll|x86 = releaseSingleDll|x86
		releaseSingleLibMd|x64 = releaseSingleLibMd|x64
		releaseSingleLibMd|x86 = releaseSingleLibMd|x86
		releaseSingleLibMt|x64 = releaseSingleLibMt|x64
		releaseSingleLibMt|x86 = releaseSingleLibMt|x86
	EndGlobalSection
	GlobalSection(ProjectConfigurationPlatforms) = postSolution
		{C6E72C29-38A3-4897-AA05-E87B0323AA71}.Debug|x64.ActiveCfg = Debug|x64
		{C6E72C29-38A3-4897-AA05-E87B0323AA71}.Debug|x64.Build.0 = Debug|x64
		{C6E72C29-38A3-4897-AA05-E87B0323AA71}.Debug|x86.ActiveCfg = Debug|x64
		{C6E72C29-38A3-4897-AA05-E87B0323AA71}.debugDoubleDll|x64.ActiveCfg = Debug|x64
		{C6E72C29-38A3-4897-AA05-E87B0323AA71}.debugDoubleDll|x64.Build.0 = Debug|x64
		{C6E72C29-38A3-4897-AA05-E87B0323AA71}.debugDoubleDll|x86.ActiveCfg = Release|x64
		{C6E72C29-38A3-4897-AA05-E87B0323AA71}.debugDoubleDll|x86.Build.0 = Release|x64
		{C6E72C29-38A3-4897-AA05-E87B0323AA71}.debugSingleDll|x64.ActiveCfg = Debug|x64
		{C6E72C29-38A3-4897-AA05-E87B0323AA71}.debugSingleDll|x64.Build.0 = Debug|x64
		{C6E72C29-38A3-4897-AA05-E87B0323AA71}.debugSingleDll|x86.ActiveCfg = Release|x64
		{C6E72C29-38A3-4897-AA05-E87B0323AA71}.debugSingleDll|x86.Build.0 = Release|x64
		{C6E72C29-38A3-4897-AA05-E87B0323AA71}.debugSingleLibMd|x64.ActiveCfg = Debug|x64
		{C6E72C29-38A3-4897-AA05-E87B0323AA71}.debugSingleLibMd|x64.Build.0 = Debug|x64
		{C6E72C29-38A3-4897-AA05-E87B0323AA71}.debugSingleLibMd|x86.ActiveCfg = Release|x64
		{C6E72C29-38A3-4897-AA05-E87B0323AA71}.debugSingleLibMd|x86.Build.0 = Release|x64
		{C6E72C29-38A3-4897-AA05-E87B0323AA71}.debugSingleLibMt|x64.ActiveCfg = Debug|x64
		{C6E72C29-38A3-4897-AA05-E87B0323AA71}.debugSingleLibMt|x64.Build.0 = Debug|x64
		{C6E72C29-38A3-4897-AA05-E87B0323AA71}.debugSingleLibMt|x86.ActiveCfg = Release|x64
		{C6E72C29-38A3-4897-AA05-E87B0323AA71}.debugSingleLibMt|x86.Build.0 = Release|x64
		{C6E72C29-38A3-4897-AA05-E87B0323AA71}.Release|x64.ActiveCfg = Release|x64
		{C6E72C29-38A3-4897-AA05-E87B0323AA71}.Release|x64.Build.0 = Release|x64
		{C6E72C29-38A3-4897-AA05-E87B0323AA71}.Release|x86.ActiveCfg = Release|x64
		{C6E72C29-38A3-4897-AA05-E87B0323AA71}.releaseDoubleDll|x64.ActiveCfg = Release|x64
		{C6E72C29-38A3-4897-AA05-E87B0323AA71}.releaseDoubleDll|x64.Build.0 = Release|x64
		{C6E72C29-38A3-4897-AA05-E87B0323AA71}.releaseDoubleDll|x86.ActiveCfg = Release|x64
		{C6E72C29-38A3-4897-AA05-E87B0323AA71}.releaseDoubleDll|x86.Build.0 = Release|x64
		{C6E72C29-38A3-4897-AA05-E87B0323AA71}.releaseSingleDll|x64.ActiveCfg = Release|x64
		{C6E72C29-38A3-4897-AA05-E87B0323AA71}.releaseSingleDll|x64.Build.0 = Release|x64
		{C6E72C29-38A3-4897-AA05-E87B0323AA71}.releaseSingleDll|x86.ActiveCfg = Release|x64
		{C6E72C29-38A3-4897-AA05-E87B0323AA71}.releaseSingleDll|x86.Build.0 = Release|x64
		{C6E72C29-38A3-4897-AA05-E87B0323AA71}.releaseSingleLibMd|x64.ActiveCfg = Release|x64
		{C6E72C29-38A3-4897-AA05-E87B0323AA71}.releaseSingleLibMd|x64.Build.0 = Release|x64
		{C6E72C29-38A3-4897-AA05-E87B0323AA71}.releaseSingleLibMd|x86.ActiveCfg = Release|x64
		{C6E72C29-38A3-4897-AA05-E87B0323AA71}.releaseSingleLibMd|x86.Build.0 = Release|x64
		{C6E72C29-38A3-4897-AA05-E87B0323AA71}.releaseSingleLibMt|x64.ActiveCfg = Release|x64
		{C6E72C29-38A3-4897-AA05-E87B0323AA71}.releaseSingleLibMt|x64.Build.0 = Release|x64
		{C6E72C29-38A3-4897-AA05-E87B0323AA71}.releaseSingleLibMt|x86.ActiveCfg = Release|x64
		{C6E72C29-38A3-4897-AA05-E87B0323AA71}.releaseSingleLibMt|x86.Build.0 = Release|x64
		{29BCFB31-74D2-4AC2-9787-A786F764C868}.Debug|x64.ActiveCfg = Debug|x64
		{29BCFB31-74D2-4AC2-9787-A786F764C868}.Debug|x64.Build.0 = Debug|x64
		{29BCFB31-74D2-4AC2-9787-A786F764C868}.Debug|x86.ActiveCfg = Debug|x64
		{29BCFB31-74D2-4AC2-9787-A786F764C868}.debugDoubleDll|x64.ActiveCfg = Debug|x64
		{29BCFB31-74D2-4AC2-9787-A786F764C868}.debugDoubleDll|x64.Build.0 = Debug|x64
		{29BCFB31-74D2-4AC2-9787-A786F764C868}.debugDoubleDll|x86.ActiveCfg = Release|x64
		{29BCFB31-74D2-4AC2-9787-A786F764C868}.debugDoubleDll|x86.Build.0 = Release|x64
		{29BCFB31-74D2-4AC2-9787-A786F764C868}.debugSingleDll|x64.ActiveCfg = Debug|x64
		{29BCFB31-74D2-4AC2-9787-A786F764C868}.debugSingleDll|x64.Build.0 = Debug|x64
		{29BCFB31-74D2-4AC2-9787-A786F764C868}.debugSingleDll|x86.ActiveCfg = Release|x64
		{29BCFB31-74D2-4AC2-9787-A786F764C868}.debugSingleDll|x86.Build.0 = Release|x64
		{29BCFB31-74D2-4AC2-9787-A786F764C868}.debugSingleLibMd|x64.ActiveCfg = Debug|x64
		{29BCFB31-74D2-4AC2-9787-A786F764C868}.debugSingleLibMd|x64.Build.0 = Debug|x64
		{29BCFB31-74D2-4AC2-9787-A786F764C868}.debugSingleLibMd|x86.ActiveCfg = Release|x64
		{29BCFB31-74D2-4AC2-9787-A786F764C868}.debugSingleLibMd|x86.Build.0 = Release|x64
		{29BCFB31-74D2-4AC2-9787-A786F764C868}.debugSingleLibMt|x64.ActiveCfg = Debug|x64
		{29BCFB31-74D2-4AC2-9787-A786F764C868}.debugSingleLibMt|x64.Build.0 = Debug|x64
		{29BCFB31-74D2-4AC2-9787-A786F764C868}.debugSingleLibMt|x86.ActiveCfg = Release|x64
		{29BCFB31-74D2-4AC2-9787-A786F764C868}.debugSingleLibMt|x86.Build.0 = Release|x64
		{29BCFB31-74D2-4AC2-9787-A786F764C868}.Release|x64.ActiveCfg = Release|x64
		{29BCFB31-74D2-4AC2-9787-A786F764C868}.Release|x64.Build.0 = Release|x64
		{29BCFB31-74D2-4AC2-9787-A786F764C868}.Release|x86.ActiveCfg = Release|x64
		{29BCFB31-74D2-4AC2-9787-A786F764C868}.releaseDoubleDll|x64.ActiveCfg = Release|x64
		{29BCFB31-74D2-4AC2-9787-A786F764C868}.releaseDoubleDll|x64.Build.0 = Release|x64
		{29BCFB31-74D2-4AC2-9787-A786F764C868}.releaseDoubleDll|x86.ActiveCfg = Release|x64
		{29BCFB31-74D2-4AC2-9787-A786F764C868}.releaseDoubleDll|x86.Build.0 = Release|x64
		{29BCFB31-74D2-4AC2-9787-A786F764C868}.releaseSingleDll|x64.ActiveCfg = Release|x64
		{29BCFB31-74D2-4AC2-9787-A786F764C868}.releaseSingleDll|x64.Build.0 = Release|x64
		{29BCFB31-74D2-4AC2-9787-A786F764C868}.releaseSingleDll|x86.ActiveCfg = Release|x64
		{29BCFB31-74D2-4AC2-9787-A786F764C868}.releaseSingleDll|x86.Build.0 = Release|x64
		{29BCFB31-74D2-4AC2-9787-A786F764C868}.releaseSingleLibMd|x64.ActiveCfg = Release|x64
		{29BCFB31-74D2-4AC2-9787-A786F764C868}.releaseSingleLibMd|x64.Build.0 = Release|x64
		{29BCFB31-74D2-4AC2-9787-A786F764C868}.releaseSingleLibMd|x86.ActiveCfg = Release|x64
		{29BCFB31-74D2-4AC2-9787-A786F764C868}.releaseSingleLibMd|x86.Build.0 = Release|x64
		{29BCFB31-74D2-4AC2-9787-A786F764C868}.releaseSingleLibMt|x64.ActiveCfg = Release|x64
		{29BCFB31-74D2-4AC2-9787-A786F764C868}.releaseSingleLibMt|x64.Build.0 = Release|x64
		{29BCFB31-74D2-4AC2-9787-A786F764C868}.releaseSingleLibMt|x86.ActiveCfg = Release|x64
		{29BCFB31-74D2-4AC2-9787-A786F764C868}.releaseSingleLibMt|x86.Build.0 = Release|x64
		{68D9962C-0EC7-445A-B0FD-F87B16D43901}.Debug|x64.ActiveCfg = debugSingleDll|x64
		{68D9962C-0EC7-445A-B0FD-F87B16D43901}.Debug|x64.Build.0 = debugSingleDll|x64
		{68D9962C-0EC7-445A-B0FD-F87B16D43901}.Debug|x86.ActiveCfg = debugSingleDll|Win32
		{68D9962C-0EC7-445A-B0FD-F87B16D43901}.Debug|x86.Build.0 = debugSingleDll|Win32
		{68D9962C-0EC7-445A-B0FD-F87B16D43901}.debugDoubleDll|x64.ActiveCfg = debugDoubleDll|x64
		{68D9962C-0EC7-445A-B0FD-F87B16D43901}.debugDoubleDll|x64.Build.0 = debugDoubleDll|x64
		{68D9962C-0EC7-445A-B0FD-F87B16D43901}.debugDoubleDll|x86.ActiveCfg = debugDoubleDll|Win32
		{68D9962C-0EC7-445A-B0FD-F87B16D43901}.debugDoubleDll|x86.Build.0 = debugDoubleDll|Win32
		{68D9962C-0EC7-445A-B0FD-F87B16D43901}.debugSingleDll|x64.ActiveCfg = debugSingleDll|x64
		{68D9962C-0EC7-445A-B0FD-F87B16D43901}.debugSingleDll|x64.Build.0 = debugSingleDll|x64
		{68D9962C-0EC7-445A-B0FD-F87B16D43901}.debugSingleDll|x86.ActiveCfg = debugSingleDll|Win32
		{68D9962C-0EC7-445A-B0FD-F87B16D43901}.debugSingleDll|x86.Build.0 = debugSingleDll|Win32
		{68D9962C-0EC7-445A-B0FD-F87B16D43901}.debugSingleLibMd|x64.ActiveCfg = debugSingleLibMd|x64
		{68D9962C-0EC7-445A-B0FD-F87B16D43901}.debugSingleLibMd|x64.Build.0 = debugSingleLibMd|x64
		{68D9962C-0EC7-445A-B0FD-F87B16D43901}.debugSingleLibMd|x86.ActiveCfg = debugSingleLibMd|Win32
		{68D9962C-0EC7-445A-B0FD-F87B16D43901}.debugSingleLibMd|x86.Build.0 = debugSingleLibMd|Win32
		{68D9962C-0EC7-445A-B0FD-F87B16D43901}.debugSingleLibMt|x64.ActiveCfg = debugSingleLibMt|x64
		{68D9962C-0EC7-445A-B0FD-F87B16D43901}.debugSingleLibMt|x64.Build.0 = debugSingleLibMt|x64
		{68D9962C-0EC7-445A-B0FD-F87B16D43901}.debugSingleLibMt|x86.ActiveCfg = debugSingleLibMt|Win32
		{68D9962C-0EC7-445A-B0FD-F87B16D43901}.debugSingleLibMt|x86.Build.0 = debugSingleLibMt|Win32
		{68D9962C-0EC7-445A-B0FD-F87B16D43901}.Release|x64.ActiveCfg = releaseSingleDll|x64
		{68D9962C-0EC7-445A-B0FD-F87B16D43901}.Release|x64.Build.0 = releaseSingleDll|x64
		{68D9962C-0EC7-445A-B0FD-F87B16D43901}.Release|x86.ActiveCfg = releaseSingleDll|Win32
		{68D9962C-0EC7-445A-B0FD-F87B16D43901}.Release|x86.Build.0 = releaseSingleDll|Win32
		{68D9962C-0EC7-445A-B0FD-F87B16D43901}.releaseDoubleDll|x64.ActiveCfg = releaseDoubleDll|x64
		{68D9962C-0EC7-445A-B0FD-F87B16D43901}.releaseDoubleDll|x64.Build.0 = releaseDoubleDll|x64
		{68D9962C-0EC7-445A-B0FD-F87B16D43901}.releaseDoubleDll|x86.ActiveCfg = releaseDoubleDll|Win32
		{68D9962C-0EC7-445A-B0FD-F87B16D43901}.releaseDoubleDll|x86.Build.0 = releaseDoubleDll|Win32
		{68D9962C-0EC7-445A-B0FD-F87B16D43901}.releaseSingleDll|x64.ActiveCfg = releaseSingleDll|x64
		{68D9962C-0EC7-445A-B0FD-F87B16D43901}.releaseSingleDll|x64.Build.0 = releaseSingleDll|x64
		{68D9962C-0EC7-445A-B0FD-F87B16D43901}.releaseSingleDll|x86.ActiveCfg = releaseSingleDll|Win32
		{68D9962C-0EC7-445A-B0FD-F87B16D43901}.releaseSingleDll|x86.Build.0 = releaseSingleDll|Win32
		{68D9962C-0EC7-445A-B0FD-F87B16D43901}.releaseSingleLibMd|x64.ActiveCfg = releaseSingleLibMd|x64
		{68D9962C-0EC7-445A-B0FD-F87B16D43901}.releaseSingleLibMd|x64.Build.0 = releaseSingleLibMd|x64
		{68D9962C-0EC7-445A-B0FD-F87B16D43901}.releaseSingleLibMd|x86.ActiveCfg = releaseSingleLibMd|Win32
		{68D9962C-0EC7-445A-B0FD-F87B16D43901}.releaseSingleLibMd|x86.Build.0 = releaseSingleLibMd|Win32
		{68D9962C-0EC7-445A-B0FD-F87B16D43901}.releaseSingleLibMt|x64.ActiveCfg = releaseSingleLibMt|x64
		{68D9962C-0EC7-445A-B0FD-F87B16D43901}.releaseSingleLibMt|x64.Build.0 = releaseSingleLibMt|x64
		{68D9962C-0EC7-445A-B0FD-F87B16D43901}.releaseSingleLibMt|x86.ActiveCfg = releaseSingleLibMt|Win32
		{68D9962C-0EC7-445A-B0FD-F87B16D43901}.releaseSingleLibMt|x86.Build.0 = releaseSingleLibMt|Win32
		{57AC4F2D-B115-4931-8F6E-AF8AD616B6AA}.Debug|x64.ActiveCfg = debugSingleDll|x64
		{57AC4F2D-B115-4931-8F6E-AF8AD616B6AA}.Debug|x64.Build.0 = debugSingleDll|x64
		{57AC4F2D-B115-4931-8F6E-AF8AD616B6AA}.Debug|x86.ActiveCfg = debugSingleDll|Win32
		{57AC4F2D-B115-4931-8F6E-AF8AD616B6AA}.Debug|x86.Build.0 = debugSingleDll|Win32
		{57AC4F2D-B115-4931-8F6E-AF8AD616B6AA}.debugDoubleDll|x64.ActiveCfg = debugDoubleDll|x64
		{57AC4F2D-B115-4931-8F6E-AF8AD616B6AA}.debugDoubleDll|x64.Build.0 = debugDoubleDll|x64
		{57AC4F2D-B115-4931-8F6E-AF8AD616B6AA}.debugDoubleDll|x86.ActiveCfg = debugDoubleDll|Win32
		{57AC4F2D-B115-4931-8F6E-AF8AD616B6AA}.debugDoubleDll|x86.Build.0 = debugDoubleDll|Win32
		{57AC4F2D-B115-4931-8F6E-AF8AD616B6AA}.debugSingleDll|x64.ActiveCfg = debugSingleDll|x64
		{57AC4F2D-B115-4931-8F6E-AF8AD616B6AA}.debugSingleDll|x64.Build.0 = debugSingleDll|x64
		{57AC4F2D-B115-4931-8F6E-AF8AD616B6AA}.debugSingleDll|x86.ActiveCfg = debugSingleDll|Win32
		{57AC4F2D-B115-4931-8F6E-AF8AD616B6AA}.debugSingleDll|x86.Build.0 = debugSingleDll|Win32
		{57AC4F2D-B115-4931-8F6E-AF8AD616B6AA}.debugSingleLibMd|x64.ActiveCfg = debugSingleLibMd|x64
		{57AC4F2D-B115-4931-8F6E-AF8AD616B6AA}.debugSingleLibMd|x64.Build.0 = debugSingleLibMd|x64
		{57AC4F2D-B115-4931-8F6E-AF8AD616B6AA}.debugSingleLibMd|x86.ActiveCfg = debugSingleLibMd|Win32
		{57AC4F2D-B115-4931-8F6E-AF8AD616B6AA}.debugSingleLibMd|x86.Build.0 = debugSingleLibMd|Win32
		{57AC4F2D-B115-4931-8F6E-AF8AD616B6AA}.debugSingleLibMt|x64.ActiveCfg = debugSingleLibMt|x64
		{57AC4F2D-B115-4931-8F6E-AF8AD616B6AA}.debugSingleLibMt|x64.Build.0 = debugSingleLibMt|x64
		{57AC4F2D-B115-4931-8F6E-AF8AD616B6AA}.debugSingleLibMt|x86.ActiveCfg = debugSingleLibMt|Win32
		{57AC4F2D-B115-4931-8F6E-AF8AD616B6AA}.debugSingleLibMt|x86.Build.0 = debugSingleLibMt|Win32
		{57AC4F2D-B115-4931-8F6E-AF8AD616B6AA}.Release|x64.ActiveCfg = releaseSingleDll|x64
		{57AC4F2D-B115-4931-8F6E-AF8AD616B6AA}.Release|x64.Build.0 = releaseSingleDll|x64
		{57AC4F2D-B115-4931-8F6E-AF8AD616B6AA}.Release|x86.ActiveCfg = releaseSingleDll|Win32
		{57AC4F2D-B115-4931-8F6E-AF8AD616B6AA}.Release|x86.Build.0 = releaseSingleDll|Win32
		{57AC4F2D-B115-4931-8F6E-AF8AD616B6AA}.releaseDoubleDll|x64.ActiveCfg = releaseDoubleDll|x64
		{57AC4F2D-B115-4931-8F6E-AF8AD616B6AA}.releaseDoubleDll|x64.Build.0 = releaseDoubleDll|x64
		{57AC4F2D-B115-4931-8F6E-AF8AD616B6AA}.releaseDoubleDll|x86.ActiveCfg = releaseDoubleDll|Win32
		{57AC4F2D-B115-4931-8F6E-AF8AD616B6AA}.releaseDoubleDll|x86.Build.0 = releaseDoubleDll|Win32
		{57AC4F2D-B115-4931-8F6E-AF8AD616B6AA}.releaseSingleDll|x64.ActiveCfg = releaseSingleDll|x64
		{57AC4F2D-B115-4931-8F6E-AF8AD616B6AA}.releaseSingleDll|x64.Build.0 = releaseSingleDll|x64
		{57AC4F2D-B115-4931-8F6E-AF8AD616B6AA}.releaseSingleDll|x86.ActiveCfg = releaseSingleDll|Win32
		{57AC4F2D-B115-4931-8F6E-AF8AD616B6AA}.releaseSingleDll|x86.Build.0 = releaseSingleDll|Win32
		{57AC4F2D-B115-4931-8F6E-AF8AD616B6AA}.releaseSingleLibMd|x64.ActiveCfg = releaseSingleLibMd|x64
		{57AC4F2D-B115-4931-8F6E-AF8AD616B6AA}.releaseSingleLibMd|x64.Build.0 = releaseSingleLibMd|x64
		{57AC4F2D-B115-4931-8F6E-AF8AD616B6AA}.releaseSingleLibMd|x86.ActiveCfg = releaseSingleLibMd|Win32
		{57AC4F2D-B115-4931-8F6E-AF8AD616B6AA}.releaseSingleLibMd|x86.Build.0 = releaseSingleLibMd|Win32
		{57AC4F2D-B115-4931-8F6E-AF8AD616B6AA}.releaseSingleLibMt|x64.ActiveCfg = releaseSingleLibMt|x64
		{57AC4F2D-B115-4931-8F6E-AF8AD616B6AA}.releaseSingleLibMt|x64.Build.0 = releaseSingleLibMt|x64
		{57AC4F2D-B115-4931-8F6E-AF8AD616B6AA}.releaseSingleLibMt|x86.ActiveCfg = releaseSingleLibMt|Win32
		{57AC4F2D-B115-4931-8F6E-AF8AD616B6AA}.releaseSingleLibMt|x86.Build.0 = releaseSingleLibMt|Win32
		{39737A8F-6151-4259-8E39-25530345D4B4}.Debug|x64.ActiveCfg = debugSingleDll|x64
		{39737A8F-6151-4259-8E39-25530345D4B4}.Debug|x64.Build.0 = debugSingleDll|x64
		{39737A8F-6151-4259-8E39-25530345D4B4}.Debug|x86.ActiveCfg = debugSingleDll|Win32
		{39737A8F-6151-4259-8E39-25530345D4B4}.Debug|x86.Build.0 = debugSingleDll|Win32
		{39737A8F-6151-4259-8E39-25530345D4B4}.debugDoubleDll|x64.ActiveCfg = debugDoubleDll|x64
		{39737A8F-6151-4259-8E39-25530345D4B4}.debugDoubleDll|x64.Build.0 = debugDoubleDll|x64
		{39737A8F-6151-4259-8E39-25530345D4B4}.debugDoubleDll|x86.ActiveCfg = debugDoubleDll|Win32
		{39737A8F-6151-4259-8E39-25530345D4B4}.debugDoubleDll|x86.Build.0 = debugDoubleDll|Win32
		{39737A8F-6151-4259-8E39-25530345D4B4}.debugSingleDll|x64.ActiveCfg = debugSingleDll|x64
		{39737A8F-6151-4259-8E39-25530345D4B4}.debugSingleDll|x64.Build.0 = debugSingleDll|x64
		{39737A8F-6151-4259-8E39-25530345D4B4}.debugSingleDll|x86.ActiveCfg = debugSingleDll|Win32
		{39737A8F-6151-4259-8E39-25530345D4B4}.debugSingleDll|x86.Build.0 = debugSingleDll|Win32
		{39737A8F-6151-4259-8E39-25530345D4B4}.debugSingleLibMd|x64.ActiveCfg = debugSingleLibMd|x64
		{39737A8F-6151-4259-8E39-25530345D4B4}.debugSingleLibMd|x64.Build.0 = debugSingleLibMd|x64
		{39737A8F-6151-4259-8E39-25530345D4B4}.debugSingleLibMd|x86.ActiveCfg = debugSingleLibMd|Win32
		{39737A8F-6151-4259-8E39-25530345D4B4}.debugSingleLibMd|x86.Build.0 = debugSingleLibMd|Win32
		{39737A8F-6151-4259-8E39-25530345D4B4}.debugSingleLibMt|x64.ActiveCfg = debugSingleLibMt|x64
		{39737A8F-6151-4259-8E39-25530345D4B4}.debugSingleLibMt|x64.Build.0 = debugSingleLibMt|x64
		{39737A8F-6151-4259-8E39-25530345D4B4}.debugSingleLibMt|x86.ActiveCfg = debugSingleLibMt|Win32
		{39737A8F-6151-4259-8E39-25530345D4B4}.debugSingleLibMt|x86.Build.0 = debugSingleLibMt|Win32
		{39737A8F-6151-4259-8E39-25530345D4B4}.Release|x64.ActiveCfg = releaseSingleDll|x64
		{39737A8F-6151-4259-8E39-25530345D4B4}.Release|x64.Build.0 = releaseSingleDll|x64
		{39737A8F-6151-4259-8E39-25530345D4B4}.Release|x86.ActiveCfg = releaseSingleDll|Win32
		{39737A8F-6151-4259-8E39-25530345D4B4}.Release|x86.Build.0 = releaseSingleDll|Win32
		{39737A8F-6151-4259-8E39-25530345D4B4}.releaseDoubleDll|x64.ActiveCfg = releaseDoubleDll|x64
		{39737A8F-6151-4259-8E39-25530345D4B4}.releaseDoubleDll|x64.Build.0 = releaseDoubleDll|x64
		{39737A8F-6151-4259-8E39-25530345D4B4}.releaseDoubleDll|x86.ActiveCfg = releaseDoubleDll|Win32
		{39737A8F-6151-4259-8E39-25530345D4B4}.releaseDoubleDll|x86.Build.0 = releaseDoubleDll|Win32
		{39737A8F-6151-4259-8E39-25530345D4B4}.releaseSingleDll|x64.ActiveCfg = releaseSingleDll|x64
		{39737A8F-6151-4259-8E39-25530345D4B4}.releaseSingleDll|x64.Build.0 = releaseSingleDll|x64
		{39737A8F-6151-4259-8E39-25530345D4B4}.releaseSingleDll|x86.ActiveCfg = releaseSingleDll|Win32
		{39737A8F-6151-4259-8E39-25530345D4B4}.releaseSingleDll|x86.Build.0 = releaseSingleDll|Win32
		{39737A8F-6151-4259-8E39-25530345D4B4}.releaseSingleLibMd|x64.ActiveCfg = releaseSingleLibMd|x64
		{39737A8F-6151-4259-8E39-25530345D4B4}.releaseSingleLibMd|x64.Build.0 = releaseSingleLibMd|x64
		{39737A8F-6151-4259-8E39-25530345D4B4}.releaseSingleLibMd|x86.ActiveCfg = releaseSingleLibMd|Win32
		{39737A8F-6151-4259-8E39-25530345D4B4}.releaseSingleLibMd|x86.Build.0 = releaseSingleLibMd|Win32
		{39737A8F-6151-4259-8E39-25530345D4B4}.releaseSingleLibMt|x64.ActiveCfg = releaseSingleLibMt|x64
		{39737A8F-6151-4259-8E39-25530345D4B4}.releaseSingleLibMt|x64.Build.0 = releaseSingleLibMt|x64
		{39737A8F-6151-4259-8E39-25530345D4B4}.releaseSingleLibMt|x86.ActiveCfg = releaseSingleLibMt|Win32
		{39737A8F-6151-4259-8E39-25530345D4B4}.releaseSingleLibMt|x86.Build.0 = releaseSingleLibMt|Win32
	EndGlobalSection
	GlobalSection(SolutionProperties) = preSolution
		HideSolutionNode = FALSE
	EndGlobalSection
	GlobalSection(NestedProjects) = preSolution
		{68D9962C-0EC7-445A-B0FD-F87B16D43901} = {50FC25B7-08A9-4BBB-9D96-D163B867783B}
		{57AC4F2D-B115-4931-8F6E-AF8AD616B6AA} = {50FC25B7-08A9-4BBB-9D96-D163B867783B}
		{39737A8F-6151-4259-8E39-25530345D4B4} = {50FC25B7-08A9-4BBB-9D96-D163B867783B}
	EndGlobalSection
	GlobalSection(ExtensibilityGlobals) = postSolution
		SolutionGuid = {A63EF492-B8B2-4C7C-88B8-90E3974B21BC}
	EndGlobalSection
EndGlobal
