
Microsoft Visual Studio Solution File, Format Version 12.00
# Visual Studio 16
Project("{8BC9CEB8-8B4A-11D0-8D11-00A0C91BC942}") = "ALL_BUILD", "ALL_BUILD.vcxproj", "{8C178AC5-9F36-3FDA-8988-FAAD8E72AF69}"
	ProjectSection(ProjectDependencies) = postProject
		{F016A702-747B-3F3D-ADB7-A677AF514EFD} = {F016A702-747B-3F3D-ADB7-A677AF514EFD}
		{6A42487F-DE89-3773-B940-EAB88AA3B9F6} = {6A42487F-DE89-3773-B940-EAB88AA3B9F6}
		{77253001-7B62-3DF2-AA7B-C4F418C48810} = {77253001-7B62-3DF2-AA7B-C4F418C48810}
		{F7E510EA-62F3-32DA-A456-885A33E58C4E} = {F7E510EA-62F3-32DA-A456-885A33E58C4E}
		{A82C570E-8546-3255-9033-AA6647C9A2C9} = {A82C570E-8546-3255-9033-AA6647C9A2C9}
		{829A388D-5568-3782-926C-DD3F1BADE404} = {829A388D-5568-3782-926C-DD3F1BADE404}
		{3CC785E1-020F-3970-AD26-12CD8B7D5DA0} = {3CC785E1-020F-3970-AD26-12CD8B7D5DA0}
		{95B47247-5A4A-373A-B9FF-70CD5645BAED} = {95B47247-5A4A-373A-B9FF-70CD5645BAED}
		{C6F07CE5-C167-35B2-8FC8-AFDBC9499C18} = {C6F07CE5-C167-35B2-8FC8-AFDBC9499C18}
		{7D0FED1F-F6ED-31E4-A4B7-556BFE49C30C} = {7D0FED1F-F6ED-31E4-A4B7-556BFE49C30C}
		{BBD76BAF-E1C1-32B4-828E-E16D5C4F21A3} = {BBD76BAF-E1C1-32B4-828E-E16D5C4F21A3}
		{6D2C43AF-8FC2-3A01-BE77-EA186A87BBC7} = {6D2C43AF-8FC2-3A01-BE77-EA186A87BBC7}
		{A4778800-DF41-3474-B498-4CB6FE423FB0} = {A4778800-DF41-3474-B498-4CB6FE423FB0}
		{ECE1901D-8BD8-318D-975A-AC02DC670DBE} = {ECE1901D-8BD8-318D-975A-AC02DC670DBE}
		{22CED7AC-7D75-3C86-B617-8D41A03B421A} = {22CED7AC-7D75-3C86-B617-8D41A03B421A}
		{2F038EB6-72CF-3CCA-B16D-995D7E8789CE} = {2F038EB6-72CF-3CCA-B16D-995D7E8789CE}
		{5BED052C-C33A-3CF9-88DD-DAA020D55143} = {5BED052C-C33A-3CF9-88DD-DAA020D55143}
		{65C0A4AA-11A3-3428-93D1-AA860DC3A5EA} = {65C0A4AA-11A3-3428-93D1-AA860DC3A5EA}
		{C7F7F1E0-BBB7-33F7-B095-A2E14F978007} = {C7F7F1E0-BBB7-33F7-B095-A2E14F978007}
		{95D5C654-308F-3FE1-9F51-2D112402D772} = {95D5C654-308F-3FE1-9F51-2D112402D772}
		{568E0D74-5748-3DD2-8800-9A6CBF60980C} = {568E0D74-5748-3DD2-8800-9A6CBF60980C}
		{52D64130-B0F2-36EA-874F-F4077C99C802} = {52D64130-B0F2-36EA-874F-F4077C99C802}
		{CF4A2679-366A-3BC2-8C2E-F9252793816B} = {CF4A2679-366A-3BC2-8C2E-F9252793816B}
		{ACFEC3C6-0CFB-3D61-B822-720D304FCCBC} = {ACFEC3C6-0CFB-3D61-B822-720D304FCCBC}
		{EFC29F07-DF93-3D06-8974-2C41AFBDE2B9} = {EFC29F07-DF93-3D06-8974-2C41AFBDE2B9}
		{9D808378-259B-34DE-8876-71DAA6ADB889} = {9D808378-259B-34DE-8876-71DAA6ADB889}
		{B1DC972B-6B63-3612-B5BD-8834468DA759} = {B1DC972B-6B63-3612-B5BD-8834468DA759}
		{EA797954-A82D-3B9A-BDCD-596FC1D7CCDA} = {EA797954-A82D-3B9A-BDCD-596FC1D7CCDA}
		{F0D64278-FB65-3DA1-BB57-4C0EE576DF84} = {F0D64278-FB65-3DA1-BB57-4C0EE576DF84}
		{C13E675F-CD49-395F-83D8-545F7923E1C9} = {C13E675F-CD49-395F-83D8-545F7923E1C9}
		{795CEF37-C2A9-3461-9928-94F33719C6D6} = {795CEF37-C2A9-3461-9928-94F33719C6D6}
		{ABB5FDFF-788C-3AC5-A520-841BFEADDCE1} = {ABB5FDFF-788C-3AC5-A520-841BFEADDCE1}
		{C4723D9C-07DC-3D96-81C7-A310B8D5474B} = {C4723D9C-07DC-3D96-81C7-A310B8D5474B}
		{5CFC5379-7556-3440-B5E5-3AF77E1B1C4D} = {5CFC5379-7556-3440-B5E5-3AF77E1B1C4D}
		{1E760783-BB0E-38EE-AC91-3410D9393EA2} = {1E760783-BB0E-38EE-AC91-3410D9393EA2}
		{95121517-8A41-309F-AF2C-800CDE5D4529} = {95121517-8A41-309F-AF2C-800CDE5D4529}
		{CF79F1B8-6148-3192-AC9D-49C4CD0F2A29} = {CF79F1B8-6148-3192-AC9D-49C4CD0F2A29}
		{4DFBA879-29F1-3003-AC4F-60D0859AD303} = {4DFBA879-29F1-3003-AC4F-60D0859AD303}
		{2F022283-5028-3123-BAA8-E075F7FA4B02} = {2F022283-5028-3123-BAA8-E075F7FA4B02}
		{B6EACD86-A447-3746-8C4F-4D852AB38552} = {B6EACD86-A447-3746-8C4F-4D852AB38552}
		{30A7D032-6B4E-3CE1-B0A0-CAA4DFC1E143} = {30A7D032-6B4E-3CE1-B0A0-CAA4DFC1E143}
		{CDF37021-F2EE-3620-9616-AECD987379DE} = {CDF37021-F2EE-3620-9616-AECD987379DE}
		{4AF20991-B642-30D4-B2ED-AC052E57057C} = {4AF20991-B642-30D4-B2ED-AC052E57057C}
		{D0AA6C4B-8978-3A3A-B9E2-7E8D62EC0647} = {D0AA6C4B-8978-3A3A-B9E2-7E8D62EC0647}
		{CD0AC6D4-51FA-3A2A-A8EA-D4B26F65CC29} = {CD0AC6D4-51FA-3A2A-A8EA-D4B26F65CC29}
		{E41A9F15-4223-3FFC-A326-2029B418FAB1} = {E41A9F15-4223-3FFC-A326-2029B418FAB1}
		{60942E1F-7A02-368B-B092-4F73BFC077F3} = {60942E1F-7A02-368B-B092-4F73BFC077F3}
		{D1C4C777-3D65-3DAC-83A6-11DF69FBD52D} = {D1C4C777-3D65-3DAC-83A6-11DF69FBD52D}
		{809F7271-E5EC-3730-836D-3AC6D3778746} = {809F7271-E5EC-3730-836D-3AC6D3778746}
		{A2A2D88A-0285-376F-9A29-CFA2113A949B} = {A2A2D88A-0285-376F-9A29-CFA2113A949B}
		{5793F423-F43E-3103-A01A-371593D9618F} = {5793F423-F43E-3103-A01A-371593D9618F}
		{964191A0-66C3-360A-AC24-F72FBEB4C969} = {964191A0-66C3-360A-AC24-F72FBEB4C969}
		{A088B7DA-4383-3DE1-818C-41589E1B44B2} = {A088B7DA-4383-3DE1-818C-41589E1B44B2}
		{8965DA47-EF17-35FE-BA7C-9CA753677ADB} = {8965DA47-EF17-35FE-BA7C-9CA753677ADB}
		{197D78F7-2300-34B0-A8BB-F09F6785E8F0} = {197D78F7-2300-34B0-A8BB-F09F6785E8F0}
		{C9AEB2D6-6011-3D16-BA87-E6153C70DF36} = {C9AEB2D6-6011-3D16-BA87-E6153C70DF36}
		{AB3FFF38-14A4-3ADC-A3B9-415BB59CDCC7} = {AB3FFF38-14A4-3ADC-A3B9-415BB59CDCC7}
		{9777EED1-DB34-366F-9449-020329841DCB} = {9777EED1-DB34-366F-9449-020329841DCB}
		{35AA6C99-EC25-3B32-AB7D-93B52182D36C} = {35AA6C99-EC25-3B32-AB7D-93B52182D36C}
		{34FD5F5B-2407-3926-A01B-023C6E545FC0} = {34FD5F5B-2407-3926-A01B-023C6E545FC0}
		{E72252DF-32CE-35D3-8438-9C0C54BF5737} = {E72252DF-32CE-35D3-8438-9C0C54BF5737}
		{8993A110-29E1-3D2C-8C69-8C3DE185092E} = {8993A110-29E1-3D2C-8C69-8C3DE185092E}
		{07FE2987-164E-3F0D-B3C6-84D8C6A3C73F} = {07FE2987-164E-3F0D-B3C6-84D8C6A3C73F}
		{73A7B130-54AD-3181-B466-C14791BD5EC6} = {73A7B130-54AD-3181-B466-C14791BD5EC6}
		{4037FB0F-9BEB-320D-AE30-43C12666E748} = {4037FB0F-9BEB-320D-AE30-43C12666E748}
		{F856580D-2C2D-3CB3-AB20-1D3D5912C685} = {F856580D-2C2D-3CB3-AB20-1D3D5912C685}
		{72E5E20F-B8A3-39DC-B4E4-2DAF295048E0} = {72E5E20F-B8A3-39DC-B4E4-2DAF295048E0}
		{B975F029-4DED-306C-A1C6-612EF07CACCC} = {B975F029-4DED-306C-A1C6-612EF07CACCC}
		{D17518A4-405A-3F93-87D4-41BF7BDF143A} = {D17518A4-405A-3F93-87D4-41BF7BDF143A}
		{6B4BC727-6120-324E-8A9E-9DCD24C8D43B} = {6B4BC727-6120-324E-8A9E-9DCD24C8D43B}
		{FCB1BC12-8838-3669-B7A9-062E412EB9CD} = {FCB1BC12-8838-3669-B7A9-062E412EB9CD}
		{7F039DB9-2AFE-3844-9B6C-174BA74981FA} = {7F039DB9-2AFE-3844-9B6C-174BA74981FA}
		{C93D175F-4358-3D78-8D89-8953E87F093D} = {C93D175F-4358-3D78-8D89-8953E87F093D}
		{350C6113-DB76-3B01-B5C1-6FD68BC25759} = {350C6113-DB76-3B01-B5C1-6FD68BC25759}
		{582DF7F4-0E8F-3047-A177-8C9F1850B370} = {582DF7F4-0E8F-3047-A177-8C9F1850B370}
		{D8926F6B-CCF1-3987-94E4-CB43510B8B65} = {D8926F6B-CCF1-3987-94E4-CB43510B8B65}
		{5617D75B-EE85-341C-8DA1-8C34A9684AA9} = {5617D75B-EE85-341C-8DA1-8C34A9684AA9}
		{6BB917D2-74EE-3D5E-919A-D56D5725FB99} = {6BB917D2-74EE-3D5E-919A-D56D5725FB99}
		{16A9046C-8686-3BDE-9E65-7780EAF92B12} = {16A9046C-8686-3BDE-9E65-7780EAF92B12}
		{910FF7D9-3F9D-3E6D-AEDD-FDD6197E2582} = {910FF7D9-3F9D-3E6D-AEDD-FDD6197E2582}
		{D6D5BF4D-7011-3F1A-8B47-26AE14B54D7C} = {D6D5BF4D-7011-3F1A-8B47-26AE14B54D7C}
		{56570E88-722B-352A-AC6B-15D93FB101C9} = {56570E88-722B-352A-AC6B-15D93FB101C9}
		{9C310737-4102-325B-BB23-7A80879776EF} = {9C310737-4102-325B-BB23-7A80879776EF}
		{86415A17-3F92-3AAB-8036-20F44C4884A7} = {86415A17-3F92-3AAB-8036-20F44C4884A7}
		{84048E6E-A20D-3B15-8321-890E9B94C65B} = {84048E6E-A20D-3B15-8321-890E9B94C65B}
	EndProjectSection
EndProject
Project("{8BC9CEB8-8B4A-11D0-8D11-00A0C91BC942}") = "CubeView", "test\CubeView.vcxproj", "{F016A702-747B-3F3D-ADB7-A677AF514EFD}"
	ProjectSection(ProjectDependencies) = postProject
		{6A42487F-DE89-3773-B940-EAB88AA3B9F6} = {6A42487F-DE89-3773-B940-EAB88AA3B9F6}
		{9D808378-259B-34DE-8876-71DAA6ADB889} = {9D808378-259B-34DE-8876-71DAA6ADB889}
		{F0D64278-FB65-3DA1-BB57-4C0EE576DF84} = {F0D64278-FB65-3DA1-BB57-4C0EE576DF84}
		{5CFC5379-7556-3440-B5E5-3AF77E1B1C4D} = {5CFC5379-7556-3440-B5E5-3AF77E1B1C4D}
	EndProjectSection
EndProject
Project("{8BC9CEB8-8B4A-11D0-8D11-00A0C91BC942}") = "INSTALL", "INSTALL.vcxproj", "{9256C039-C2E1-317B-A576-A33E0E33BDD4}"
	ProjectSection(ProjectDependencies) = postProject
		{8C178AC5-9F36-3FDA-8988-FAAD8E72AF69} = {8C178AC5-9F36-3FDA-8988-FAAD8E72AF69}
		{6A42487F-DE89-3773-B940-EAB88AA3B9F6} = {6A42487F-DE89-3773-B940-EAB88AA3B9F6}
	EndProjectSection
EndProject
Project("{8BC9CEB8-8B4A-11D0-8D11-00A0C91BC942}") = "ZERO_CHECK", "ZERO_CHECK.vcxproj", "{6A42487F-DE89-3773-B940-EAB88AA3B9F6}"
	ProjectSection(ProjectDependencies) = postProject
	EndProjectSection
EndProject
Project("{8BC9CEB8-8B4A-11D0-8D11-00A0C91BC942}") = "adjuster", "test\adjuster.vcxproj", "{77253001-7B62-3DF2-AA7B-C4F418C48810}"
	ProjectSection(ProjectDependencies) = postProject
		{6A42487F-DE89-3773-B940-EAB88AA3B9F6} = {6A42487F-DE89-3773-B940-EAB88AA3B9F6}
		{9D808378-259B-34DE-8876-71DAA6ADB889} = {9D808378-259B-34DE-8876-71DAA6ADB889}
	EndProjectSection
EndProject
Project("{8BC9CEB8-8B4A-11D0-8D11-00A0C91BC942}") = "animated", "test\animated.vcxproj", "{F7E510EA-62F3-32DA-A456-885A33E58C4E}"
	ProjectSection(ProjectDependencies) = postProject
		{6A42487F-DE89-3773-B940-EAB88AA3B9F6} = {6A42487F-DE89-3773-B940-EAB88AA3B9F6}
		{9D808378-259B-34DE-8876-71DAA6ADB889} = {9D808378-259B-34DE-8876-71DAA6ADB889}
	EndProjectSection
EndProject
Project("{8BC9CEB8-8B4A-11D0-8D11-00A0C91BC942}") = "arc", "test\arc.vcxproj", "{A82C570E-8546-3255-9033-AA6647C9A2C9}"
	ProjectSection(ProjectDependencies) = postProject
		{6A42487F-DE89-3773-B940-EAB88AA3B9F6} = {6A42487F-DE89-3773-B940-EAB88AA3B9F6}
		{9D808378-259B-34DE-8876-71DAA6ADB889} = {9D808378-259B-34DE-8876-71DAA6ADB889}
	EndProjectSection
EndProject
Project("{8BC9CEB8-8B4A-11D0-8D11-00A0C91BC942}") = "ask", "test\ask.vcxproj", "{829A388D-5568-3782-926C-DD3F1BADE404}"
	ProjectSection(ProjectDependencies) = postProject
		{6A42487F-DE89-3773-B940-EAB88AA3B9F6} = {6A42487F-DE89-3773-B940-EAB88AA3B9F6}
		{9D808378-259B-34DE-8876-71DAA6ADB889} = {9D808378-259B-34DE-8876-71DAA6ADB889}
	EndProjectSection
EndProject
Project("{8BC9CEB8-8B4A-11D0-8D11-00A0C91BC942}") = "bitmap", "test\bitmap.vcxproj", "{3CC785E1-020F-3970-AD26-12CD8B7D5DA0}"
	ProjectSection(ProjectDependencies) = postProject
		{6A42487F-DE89-3773-B940-EAB88AA3B9F6} = {6A42487F-DE89-3773-B940-EAB88AA3B9F6}
		{9D808378-259B-34DE-8876-71DAA6ADB889} = {9D808378-259B-34DE-8876-71DAA6ADB889}
	EndProjectSection
EndProject
Project("{8BC9CEB8-8B4A-11D0-8D11-00A0C91BC942}") = "blocks", "test\blocks.vcxproj", "{95B47247-5A4A-373A-B9FF-70CD5645BAED}"
	ProjectSection(ProjectDependencies) = postProject
		{6A42487F-DE89-3773-B940-EAB88AA3B9F6} = {6A42487F-DE89-3773-B940-EAB88AA3B9F6}
		{9D808378-259B-34DE-8876-71DAA6ADB889} = {9D808378-259B-34DE-8876-71DAA6ADB889}
	EndProjectSection
EndProject
Project("{8BC9CEB8-8B4A-11D0-8D11-00A0C91BC942}") = "boxtype", "test\boxtype.vcxproj", "{C6F07CE5-C167-35B2-8FC8-AFDBC9499C18}"
	ProjectSection(ProjectDependencies) = postProject
		{6A42487F-DE89-3773-B940-EAB88AA3B9F6} = {6A42487F-DE89-3773-B940-EAB88AA3B9F6}
		{9D808378-259B-34DE-8876-71DAA6ADB889} = {9D808378-259B-34DE-8876-71DAA6ADB889}
	EndProjectSection
EndProject
Project("{8BC9CEB8-8B4A-11D0-8D11-00A0C91BC942}") = "browser", "test\browser.vcxproj", "{7D0FED1F-F6ED-31E4-A4B7-556BFE49C30C}"
	ProjectSection(ProjectDependencies) = postProject
		{6A42487F-DE89-3773-B940-EAB88AA3B9F6} = {6A42487F-DE89-3773-B940-EAB88AA3B9F6}
		{9D808378-259B-34DE-8876-71DAA6ADB889} = {9D808378-259B-34DE-8876-71DAA6ADB889}
	EndProjectSection
EndProject
Project("{8BC9CEB8-8B4A-11D0-8D11-00A0C91BC942}") = "button", "test\button.vcxproj", "{BBD76BAF-E1C1-32B4-828E-E16D5C4F21A3}"
	ProjectSection(ProjectDependencies) = postProject
		{6A42487F-DE89-3773-B940-EAB88AA3B9F6} = {6A42487F-DE89-3773-B940-EAB88AA3B9F6}
		{9D808378-259B-34DE-8876-71DAA6ADB889} = {9D808378-259B-34DE-8876-71DAA6ADB889}
	EndProjectSection
EndProject
Project("{8BC9CEB8-8B4A-11D0-8D11-00A0C91BC942}") = "buttons", "test\buttons.vcxproj", "{6D2C43AF-8FC2-3A01-BE77-EA186A87BBC7}"
	ProjectSection(ProjectDependencies) = postProject
		{6A42487F-DE89-3773-B940-EAB88AA3B9F6} = {6A42487F-DE89-3773-B940-EAB88AA3B9F6}
		{9D808378-259B-34DE-8876-71DAA6ADB889} = {9D808378-259B-34DE-8876-71DAA6ADB889}
	EndProjectSection
EndProject
Project("{8BC9CEB8-8B4A-11D0-8D11-00A0C91BC942}") = "checkers", "test\checkers.vcxproj", "{A4778800-DF41-3474-B498-4CB6FE423FB0}"
	ProjectSection(ProjectDependencies) = postProject
		{6A42487F-DE89-3773-B940-EAB88AA3B9F6} = {6A42487F-DE89-3773-B940-EAB88AA3B9F6}
		{9D808378-259B-34DE-8876-71DAA6ADB889} = {9D808378-259B-34DE-8876-71DAA6ADB889}
	EndProjectSection
EndProject
Project("{8BC9CEB8-8B4A-11D0-8D11-00A0C91BC942}") = "clock", "test\clock.vcxproj", "{ECE1901D-8BD8-318D-975A-AC02DC670DBE}"
	ProjectSection(ProjectDependencies) = postProject
		{6A42487F-DE89-3773-B940-EAB88AA3B9F6} = {6A42487F-DE89-3773-B940-EAB88AA3B9F6}
		{9D808378-259B-34DE-8876-71DAA6ADB889} = {9D808378-259B-34DE-8876-71DAA6ADB889}
	EndProjectSection
EndProject
Project("{8BC9CEB8-8B4A-11D0-8D11-00A0C91BC942}") = "colbrowser", "test\colbrowser.vcxproj", "{22CED7AC-7D75-3C86-B617-8D41A03B421A}"
	ProjectSection(ProjectDependencies) = postProject
		{6A42487F-DE89-3773-B940-EAB88AA3B9F6} = {6A42487F-DE89-3773-B940-EAB88AA3B9F6}
		{9D808378-259B-34DE-8876-71DAA6ADB889} = {9D808378-259B-34DE-8876-71DAA6ADB889}
		{EA797954-A82D-3B9A-BDCD-596FC1D7CCDA} = {EA797954-A82D-3B9A-BDCD-596FC1D7CCDA}
	EndProjectSection
EndProject
Project("{8BC9CEB8-8B4A-11D0-8D11-00A0C91BC942}") = "color_chooser", "test\color_chooser.vcxproj", "{2F038EB6-72CF-3CCA-B16D-995D7E8789CE}"
	ProjectSection(ProjectDependencies) = postProject
		{6A42487F-DE89-3773-B940-EAB88AA3B9F6} = {6A42487F-DE89-3773-B940-EAB88AA3B9F6}
		{9D808378-259B-34DE-8876-71DAA6ADB889} = {9D808378-259B-34DE-8876-71DAA6ADB889}
	EndProjectSection
EndProject
Project("{8BC9CEB8-8B4A-11D0-8D11-00A0C91BC942}") = "cube", "test\cube.vcxproj", "{5BED052C-C33A-3CF9-88DD-DAA020D55143}"
	ProjectSection(ProjectDependencies) = postProject
		{6A42487F-DE89-3773-B940-EAB88AA3B9F6} = {6A42487F-DE89-3773-B940-EAB88AA3B9F6}
		{9D808378-259B-34DE-8876-71DAA6ADB889} = {9D808378-259B-34DE-8876-71DAA6ADB889}
		{F0D64278-FB65-3DA1-BB57-4C0EE576DF84} = {F0D64278-FB65-3DA1-BB57-4C0EE576DF84}
	EndProjectSection
EndProject
Project("{8BC9CEB8-8B4A-11D0-8D11-00A0C91BC942}") = "cursor", "test\cursor.vcxproj", "{65C0A4AA-11A3-3428-93D1-AA860DC3A5EA}"
	ProjectSection(ProjectDependencies) = postProject
		{6A42487F-DE89-3773-B940-EAB88AA3B9F6} = {6A42487F-DE89-3773-B940-EAB88AA3B9F6}
		{9D808378-259B-34DE-8876-71DAA6ADB889} = {9D808378-259B-34DE-8876-71DAA6ADB889}
	EndProjectSection
EndProject
Project("{8BC9CEB8-8B4A-11D0-8D11-00A0C91BC942}") = "curve", "test\curve.vcxproj", "{C7F7F1E0-BBB7-33F7-B095-A2E14F978007}"
	ProjectSection(ProjectDependencies) = postProject
		{6A42487F-DE89-3773-B940-EAB88AA3B9F6} = {6A42487F-DE89-3773-B940-EAB88AA3B9F6}
		{9D808378-259B-34DE-8876-71DAA6ADB889} = {9D808378-259B-34DE-8876-71DAA6ADB889}
	EndProjectSection
EndProject
Project("{8BC9CEB8-8B4A-11D0-8D11-00A0C91BC942}") = "demo", "test\demo.vcxproj", "{95D5C654-308F-3FE1-9F51-2D112402D772}"
	ProjectSection(ProjectDependencies) = postProject
		{6A42487F-DE89-3773-B940-EAB88AA3B9F6} = {6A42487F-DE89-3773-B940-EAB88AA3B9F6}
		{9D808378-259B-34DE-8876-71DAA6ADB889} = {9D808378-259B-34DE-8876-71DAA6ADB889}
	EndProjectSection
EndProject
Project("{8BC9CEB8-8B4A-11D0-8D11-00A0C91BC942}") = "device", "test\device.vcxproj", "{568E0D74-5748-3DD2-8800-9A6CBF60980C}"
	ProjectSection(ProjectDependencies) = postProject
		{6A42487F-DE89-3773-B940-EAB88AA3B9F6} = {6A42487F-DE89-3773-B940-EAB88AA3B9F6}
		{9D808378-259B-34DE-8876-71DAA6ADB889} = {9D808378-259B-34DE-8876-71DAA6ADB889}
	EndProjectSection
EndProject
Project("{8BC9CEB8-8B4A-11D0-8D11-00A0C91BC942}") = "doublebuffer", "test\doublebuffer.vcxproj", "{52D64130-B0F2-36EA-874F-F4077C99C802}"
	ProjectSection(ProjectDependencies) = postProject
		{6A42487F-DE89-3773-B940-EAB88AA3B9F6} = {6A42487F-DE89-3773-B940-EAB88AA3B9F6}
		{9D808378-259B-34DE-8876-71DAA6ADB889} = {9D808378-259B-34DE-8876-71DAA6ADB889}
	EndProjectSection
EndProject
Project("{8BC9CEB8-8B4A-11D0-8D11-00A0C91BC942}") = "editor", "test\editor.vcxproj", "{CF4A2679-366A-3BC2-8C2E-F9252793816B}"
	ProjectSection(ProjectDependencies) = postProject
		{6A42487F-DE89-3773-B940-EAB88AA3B9F6} = {6A42487F-DE89-3773-B940-EAB88AA3B9F6}
		{9D808378-259B-34DE-8876-71DAA6ADB889} = {9D808378-259B-34DE-8876-71DAA6ADB889}
	EndProjectSection
EndProject
Project("{8BC9CEB8-8B4A-11D0-8D11-00A0C91BC942}") = "fast_slow", "test\fast_slow.vcxproj", "{ACFEC3C6-0CFB-3D61-B822-720D304FCCBC}"
	ProjectSection(ProjectDependencies) = postProject
		{6A42487F-DE89-3773-B940-EAB88AA3B9F6} = {6A42487F-DE89-3773-B940-EAB88AA3B9F6}
		{9D808378-259B-34DE-8876-71DAA6ADB889} = {9D808378-259B-34DE-8876-71DAA6ADB889}
		{5CFC5379-7556-3440-B5E5-3AF77E1B1C4D} = {5CFC5379-7556-3440-B5E5-3AF77E1B1C4D}
	EndProjectSection
EndProject
Project("{8BC9CEB8-8B4A-11D0-8D11-00A0C91BC942}") = "file_chooser", "test\file_chooser.vcxproj", "{EFC29F07-DF93-3D06-8974-2C41AFBDE2B9}"
	ProjectSection(ProjectDependencies) = postProject
		{6A42487F-DE89-3773-B940-EAB88AA3B9F6} = {6A42487F-DE89-3773-B940-EAB88AA3B9F6}
		{9D808378-259B-34DE-8876-71DAA6ADB889} = {9D808378-259B-34DE-8876-71DAA6ADB889}
		{C13E675F-CD49-395F-83D8-545F7923E1C9} = {C13E675F-CD49-395F-83D8-545F7923E1C9}
		{795CEF37-C2A9-3461-9928-94F33719C6D6} = {795CEF37-C2A9-3461-9928-94F33719C6D6}
		{ABB5FDFF-788C-3AC5-A520-841BFEADDCE1} = {ABB5FDFF-788C-3AC5-A520-841BFEADDCE1}
		{C4723D9C-07DC-3D96-81C7-A310B8D5474B} = {C4723D9C-07DC-3D96-81C7-A310B8D5474B}
	EndProjectSection
EndProject
Project("{8BC9CEB8-8B4A-11D0-8D11-00A0C91BC942}") = "fltk", "src\fltk.vcxproj", "{9D808378-259B-34DE-8876-71DAA6ADB889}"
	ProjectSection(ProjectDependencies) = postProject
		{6A42487F-DE89-3773-B940-EAB88AA3B9F6} = {6A42487F-DE89-3773-B940-EAB88AA3B9F6}
	EndProjectSection
EndProject
Project("{8BC9CEB8-8B4A-11D0-8D11-00A0C91BC942}") = "fltk-versions", "test\fltk-versions.vcxproj", "{B1DC972B-6B63-3612-B5BD-8834468DA759}"
	ProjectSection(ProjectDependencies) = postProject
		{6A42487F-DE89-3773-B940-EAB88AA3B9F6} = {6A42487F-DE89-3773-B940-EAB88AA3B9F6}
		{9D808378-259B-34DE-8876-71DAA6ADB889} = {9D808378-259B-34DE-8876-71DAA6ADB889}
	EndProjectSection
EndProject
Project("{8BC9CEB8-8B4A-11D0-8D11-00A0C91BC942}") = "fltk_forms", "src\fltk_forms.vcxproj", "{EA797954-A82D-3B9A-BDCD-596FC1D7CCDA}"
	ProjectSection(ProjectDependencies) = postProject
		{6A42487F-DE89-3773-B940-EAB88AA3B9F6} = {6A42487F-DE89-3773-B940-EAB88AA3B9F6}
		{9D808378-259B-34DE-8876-71DAA6ADB889} = {9D808378-259B-34DE-8876-71DAA6ADB889}
	EndProjectSection
EndProject
Project("{8BC9CEB8-8B4A-11D0-8D11-00A0C91BC942}") = "fltk_gl", "src\fltk_gl.vcxproj", "{F0D64278-FB65-3DA1-BB57-4C0EE576DF84}"
	ProjectSection(ProjectDependencies) = postProject
		{6A42487F-DE89-3773-B940-EAB88AA3B9F6} = {6A42487F-DE89-3773-B940-EAB88AA3B9F6}
		{9D808378-259B-34DE-8876-71DAA6ADB889} = {9D808378-259B-34DE-8876-71DAA6ADB889}
	EndProjectSection
EndProject
Project("{8BC9CEB8-8B4A-11D0-8D11-00A0C91BC942}") = "fltk_images", "src\fltk_images.vcxproj", "{C13E675F-CD49-395F-83D8-545F7923E1C9}"
	ProjectSection(ProjectDependencies) = postProject
		{6A42487F-DE89-3773-B940-EAB88AA3B9F6} = {6A42487F-DE89-3773-B940-EAB88AA3B9F6}
		{9D808378-259B-34DE-8876-71DAA6ADB889} = {9D808378-259B-34DE-8876-71DAA6ADB889}
		{795CEF37-C2A9-3461-9928-94F33719C6D6} = {795CEF37-C2A9-3461-9928-94F33719C6D6}
		{ABB5FDFF-788C-3AC5-A520-841BFEADDCE1} = {ABB5FDFF-788C-3AC5-A520-841BFEADDCE1}
		{C4723D9C-07DC-3D96-81C7-A310B8D5474B} = {C4723D9C-07DC-3D96-81C7-A310B8D5474B}
	EndProjectSection
EndProject
Project("{8BC9CEB8-8B4A-11D0-8D11-00A0C91BC942}") = "fltk_jpeg", "jpeg\fltk_jpeg.vcxproj", "{795CEF37-C2A9-3461-9928-94F33719C6D6}"
	ProjectSection(ProjectDependencies) = postProject
		{6A42487F-DE89-3773-B940-EAB88AA3B9F6} = {6A42487F-DE89-3773-B940-EAB88AA3B9F6}
	EndProjectSection
EndProject
Project("{8BC9CEB8-8B4A-11D0-8D11-00A0C91BC942}") = "fltk_png", "png\fltk_png.vcxproj", "{ABB5FDFF-788C-3AC5-A520-841BFEADDCE1}"
	ProjectSection(ProjectDependencies) = postProject
		{6A42487F-DE89-3773-B940-EAB88AA3B9F6} = {6A42487F-DE89-3773-B940-EAB88AA3B9F6}
		{C4723D9C-07DC-3D96-81C7-A310B8D5474B} = {C4723D9C-07DC-3D96-81C7-A310B8D5474B}
	EndProjectSection
EndProject
Project("{8BC9CEB8-8B4A-11D0-8D11-00A0C91BC942}") = "fltk_z", "zlib\fltk_z.vcxproj", "{C4723D9C-07DC-3D96-81C7-A310B8D5474B}"
	ProjectSection(ProjectDependencies) = postProject
		{6A42487F-DE89-3773-B940-EAB88AA3B9F6} = {6A42487F-DE89-3773-B940-EAB88AA3B9F6}
	EndProjectSection
EndProject
Project("{8BC9CEB8-8B4A-11D0-8D11-00A0C91BC942}") = "fluid", "fluid\fluid.vcxproj", "{5CFC5379-7556-3440-B5E5-3AF77E1B1C4D}"
	ProjectSection(ProjectDependencies) = postProject
		{6A42487F-DE89-3773-B940-EAB88AA3B9F6} = {6A42487F-DE89-3773-B940-EAB88AA3B9F6}
		{9D808378-259B-34DE-8876-71DAA6ADB889} = {9D808378-259B-34DE-8876-71DAA6ADB889}
		{EA797954-A82D-3B9A-BDCD-596FC1D7CCDA} = {EA797954-A82D-3B9A-BDCD-596FC1D7CCDA}
		{C13E675F-CD49-395F-83D8-545F7923E1C9} = {C13E675F-CD49-395F-83D8-545F7923E1C9}
		{795CEF37-C2A9-3461-9928-94F33719C6D6} = {795CEF37-C2A9-3461-9928-94F33719C6D6}
		{ABB5FDFF-788C-3AC5-A520-841BFEADDCE1} = {ABB5FDFF-788C-3AC5-A520-841BFEADDCE1}
		{C4723D9C-07DC-3D96-81C7-A310B8D5474B} = {C4723D9C-07DC-3D96-81C7-A310B8D5474B}
	EndProjectSection
EndProject
Project("{8BC9CEB8-8B4A-11D0-8D11-00A0C91BC942}") = "fonts", "test\fonts.vcxproj", "{1E760783-BB0E-38EE-AC91-3410D9393EA2}"
	ProjectSection(ProjectDependencies) = postProject
		{6A42487F-DE89-3773-B940-EAB88AA3B9F6} = {6A42487F-DE89-3773-B940-EAB88AA3B9F6}
		{9D808378-259B-34DE-8876-71DAA6ADB889} = {9D808378-259B-34DE-8876-71DAA6ADB889}
	EndProjectSection
EndProject
Project("{8BC9CEB8-8B4A-11D0-8D11-00A0C91BC942}") = "forms", "test\forms.vcxproj", "{95121517-8A41-309F-AF2C-800CDE5D4529}"
	ProjectSection(ProjectDependencies) = postProject
		{6A42487F-DE89-3773-B940-EAB88AA3B9F6} = {6A42487F-DE89-3773-B940-EAB88AA3B9F6}
		{9D808378-259B-34DE-8876-71DAA6ADB889} = {9D808378-259B-34DE-8876-71DAA6ADB889}
		{EA797954-A82D-3B9A-BDCD-596FC1D7CCDA} = {EA797954-A82D-3B9A-BDCD-596FC1D7CCDA}
	EndProjectSection
EndProject
Project("{8BC9CEB8-8B4A-11D0-8D11-00A0C91BC942}") = "fractals", "test\fractals.vcxproj", "{CF79F1B8-6148-3192-AC9D-49C4CD0F2A29}"
	ProjectSection(ProjectDependencies) = postProject
		{6A42487F-DE89-3773-B940-EAB88AA3B9F6} = {6A42487F-DE89-3773-B940-EAB88AA3B9F6}
		{9D808378-259B-34DE-8876-71DAA6ADB889} = {9D808378-259B-34DE-8876-71DAA6ADB889}
		{F0D64278-FB65-3DA1-BB57-4C0EE576DF84} = {F0D64278-FB65-3DA1-BB57-4C0EE576DF84}
	EndProjectSection
EndProject
Project("{8BC9CEB8-8B4A-11D0-8D11-00A0C91BC942}") = "fullscreen", "test\fullscreen.vcxproj", "{4DFBA879-29F1-3003-AC4F-60D0859AD303}"
	ProjectSection(ProjectDependencies) = postProject
		{6A42487F-DE89-3773-B940-EAB88AA3B9F6} = {6A42487F-DE89-3773-B940-EAB88AA3B9F6}
		{9D808378-259B-34DE-8876-71DAA6ADB889} = {9D808378-259B-34DE-8876-71DAA6ADB889}
		{F0D64278-FB65-3DA1-BB57-4C0EE576DF84} = {F0D64278-FB65-3DA1-BB57-4C0EE576DF84}
	EndProjectSection
EndProject
Project("{8BC9CEB8-8B4A-11D0-8D11-00A0C91BC942}") = "gl_overlay", "test\gl_overlay.vcxproj", "{2F022283-5028-3123-BAA8-E075F7FA4B02}"
	ProjectSection(ProjectDependencies) = postProject
		{6A42487F-DE89-3773-B940-EAB88AA3B9F6} = {6A42487F-DE89-3773-B940-EAB88AA3B9F6}
		{9D808378-259B-34DE-8876-71DAA6ADB889} = {9D808378-259B-34DE-8876-71DAA6ADB889}
		{F0D64278-FB65-3DA1-BB57-4C0EE576DF84} = {F0D64278-FB65-3DA1-BB57-4C0EE576DF84}
	EndProjectSection
EndProject
Project("{8BC9CEB8-8B4A-11D0-8D11-00A0C91BC942}") = "glpuzzle", "test\glpuzzle.vcxproj", "{B6EACD86-A447-3746-8C4F-4D852AB38552}"
	ProjectSection(ProjectDependencies) = postProject
		{6A42487F-DE89-3773-B940-EAB88AA3B9F6} = {6A42487F-DE89-3773-B940-EAB88AA3B9F6}
		{9D808378-259B-34DE-8876-71DAA6ADB889} = {9D808378-259B-34DE-8876-71DAA6ADB889}
		{F0D64278-FB65-3DA1-BB57-4C0EE576DF84} = {F0D64278-FB65-3DA1-BB57-4C0EE576DF84}
	EndProjectSection
EndProject
Project("{8BC9CEB8-8B4A-11D0-8D11-00A0C91BC942}") = "hello", "test\hello.vcxproj", "{30A7D032-6B4E-3CE1-B0A0-CAA4DFC1E143}"
	ProjectSection(ProjectDependencies) = postProject
		{6A42487F-DE89-3773-B940-EAB88AA3B9F6} = {6A42487F-DE89-3773-B940-EAB88AA3B9F6}
		{9D808378-259B-34DE-8876-71DAA6ADB889} = {9D808378-259B-34DE-8876-71DAA6ADB889}
	EndProjectSection
EndProject
Project("{8BC9CEB8-8B4A-11D0-8D11-00A0C91BC942}") = "icon", "test\icon.vcxproj", "{CDF37021-F2EE-3620-9616-AECD987379DE}"
	ProjectSection(ProjectDependencies) = postProject
		{6A42487F-DE89-3773-B940-EAB88AA3B9F6} = {6A42487F-DE89-3773-B940-EAB88AA3B9F6}
		{9D808378-259B-34DE-8876-71DAA6ADB889} = {9D808378-259B-34DE-8876-71DAA6ADB889}
	EndProjectSection
EndProject
Project("{8BC9CEB8-8B4A-11D0-8D11-00A0C91BC942}") = "iconize", "test\iconize.vcxproj", "{4AF20991-B642-30D4-B2ED-AC052E57057C}"
	ProjectSection(ProjectDependencies) = postProject
		{6A42487F-DE89-3773-B940-EAB88AA3B9F6} = {6A42487F-DE89-3773-B940-EAB88AA3B9F6}
		{9D808378-259B-34DE-8876-71DAA6ADB889} = {9D808378-259B-34DE-8876-71DAA6ADB889}
	EndProjectSection
EndProject
Project("{8BC9CEB8-8B4A-11D0-8D11-00A0C91BC942}") = "image", "test\image.vcxproj", "{D0AA6C4B-8978-3A3A-B9E2-7E8D62EC0647}"
	ProjectSection(ProjectDependencies) = postProject
		{6A42487F-DE89-3773-B940-EAB88AA3B9F6} = {6A42487F-DE89-3773-B940-EAB88AA3B9F6}
		{9D808378-259B-34DE-8876-71DAA6ADB889} = {9D808378-259B-34DE-8876-71DAA6ADB889}
	EndProjectSection
EndProject
Project("{8BC9CEB8-8B4A-11D0-8D11-00A0C91BC942}") = "inactive", "test\inactive.vcxproj", "{CD0AC6D4-51FA-3A2A-A8EA-D4B26F65CC29}"
	ProjectSection(ProjectDependencies) = postProject
		{6A42487F-DE89-3773-B940-EAB88AA3B9F6} = {6A42487F-DE89-3773-B940-EAB88AA3B9F6}
		{9D808378-259B-34DE-8876-71DAA6ADB889} = {9D808378-259B-34DE-8876-71DAA6ADB889}
		{5CFC5379-7556-3440-B5E5-3AF77E1B1C4D} = {5CFC5379-7556-3440-B5E5-3AF77E1B1C4D}
	EndProjectSection
EndProject
Project("{8BC9CEB8-8B4A-11D0-8D11-00A0C91BC942}") = "input", "test\input.vcxproj", "{E41A9F15-4223-3FFC-A326-2029B418FAB1}"
	ProjectSection(ProjectDependencies) = postProject
		{6A42487F-DE89-3773-B940-EAB88AA3B9F6} = {6A42487F-DE89-3773-B940-EAB88AA3B9F6}
		{9D808378-259B-34DE-8876-71DAA6ADB889} = {9D808378-259B-34DE-8876-71DAA6ADB889}
	EndProjectSection
EndProject
Project("{8BC9CEB8-8B4A-11D0-8D11-00A0C91BC942}") = "input_choice", "test\input_choice.vcxproj", "{60942E1F-7A02-368B-B092-4F73BFC077F3}"
	ProjectSection(ProjectDependencies) = postProject
		{6A42487F-DE89-3773-B940-EAB88AA3B9F6} = {6A42487F-DE89-3773-B940-EAB88AA3B9F6}
		{9D808378-259B-34DE-8876-71DAA6ADB889} = {9D808378-259B-34DE-8876-71DAA6ADB889}
	EndProjectSection
EndProject
Project("{8BC9CEB8-8B4A-11D0-8D11-00A0C91BC942}") = "keyboard", "test\keyboard.vcxproj", "{D1C4C777-3D65-3DAC-83A6-11DF69FBD52D}"
	ProjectSection(ProjectDependencies) = postProject
		{6A42487F-DE89-3773-B940-EAB88AA3B9F6} = {6A42487F-DE89-3773-B940-EAB88AA3B9F6}
		{9D808378-259B-34DE-8876-71DAA6ADB889} = {9D808378-259B-34DE-8876-71DAA6ADB889}
		{5CFC5379-7556-3440-B5E5-3AF77E1B1C4D} = {5CFC5379-7556-3440-B5E5-3AF77E1B1C4D}
	EndProjectSection
EndProject
Project("{8BC9CEB8-8B4A-11D0-8D11-00A0C91BC942}") = "label", "test\label.vcxproj", "{809F7271-E5EC-3730-836D-3AC6D3778746}"
	ProjectSection(ProjectDependencies) = postProject
		{6A42487F-DE89-3773-B940-EAB88AA3B9F6} = {6A42487F-DE89-3773-B940-EAB88AA3B9F6}
		{9D808378-259B-34DE-8876-71DAA6ADB889} = {9D808378-259B-34DE-8876-71DAA6ADB889}
		{EA797954-A82D-3B9A-BDCD-596FC1D7CCDA} = {EA797954-A82D-3B9A-BDCD-596FC1D7CCDA}
	EndProjectSection
EndProject
Project("{8BC9CEB8-8B4A-11D0-8D11-00A0C91BC942}") = "line_style", "test\line_style.vcxproj", "{A2A2D88A-0285-376F-9A29-CFA2113A949B}"
	ProjectSection(ProjectDependencies) = postProject
		{6A42487F-DE89-3773-B940-EAB88AA3B9F6} = {6A42487F-DE89-3773-B940-EAB88AA3B9F6}
		{9D808378-259B-34DE-8876-71DAA6ADB889} = {9D808378-259B-34DE-8876-71DAA6ADB889}
	EndProjectSection
EndProject
Project("{8BC9CEB8-8B4A-11D0-8D11-00A0C91BC942}") = "list_visuals", "test\list_visuals.vcxproj", "{5793F423-F43E-3103-A01A-371593D9618F}"
	ProjectSection(ProjectDependencies) = postProject
		{6A42487F-DE89-3773-B940-EAB88AA3B9F6} = {6A42487F-DE89-3773-B940-EAB88AA3B9F6}
		{9D808378-259B-34DE-8876-71DAA6ADB889} = {9D808378-259B-34DE-8876-71DAA6ADB889}
	EndProjectSection
EndProject
Project("{8BC9CEB8-8B4A-11D0-8D11-00A0C91BC942}") = "mandelbrot", "test\mandelbrot.vcxproj", "{964191A0-66C3-360A-AC24-F72FBEB4C969}"
	ProjectSection(ProjectDependencies) = postProject
		{6A42487F-DE89-3773-B940-EAB88AA3B9F6} = {6A42487F-DE89-3773-B940-EAB88AA3B9F6}
		{9D808378-259B-34DE-8876-71DAA6ADB889} = {9D808378-259B-34DE-8876-71DAA6ADB889}
		{5CFC5379-7556-3440-B5E5-3AF77E1B1C4D} = {5CFC5379-7556-3440-B5E5-3AF77E1B1C4D}
	EndProjectSection
EndProject
Project("{8BC9CEB8-8B4A-11D0-8D11-00A0C91BC942}") = "menubar", "test\menubar.vcxproj", "{A088B7DA-4383-3DE1-818C-41589E1B44B2}"
	ProjectSection(ProjectDependencies) = postProject
		{6A42487F-DE89-3773-B940-EAB88AA3B9F6} = {6A42487F-DE89-3773-B940-EAB88AA3B9F6}
		{9D808378-259B-34DE-8876-71DAA6ADB889} = {9D808378-259B-34DE-8876-71DAA6ADB889}
	EndProjectSection
EndProject
Project("{8BC9CEB8-8B4A-11D0-8D11-00A0C91BC942}") = "message", "test\message.vcxproj", "{8965DA47-EF17-35FE-BA7C-9CA753677ADB}"
	ProjectSection(ProjectDependencies) = postProject
		{6A42487F-DE89-3773-B940-EAB88AA3B9F6} = {6A42487F-DE89-3773-B940-EAB88AA3B9F6}
		{9D808378-259B-34DE-8876-71DAA6ADB889} = {9D808378-259B-34DE-8876-71DAA6ADB889}
	EndProjectSection
EndProject
Project("{8BC9CEB8-8B4A-11D0-8D11-00A0C91BC942}") = "minimum", "test\minimum.vcxproj", "{197D78F7-2300-34B0-A8BB-F09F6785E8F0}"
	ProjectSection(ProjectDependencies) = postProject
		{6A42487F-DE89-3773-B940-EAB88AA3B9F6} = {6A42487F-DE89-3773-B940-EAB88AA3B9F6}
		{9D808378-259B-34DE-8876-71DAA6ADB889} = {9D808378-259B-34DE-8876-71DAA6ADB889}
	EndProjectSection
EndProject
Project("{8BC9CEB8-8B4A-11D0-8D11-00A0C91BC942}") = "native-filechooser", "test\native-filechooser.vcxproj", "{C9AEB2D6-6011-3D16-BA87-E6153C70DF36}"
	ProjectSection(ProjectDependencies) = postProject
		{6A42487F-DE89-3773-B940-EAB88AA3B9F6} = {6A42487F-DE89-3773-B940-EAB88AA3B9F6}
		{9D808378-259B-34DE-8876-71DAA6ADB889} = {9D808378-259B-34DE-8876-71DAA6ADB889}
		{C13E675F-CD49-395F-83D8-545F7923E1C9} = {C13E675F-CD49-395F-83D8-545F7923E1C9}
		{795CEF37-C2A9-3461-9928-94F33719C6D6} = {795CEF37-C2A9-3461-9928-94F33719C6D6}
		{ABB5FDFF-788C-3AC5-A520-841BFEADDCE1} = {ABB5FDFF-788C-3AC5-A520-841BFEADDCE1}
		{C4723D9C-07DC-3D96-81C7-A310B8D5474B} = {C4723D9C-07DC-3D96-81C7-A310B8D5474B}
	EndProjectSection
EndProject
Project("{8BC9CEB8-8B4A-11D0-8D11-00A0C91BC942}") = "navigation", "test\navigation.vcxproj", "{AB3FFF38-14A4-3ADC-A3B9-415BB59CDCC7}"
	ProjectSection(ProjectDependencies) = postProject
		{6A42487F-DE89-3773-B940-EAB88AA3B9F6} = {6A42487F-DE89-3773-B940-EAB88AA3B9F6}
		{9D808378-259B-34DE-8876-71DAA6ADB889} = {9D808378-259B-34DE-8876-71DAA6ADB889}
	EndProjectSection
EndProject
Project("{8BC9CEB8-8B4A-11D0-8D11-00A0C91BC942}") = "offscreen", "test\offscreen.vcxproj", "{9777EED1-DB34-366F-9449-020329841DCB}"
	ProjectSection(ProjectDependencies) = postProject
		{6A42487F-DE89-3773-B940-EAB88AA3B9F6} = {6A42487F-DE89-3773-B940-EAB88AA3B9F6}
		{9D808378-259B-34DE-8876-71DAA6ADB889} = {9D808378-259B-34DE-8876-71DAA6ADB889}
	EndProjectSection
EndProject
Project("{8BC9CEB8-8B4A-11D0-8D11-00A0C91BC942}") = "output", "test\output.vcxproj", "{35AA6C99-EC25-3B32-AB7D-93B52182D36C}"
	ProjectSection(ProjectDependencies) = postProject
		{6A42487F-DE89-3773-B940-EAB88AA3B9F6} = {6A42487F-DE89-3773-B940-EAB88AA3B9F6}
		{9D808378-259B-34DE-8876-71DAA6ADB889} = {9D808378-259B-34DE-8876-71DAA6ADB889}
		{EA797954-A82D-3B9A-BDCD-596FC1D7CCDA} = {EA797954-A82D-3B9A-BDCD-596FC1D7CCDA}
	EndProjectSection
EndProject
Project("{8BC9CEB8-8B4A-11D0-8D11-00A0C91BC942}") = "overlay", "test\overlay.vcxproj", "{34FD5F5B-2407-3926-A01B-023C6E545FC0}"
	ProjectSection(ProjectDependencies) = postProject
		{6A42487F-DE89-3773-B940-EAB88AA3B9F6} = {6A42487F-DE89-3773-B940-EAB88AA3B9F6}
		{9D808378-259B-34DE-8876-71DAA6ADB889} = {9D808378-259B-34DE-8876-71DAA6ADB889}
	EndProjectSection
EndProject
Project("{8BC9CEB8-8B4A-11D0-8D11-00A0C91BC942}") = "pack", "test\pack.vcxproj", "{E72252DF-32CE-35D3-8438-9C0C54BF5737}"
	ProjectSection(ProjectDependencies) = postProject
		{6A42487F-DE89-3773-B940-EAB88AA3B9F6} = {6A42487F-DE89-3773-B940-EAB88AA3B9F6}
		{9D808378-259B-34DE-8876-71DAA6ADB889} = {9D808378-259B-34DE-8876-71DAA6ADB889}
	EndProjectSection
EndProject
Project("{8BC9CEB8-8B4A-11D0-8D11-00A0C91BC942}") = "pixmap", "test\pixmap.vcxproj", "{8993A110-29E1-3D2C-8C69-8C3DE185092E}"
	ProjectSection(ProjectDependencies) = postProject
		{6A42487F-DE89-3773-B940-EAB88AA3B9F6} = {6A42487F-DE89-3773-B940-EAB88AA3B9F6}
		{9D808378-259B-34DE-8876-71DAA6ADB889} = {9D808378-259B-34DE-8876-71DAA6ADB889}
	EndProjectSection
EndProject
Project("{8BC9CEB8-8B4A-11D0-8D11-00A0C91BC942}") = "pixmap_browser", "test\pixmap_browser.vcxproj", "{07FE2987-164E-3F0D-B3C6-84D8C6A3C73F}"
	ProjectSection(ProjectDependencies) = postProject
		{6A42487F-DE89-3773-B940-EAB88AA3B9F6} = {6A42487F-DE89-3773-B940-EAB88AA3B9F6}
		{9D808378-259B-34DE-8876-71DAA6ADB889} = {9D808378-259B-34DE-8876-71DAA6ADB889}
		{C13E675F-CD49-395F-83D8-545F7923E1C9} = {C13E675F-CD49-395F-83D8-545F7923E1C9}
		{795CEF37-C2A9-3461-9928-94F33719C6D6} = {795CEF37-C2A9-3461-9928-94F33719C6D6}
		{ABB5FDFF-788C-3AC5-A520-841BFEADDCE1} = {ABB5FDFF-788C-3AC5-A520-841BFEADDCE1}
		{C4723D9C-07DC-3D96-81C7-A310B8D5474B} = {C4723D9C-07DC-3D96-81C7-A310B8D5474B}
	EndProjectSection
EndProject
Project("{8BC9CEB8-8B4A-11D0-8D11-00A0C91BC942}") = "preferences", "test\preferences.vcxproj", "{73A7B130-54AD-3181-B466-C14791BD5EC6}"
	ProjectSection(ProjectDependencies) = postProject
		{6A42487F-DE89-3773-B940-EAB88AA3B9F6} = {6A42487F-DE89-3773-B940-EAB88AA3B9F6}
		{9D808378-259B-34DE-8876-71DAA6ADB889} = {9D808378-259B-34DE-8876-71DAA6ADB889}
		{5CFC5379-7556-3440-B5E5-3AF77E1B1C4D} = {5CFC5379-7556-3440-B5E5-3AF77E1B1C4D}
	EndProjectSection
EndProject
Project("{8BC9CEB8-8B4A-11D0-8D11-00A0C91BC942}") = "radio", "test\radio.vcxproj", "{4037FB0F-9BEB-320D-AE30-43C12666E748}"
	ProjectSection(ProjectDependencies) = postProject
		{6A42487F-DE89-3773-B940-EAB88AA3B9F6} = {6A42487F-DE89-3773-B940-EAB88AA3B9F6}
		{9D808378-259B-34DE-8876-71DAA6ADB889} = {9D808378-259B-34DE-8876-71DAA6ADB889}
		{5CFC5379-7556-3440-B5E5-3AF77E1B1C4D} = {5CFC5379-7556-3440-B5E5-3AF77E1B1C4D}
	EndProjectSection
EndProject
Project("{8BC9CEB8-8B4A-11D0-8D11-00A0C91BC942}") = "resize", "test\resize.vcxproj", "{F856580D-2C2D-3CB3-AB20-1D3D5912C685}"
	ProjectSection(ProjectDependencies) = postProject
		{6A42487F-DE89-3773-B940-EAB88AA3B9F6} = {6A42487F-DE89-3773-B940-EAB88AA3B9F6}
		{9D808378-259B-34DE-8876-71DAA6ADB889} = {9D808378-259B-34DE-8876-71DAA6ADB889}
		{5CFC5379-7556-3440-B5E5-3AF77E1B1C4D} = {5CFC5379-7556-3440-B5E5-3AF77E1B1C4D}
	EndProjectSection
EndProject
Project("{8BC9CEB8-8B4A-11D0-8D11-00A0C91BC942}") = "resizebox", "test\resizebox.vcxproj", "{72E5E20F-B8A3-39DC-B4E4-2DAF295048E0}"
	ProjectSection(ProjectDependencies) = postProject
		{6A42487F-DE89-3773-B940-EAB88AA3B9F6} = {6A42487F-DE89-3773-B940-EAB88AA3B9F6}
		{9D808378-259B-34DE-8876-71DAA6ADB889} = {9D808378-259B-34DE-8876-71DAA6ADB889}
	EndProjectSection
EndProject
Project("{8BC9CEB8-8B4A-11D0-8D11-00A0C91BC942}") = "rotated_text", "test\rotated_text.vcxproj", "{B975F029-4DED-306C-A1C6-612EF07CACCC}"
	ProjectSection(ProjectDependencies) = postProject
		{6A42487F-DE89-3773-B940-EAB88AA3B9F6} = {6A42487F-DE89-3773-B940-EAB88AA3B9F6}
		{9D808378-259B-34DE-8876-71DAA6ADB889} = {9D808378-259B-34DE-8876-71DAA6ADB889}
	EndProjectSection
EndProject
Project("{8BC9CEB8-8B4A-11D0-8D11-00A0C91BC942}") = "scroll", "test\scroll.vcxproj", "{D17518A4-405A-3F93-87D4-41BF7BDF143A}"
	ProjectSection(ProjectDependencies) = postProject
		{6A42487F-DE89-3773-B940-EAB88AA3B9F6} = {6A42487F-DE89-3773-B940-EAB88AA3B9F6}
		{9D808378-259B-34DE-8876-71DAA6ADB889} = {9D808378-259B-34DE-8876-71DAA6ADB889}
	EndProjectSection
EndProject
Project("{8BC9CEB8-8B4A-11D0-8D11-00A0C91BC942}") = "shape", "test\shape.vcxproj", "{6B4BC727-6120-324E-8A9E-9DCD24C8D43B}"
	ProjectSection(ProjectDependencies) = postProject
		{6A42487F-DE89-3773-B940-EAB88AA3B9F6} = {6A42487F-DE89-3773-B940-EAB88AA3B9F6}
		{9D808378-259B-34DE-8876-71DAA6ADB889} = {9D808378-259B-34DE-8876-71DAA6ADB889}
		{F0D64278-FB65-3DA1-BB57-4C0EE576DF84} = {F0D64278-FB65-3DA1-BB57-4C0EE576DF84}
	EndProjectSection
EndProject
Project("{8BC9CEB8-8B4A-11D0-8D11-00A0C91BC942}") = "subwindow", "test\subwindow.vcxproj", "{FCB1BC12-8838-3669-B7A9-062E412EB9CD}"
	ProjectSection(ProjectDependencies) = postProject
		{6A42487F-DE89-3773-B940-EAB88AA3B9F6} = {6A42487F-DE89-3773-B940-EAB88AA3B9F6}
		{9D808378-259B-34DE-8876-71DAA6ADB889} = {9D808378-259B-34DE-8876-71DAA6ADB889}
	EndProjectSection
EndProject
Project("{8BC9CEB8-8B4A-11D0-8D11-00A0C91BC942}") = "sudoku", "test\sudoku.vcxproj", "{7F039DB9-2AFE-3844-9B6C-174BA74981FA}"
	ProjectSection(ProjectDependencies) = postProject
		{6A42487F-DE89-3773-B940-EAB88AA3B9F6} = {6A42487F-DE89-3773-B940-EAB88AA3B9F6}
		{9D808378-259B-34DE-8876-71DAA6ADB889} = {9D808378-259B-34DE-8876-71DAA6ADB889}
		{C13E675F-CD49-395F-83D8-545F7923E1C9} = {C13E675F-CD49-395F-83D8-545F7923E1C9}
		{795CEF37-C2A9-3461-9928-94F33719C6D6} = {795CEF37-C2A9-3461-9928-94F33719C6D6}
		{ABB5FDFF-788C-3AC5-A520-841BFEADDCE1} = {ABB5FDFF-788C-3AC5-A520-841BFEADDCE1}
		{C4723D9C-07DC-3D96-81C7-A310B8D5474B} = {C4723D9C-07DC-3D96-81C7-A310B8D5474B}
	EndProjectSection
EndProject
Project("{8BC9CEB8-8B4A-11D0-8D11-00A0C91BC942}") = "symbols", "test\symbols.vcxproj", "{C93D175F-4358-3D78-8D89-8953E87F093D}"
	ProjectSection(ProjectDependencies) = postProject
		{6A42487F-DE89-3773-B940-EAB88AA3B9F6} = {6A42487F-DE89-3773-B940-EAB88AA3B9F6}
		{9D808378-259B-34DE-8876-71DAA6ADB889} = {9D808378-259B-34DE-8876-71DAA6ADB889}
	EndProjectSection
EndProject
Project("{8BC9CEB8-8B4A-11D0-8D11-00A0C91BC942}") = "table", "test\table.vcxproj", "{350C6113-DB76-3B01-B5C1-6FD68BC25759}"
	ProjectSection(ProjectDependencies) = postProject
		{6A42487F-DE89-3773-B940-EAB88AA3B9F6} = {6A42487F-DE89-3773-B940-EAB88AA3B9F6}
		{9D808378-259B-34DE-8876-71DAA6ADB889} = {9D808378-259B-34DE-8876-71DAA6ADB889}
	EndProjectSection
EndProject
Project("{8BC9CEB8-8B4A-11D0-8D11-00A0C91BC942}") = "tabs", "test\tabs.vcxproj", "{582DF7F4-0E8F-3047-A177-8C9F1850B370}"
	ProjectSection(ProjectDependencies) = postProject
		{6A42487F-DE89-3773-B940-EAB88AA3B9F6} = {6A42487F-DE89-3773-B940-EAB88AA3B9F6}
		{9D808378-259B-34DE-8876-71DAA6ADB889} = {9D808378-259B-34DE-8876-71DAA6ADB889}
		{5CFC5379-7556-3440-B5E5-3AF77E1B1C4D} = {5CFC5379-7556-3440-B5E5-3AF77E1B1C4D}
	EndProjectSection
EndProject
Project("{8BC9CEB8-8B4A-11D0-8D11-00A0C91BC942}") = "test_help", "test\test_help.vcxproj", "{D8926F6B-CCF1-3987-94E4-CB43510B8B65}"
	ProjectSection(ProjectDependencies) = postProject
		{6A42487F-DE89-3773-B940-EAB88AA3B9F6} = {6A42487F-DE89-3773-B940-EAB88AA3B9F6}
		{9D808378-259B-34DE-8876-71DAA6ADB889} = {9D808378-259B-34DE-8876-71DAA6ADB889}
		{C13E675F-CD49-395F-83D8-545F7923E1C9} = {C13E675F-CD49-395F-83D8-545F7923E1C9}
		{795CEF37-C2A9-3461-9928-94F33719C6D6} = {795CEF37-C2A9-3461-9928-94F33719C6D6}
		{ABB5FDFF-788C-3AC5-A520-841BFEADDCE1} = {ABB5FDFF-788C-3AC5-A520-841BFEADDCE1}
		{C4723D9C-07DC-3D96-81C7-A310B8D5474B} = {C4723D9C-07DC-3D96-81C7-A310B8D5474B}
	EndProjectSection
EndProject
Project("{8BC9CEB8-8B4A-11D0-8D11-00A0C91BC942}") = "threads", "test\threads.vcxproj", "{5617D75B-EE85-341C-8DA1-8C34A9684AA9}"
	ProjectSection(ProjectDependencies) = postProject
		{6A42487F-DE89-3773-B940-EAB88AA3B9F6} = {6A42487F-DE89-3773-B940-EAB88AA3B9F6}
		{9D808378-259B-34DE-8876-71DAA6ADB889} = {9D808378-259B-34DE-8876-71DAA6ADB889}
	EndProjectSection
EndProject
Project("{8BC9CEB8-8B4A-11D0-8D11-00A0C91BC942}") = "tile", "test\tile.vcxproj", "{6BB917D2-74EE-3D5E-919A-D56D5725FB99}"
	ProjectSection(ProjectDependencies) = postProject
		{6A42487F-DE89-3773-B940-EAB88AA3B9F6} = {6A42487F-DE89-3773-B940-EAB88AA3B9F6}
		{9D808378-259B-34DE-8876-71DAA6ADB889} = {9D808378-259B-34DE-8876-71DAA6ADB889}
	EndProjectSection
EndProject
Project("{8BC9CEB8-8B4A-11D0-8D11-00A0C91BC942}") = "tiled_image", "test\tiled_image.vcxproj", "{16A9046C-8686-3BDE-9E65-7780EAF92B12}"
	ProjectSection(ProjectDependencies) = postProject
		{6A42487F-DE89-3773-B940-EAB88AA3B9F6} = {6A42487F-DE89-3773-B940-EAB88AA3B9F6}
		{9D808378-259B-34DE-8876-71DAA6ADB889} = {9D808378-259B-34DE-8876-71DAA6ADB889}
	EndProjectSection
EndProject
Project("{8BC9CEB8-8B4A-11D0-8D11-00A0C91BC942}") = "tree", "test\tree.vcxproj", "{910FF7D9-3F9D-3E6D-AEDD-FDD6197E2582}"
	ProjectSection(ProjectDependencies) = postProject
		{6A42487F-DE89-3773-B940-EAB88AA3B9F6} = {6A42487F-DE89-3773-B940-EAB88AA3B9F6}
		{9D808378-259B-34DE-8876-71DAA6ADB889} = {9D808378-259B-34DE-8876-71DAA6ADB889}
		{5CFC5379-7556-3440-B5E5-3AF77E1B1C4D} = {5CFC5379-7556-3440-B5E5-3AF77E1B1C4D}
	EndProjectSection
EndProject
Project("{8BC9CEB8-8B4A-11D0-8D11-00A0C91BC942}") = "twowin", "test\twowin.vcxproj", "{D6D5BF4D-7011-3F1A-8B47-26AE14B54D7C}"
	ProjectSection(ProjectDependencies) = postProject
		{6A42487F-DE89-3773-B940-EAB88AA3B9F6} = {6A42487F-DE89-3773-B940-EAB88AA3B9F6}
		{9D808378-259B-34DE-8876-71DAA6ADB889} = {9D808378-259B-34DE-8876-71DAA6ADB889}
	EndProjectSection
EndProject
Project("{8BC9CEB8-8B4A-11D0-8D11-00A0C91BC942}") = "uninstall", "uninstall.vcxproj", "{66FDDB63-1880-3015-9ED0-F77FFD7B4922}"
	ProjectSection(ProjectDependencies) = postProject
		{6A42487F-DE89-3773-B940-EAB88AA3B9F6} = {6A42487F-DE89-3773-B940-EAB88AA3B9F6}
	EndProjectSection
EndProject
Project("{8BC9CEB8-8B4A-11D0-8D11-00A0C91BC942}") = "unittests", "test\unittests.vcxproj", "{56570E88-722B-352A-AC6B-15D93FB101C9}"
	ProjectSection(ProjectDependencies) = postProject
		{6A42487F-DE89-3773-B940-EAB88AA3B9F6} = {6A42487F-DE89-3773-B940-EAB88AA3B9F6}
		{9D808378-259B-34DE-8876-71DAA6ADB889} = {9D808378-259B-34DE-8876-71DAA6ADB889}
	EndProjectSection
EndProject
Project("{8BC9CEB8-8B4A-11D0-8D11-00A0C91BC942}") = "utf8", "test\utf8.vcxproj", "{9C310737-4102-325B-BB23-7A80879776EF}"
	ProjectSection(ProjectDependencies) = postProject
		{6A42487F-DE89-3773-B940-EAB88AA3B9F6} = {6A42487F-DE89-3773-B940-EAB88AA3B9F6}
		{9D808378-259B-34DE-8876-71DAA6ADB889} = {9D808378-259B-34DE-8876-71DAA6ADB889}
	EndProjectSection
EndProject
Project("{8BC9CEB8-8B4A-11D0-8D11-00A0C91BC942}") = "valuators", "test\valuators.vcxproj", "{86415A17-3F92-3AAB-8036-20F44C4884A7}"
	ProjectSection(ProjectDependencies) = postProject
		{6A42487F-DE89-3773-B940-EAB88AA3B9F6} = {6A42487F-DE89-3773-B940-EAB88AA3B9F6}
		{9D808378-259B-34DE-8876-71DAA6ADB889} = {9D808378-259B-34DE-8876-71DAA6ADB889}
		{5CFC5379-7556-3440-B5E5-3AF77E1B1C4D} = {5CFC5379-7556-3440-B5E5-3AF77E1B1C4D}
	EndProjectSection
EndProject
Project("{8BC9CEB8-8B4A-11D0-8D11-00A0C91BC942}") = "windowfocus", "test\windowfocus.vcxproj", "{84048E6E-A20D-3B15-8321-890E9B94C65B}"
	ProjectSection(ProjectDependencies) = postProject
		{6A42487F-DE89-3773-B940-EAB88AA3B9F6} = {6A42487F-DE89-3773-B940-EAB88AA3B9F6}
		{9D808378-259B-34DE-8876-71DAA6ADB889} = {9D808378-259B-34DE-8876-71DAA6ADB889}
	EndProjectSection
EndProject
Global
	GlobalSection(SolutionConfigurationPlatforms) = preSolution
		Debug|x64 = Debug|x64
		Release|x64 = Release|x64
		MinSizeRel|x64 = MinSizeRel|x64
		RelWithDebInfo|x64 = RelWithDebInfo|x64
	EndGlobalSection
	GlobalSection(ProjectConfigurationPlatforms) = postSolution
		{8C178AC5-9F36-3FDA-8988-FAAD8E72AF69}.Debug|x64.ActiveCfg = Debug|x64
		{8C178AC5-9F36-3FDA-8988-FAAD8E72AF69}.Debug|x64.Build.0 = Debug|x64
		{8C178AC5-9F36-3FDA-8988-FAAD8E72AF69}.Release|x64.ActiveCfg = Release|x64
		{8C178AC5-9F36-3FDA-8988-FAAD8E72AF69}.Release|x64.Build.0 = Release|x64
		{8C178AC5-9F36-3FDA-8988-FAAD8E72AF69}.MinSizeRel|x64.ActiveCfg = MinSizeRel|x64
		{8C178AC5-9F36-3FDA-8988-FAAD8E72AF69}.MinSizeRel|x64.Build.0 = MinSizeRel|x64
		{8C178AC5-9F36-3FDA-8988-FAAD8E72AF69}.RelWithDebInfo|x64.ActiveCfg = RelWithDebInfo|x64
		{8C178AC5-9F36-3FDA-8988-FAAD8E72AF69}.RelWithDebInfo|x64.Build.0 = RelWithDebInfo|x64
		{F016A702-747B-3F3D-ADB7-A677AF514EFD}.Debug|x64.ActiveCfg = Debug|x64
		{F016A702-747B-3F3D-ADB7-A677AF514EFD}.Debug|x64.Build.0 = Debug|x64
		{F016A702-747B-3F3D-ADB7-A677AF514EFD}.Release|x64.ActiveCfg = Release|x64
		{F016A702-747B-3F3D-ADB7-A677AF514EFD}.Release|x64.Build.0 = Release|x64
		{F016A702-747B-3F3D-ADB7-A677AF514EFD}.MinSizeRel|x64.ActiveCfg = MinSizeRel|x64
		{F016A702-747B-3F3D-ADB7-A677AF514EFD}.MinSizeRel|x64.Build.0 = MinSizeRel|x64
		{F016A702-747B-3F3D-ADB7-A677AF514EFD}.RelWithDebInfo|x64.ActiveCfg = RelWithDebInfo|x64
		{F016A702-747B-3F3D-ADB7-A677AF514EFD}.RelWithDebInfo|x64.Build.0 = RelWithDebInfo|x64
		{9256C039-C2E1-317B-A576-A33E0E33BDD4}.Debug|x64.ActiveCfg = Debug|x64
		{9256C039-C2E1-317B-A576-A33E0E33BDD4}.Release|x64.ActiveCfg = Release|x64
		{9256C039-C2E1-317B-A576-A33E0E33BDD4}.MinSizeRel|x64.ActiveCfg = MinSizeRel|x64
		{9256C039-C2E1-317B-A576-A33E0E33BDD4}.RelWithDebInfo|x64.ActiveCfg = RelWithDebInfo|x64
		{6A42487F-DE89-3773-B940-EAB88AA3B9F6}.Debug|x64.ActiveCfg = Debug|x64
		{6A42487F-DE89-3773-B940-EAB88AA3B9F6}.Debug|x64.Build.0 = Debug|x64
		{6A42487F-DE89-3773-B940-EAB88AA3B9F6}.Release|x64.ActiveCfg = Release|x64
		{6A42487F-DE89-3773-B940-EAB88AA3B9F6}.Release|x64.Build.0 = Release|x64
		{6A42487F-DE89-3773-B940-EAB88AA3B9F6}.MinSizeRel|x64.ActiveCfg = MinSizeRel|x64
		{6A42487F-DE89-3773-B940-EAB88AA3B9F6}.MinSizeRel|x64.Build.0 = MinSizeRel|x64
		{6A42487F-DE89-3773-B940-EAB88AA3B9F6}.RelWithDebInfo|x64.ActiveCfg = RelWithDebInfo|x64
		{6A42487F-DE89-3773-B940-EAB88AA3B9F6}.RelWithDebInfo|x64.Build.0 = RelWithDebInfo|x64
		{77253001-7B62-3DF2-AA7B-C4F418C48810}.Debug|x64.ActiveCfg = Debug|x64
		{77253001-7B62-3DF2-AA7B-C4F418C48810}.Debug|x64.Build.0 = Debug|x64
		{77253001-7B62-3DF2-AA7B-C4F418C48810}.Release|x64.ActiveCfg = Release|x64
		{77253001-7B62-3DF2-AA7B-C4F418C48810}.Release|x64.Build.0 = Release|x64
		{77253001-7B62-3DF2-AA7B-C4F418C48810}.MinSizeRel|x64.ActiveCfg = MinSizeRel|x64
		{77253001-7B62-3DF2-AA7B-C4F418C48810}.MinSizeRel|x64.Build.0 = MinSizeRel|x64
		{77253001-7B62-3DF2-AA7B-C4F418C48810}.RelWithDebInfo|x64.ActiveCfg = RelWithDebInfo|x64
		{77253001-7B62-3DF2-AA7B-C4F418C48810}.RelWithDebInfo|x64.Build.0 = RelWithDebInfo|x64
		{F7E510EA-62F3-32DA-A456-885A33E58C4E}.Debug|x64.ActiveCfg = Debug|x64
		{F7E510EA-62F3-32DA-A456-885A33E58C4E}.Debug|x64.Build.0 = Debug|x64
		{F7E510EA-62F3-32DA-A456-885A33E58C4E}.Release|x64.ActiveCfg = Release|x64
		{F7E510EA-62F3-32DA-A456-885A33E58C4E}.Release|x64.Build.0 = Release|x64
		{F7E510EA-62F3-32DA-A456-885A33E58C4E}.MinSizeRel|x64.ActiveCfg = MinSizeRel|x64
		{F7E510EA-62F3-32DA-A456-885A33E58C4E}.MinSizeRel|x64.Build.0 = MinSizeRel|x64
		{F7E510EA-62F3-32DA-A456-885A33E58C4E}.RelWithDebInfo|x64.ActiveCfg = RelWithDebInfo|x64
		{F7E510EA-62F3-32DA-A456-885A33E58C4E}.RelWithDebInfo|x64.Build.0 = RelWithDebInfo|x64
		{A82C570E-8546-3255-9033-AA6647C9A2C9}.Debug|x64.ActiveCfg = Debug|x64
		{A82C570E-8546-3255-9033-AA6647C9A2C9}.Debug|x64.Build.0 = Debug|x64
		{A82C570E-8546-3255-9033-AA6647C9A2C9}.Release|x64.ActiveCfg = Release|x64
		{A82C570E-8546-3255-9033-AA6647C9A2C9}.Release|x64.Build.0 = Release|x64
		{A82C570E-8546-3255-9033-AA6647C9A2C9}.MinSizeRel|x64.ActiveCfg = MinSizeRel|x64
		{A82C570E-8546-3255-9033-AA6647C9A2C9}.MinSizeRel|x64.Build.0 = MinSizeRel|x64
		{A82C570E-8546-3255-9033-AA6647C9A2C9}.RelWithDebInfo|x64.ActiveCfg = RelWithDebInfo|x64
		{A82C570E-8546-3255-9033-AA6647C9A2C9}.RelWithDebInfo|x64.Build.0 = RelWithDebInfo|x64
		{829A388D-5568-3782-926C-DD3F1BADE404}.Debug|x64.ActiveCfg = Debug|x64
		{829A388D-5568-3782-926C-DD3F1BADE404}.Debug|x64.Build.0 = Debug|x64
		{829A388D-5568-3782-926C-DD3F1BADE404}.Release|x64.ActiveCfg = Release|x64
		{829A388D-5568-3782-926C-DD3F1BADE404}.Release|x64.Build.0 = Release|x64
		{829A388D-5568-3782-926C-DD3F1BADE404}.MinSizeRel|x64.ActiveCfg = MinSizeRel|x64
		{829A388D-5568-3782-926C-DD3F1BADE404}.MinSizeRel|x64.Build.0 = MinSizeRel|x64
		{829A388D-5568-3782-926C-DD3F1BADE404}.RelWithDebInfo|x64.ActiveCfg = RelWithDebInfo|x64
		{829A388D-5568-3782-926C-DD3F1BADE404}.RelWithDebInfo|x64.Build.0 = RelWithDebInfo|x64
		{3CC785E1-020F-3970-AD26-12CD8B7D5DA0}.Debug|x64.ActiveCfg = Debug|x64
		{3CC785E1-020F-3970-AD26-12CD8B7D5DA0}.Debug|x64.Build.0 = Debug|x64
		{3CC785E1-020F-3970-AD26-12CD8B7D5DA0}.Release|x64.ActiveCfg = Release|x64
		{3CC785E1-020F-3970-AD26-12CD8B7D5DA0}.Release|x64.Build.0 = Release|x64
		{3CC785E1-020F-3970-AD26-12CD8B7D5DA0}.MinSizeRel|x64.ActiveCfg = MinSizeRel|x64
		{3CC785E1-020F-3970-AD26-12CD8B7D5DA0}.MinSizeRel|x64.Build.0 = MinSizeRel|x64
		{3CC785E1-020F-3970-AD26-12CD8B7D5DA0}.RelWithDebInfo|x64.ActiveCfg = RelWithDebInfo|x64
		{3CC785E1-020F-3970-AD26-12CD8B7D5DA0}.RelWithDebInfo|x64.Build.0 = RelWithDebInfo|x64
		{95B47247-5A4A-373A-B9FF-70CD5645BAED}.Debug|x64.ActiveCfg = Debug|x64
		{95B47247-5A4A-373A-B9FF-70CD5645BAED}.Debug|x64.Build.0 = Debug|x64
		{95B47247-5A4A-373A-B9FF-70CD5645BAED}.Release|x64.ActiveCfg = Release|x64
		{95B47247-5A4A-373A-B9FF-70CD5645BAED}.Release|x64.Build.0 = Release|x64
		{95B47247-5A4A-373A-B9FF-70CD5645BAED}.MinSizeRel|x64.ActiveCfg = MinSizeRel|x64
		{95B47247-5A4A-373A-B9FF-70CD5645BAED}.MinSizeRel|x64.Build.0 = MinSizeRel|x64
		{95B47247-5A4A-373A-B9FF-70CD5645BAED}.RelWithDebInfo|x64.ActiveCfg = RelWithDebInfo|x64
		{95B47247-5A4A-373A-B9FF-70CD5645BAED}.RelWithDebInfo|x64.Build.0 = RelWithDebInfo|x64
		{C6F07CE5-C167-35B2-8FC8-AFDBC9499C18}.Debug|x64.ActiveCfg = Debug|x64
		{C6F07CE5-C167-35B2-8FC8-AFDBC9499C18}.Debug|x64.Build.0 = Debug|x64
		{C6F07CE5-C167-35B2-8FC8-AFDBC9499C18}.Release|x64.ActiveCfg = Release|x64
		{C6F07CE5-C167-35B2-8FC8-AFDBC9499C18}.Release|x64.Build.0 = Release|x64
		{C6F07CE5-C167-35B2-8FC8-AFDBC9499C18}.MinSizeRel|x64.ActiveCfg = MinSizeRel|x64
		{C6F07CE5-C167-35B2-8FC8-AFDBC9499C18}.MinSizeRel|x64.Build.0 = MinSizeRel|x64
		{C6F07CE5-C167-35B2-8FC8-AFDBC9499C18}.RelWithDebInfo|x64.ActiveCfg = RelWithDebInfo|x64
		{C6F07CE5-C167-35B2-8FC8-AFDBC9499C18}.RelWithDebInfo|x64.Build.0 = RelWithDebInfo|x64
		{7D0FED1F-F6ED-31E4-A4B7-556BFE49C30C}.Debug|x64.ActiveCfg = Debug|x64
		{7D0FED1F-F6ED-31E4-A4B7-556BFE49C30C}.Debug|x64.Build.0 = Debug|x64
		{7D0FED1F-F6ED-31E4-A4B7-556BFE49C30C}.Release|x64.ActiveCfg = Release|x64
		{7D0FED1F-F6ED-31E4-A4B7-556BFE49C30C}.Release|x64.Build.0 = Release|x64
		{7D0FED1F-F6ED-31E4-A4B7-556BFE49C30C}.MinSizeRel|x64.ActiveCfg = MinSizeRel|x64
		{7D0FED1F-F6ED-31E4-A4B7-556BFE49C30C}.MinSizeRel|x64.Build.0 = MinSizeRel|x64
		{7D0FED1F-F6ED-31E4-A4B7-556BFE49C30C}.RelWithDebInfo|x64.ActiveCfg = RelWithDebInfo|x64
		{7D0FED1F-F6ED-31E4-A4B7-556BFE49C30C}.RelWithDebInfo|x64.Build.0 = RelWithDebInfo|x64
		{BBD76BAF-E1C1-32B4-828E-E16D5C4F21A3}.Debug|x64.ActiveCfg = Debug|x64
		{BBD76BAF-E1C1-32B4-828E-E16D5C4F21A3}.Debug|x64.Build.0 = Debug|x64
		{BBD76BAF-E1C1-32B4-828E-E16D5C4F21A3}.Release|x64.ActiveCfg = Release|x64
		{BBD76BAF-E1C1-32B4-828E-E16D5C4F21A3}.Release|x64.Build.0 = Release|x64
		{BBD76BAF-E1C1-32B4-828E-E16D5C4F21A3}.MinSizeRel|x64.ActiveCfg = MinSizeRel|x64
		{BBD76BAF-E1C1-32B4-828E-E16D5C4F21A3}.MinSizeRel|x64.Build.0 = MinSizeRel|x64
		{BBD76BAF-E1C1-32B4-828E-E16D5C4F21A3}.RelWithDebInfo|x64.ActiveCfg = RelWithDebInfo|x64
		{BBD76BAF-E1C1-32B4-828E-E16D5C4F21A3}.RelWithDebInfo|x64.Build.0 = RelWithDebInfo|x64
		{6D2C43AF-8FC2-3A01-BE77-EA186A87BBC7}.Debug|x64.ActiveCfg = Debug|x64
		{6D2C43AF-8FC2-3A01-BE77-EA186A87BBC7}.Debug|x64.Build.0 = Debug|x64
		{6D2C43AF-8FC2-3A01-BE77-EA186A87BBC7}.Release|x64.ActiveCfg = Release|x64
		{6D2C43AF-8FC2-3A01-BE77-EA186A87BBC7}.Release|x64.Build.0 = Release|x64
		{6D2C43AF-8FC2-3A01-BE77-EA186A87BBC7}.MinSizeRel|x64.ActiveCfg = MinSizeRel|x64
		{6D2C43AF-8FC2-3A01-BE77-EA186A87BBC7}.MinSizeRel|x64.Build.0 = MinSizeRel|x64
		{6D2C43AF-8FC2-3A01-BE77-EA186A87BBC7}.RelWithDebInfo|x64.ActiveCfg = RelWithDebInfo|x64
		{6D2C43AF-8FC2-3A01-BE77-EA186A87BBC7}.RelWithDebInfo|x64.Build.0 = RelWithDebInfo|x64
		{A4778800-DF41-3474-B498-4CB6FE423FB0}.Debug|x64.ActiveCfg = Debug|x64
		{A4778800-DF41-3474-B498-4CB6FE423FB0}.Debug|x64.Build.0 = Debug|x64
		{A4778800-DF41-3474-B498-4CB6FE423FB0}.Release|x64.ActiveCfg = Release|x64
		{A4778800-DF41-3474-B498-4CB6FE423FB0}.Release|x64.Build.0 = Release|x64
		{A4778800-DF41-3474-B498-4CB6FE423FB0}.MinSizeRel|x64.ActiveCfg = MinSizeRel|x64
		{A4778800-DF41-3474-B498-4CB6FE423FB0}.MinSizeRel|x64.Build.0 = MinSizeRel|x64
		{A4778800-DF41-3474-B498-4CB6FE423FB0}.RelWithDebInfo|x64.ActiveCfg = RelWithDebInfo|x64
		{A4778800-DF41-3474-B498-4CB6FE423FB0}.RelWithDebInfo|x64.Build.0 = RelWithDebInfo|x64
		{ECE1901D-8BD8-318D-975A-AC02DC670DBE}.Debug|x64.ActiveCfg = Debug|x64
		{ECE1901D-8BD8-318D-975A-AC02DC670DBE}.Debug|x64.Build.0 = Debug|x64
		{ECE1901D-8BD8-318D-975A-AC02DC670DBE}.Release|x64.ActiveCfg = Release|x64
		{ECE1901D-8BD8-318D-975A-AC02DC670DBE}.Release|x64.Build.0 = Release|x64
		{ECE1901D-8BD8-318D-975A-AC02DC670DBE}.MinSizeRel|x64.ActiveCfg = MinSizeRel|x64
		{ECE1901D-8BD8-318D-975A-AC02DC670DBE}.MinSizeRel|x64.Build.0 = MinSizeRel|x64
		{ECE1901D-8BD8-318D-975A-AC02DC670DBE}.RelWithDebInfo|x64.ActiveCfg = RelWithDebInfo|x64
		{ECE1901D-8BD8-318D-975A-AC02DC670DBE}.RelWithDebInfo|x64.Build.0 = RelWithDebInfo|x64
		{22CED7AC-7D75-3C86-B617-8D41A03B421A}.Debug|x64.ActiveCfg = Debug|x64
		{22CED7AC-7D75-3C86-B617-8D41A03B421A}.Debug|x64.Build.0 = Debug|x64
		{22CED7AC-7D75-3C86-B617-8D41A03B421A}.Release|x64.ActiveCfg = Release|x64
		{22CED7AC-7D75-3C86-B617-8D41A03B421A}.Release|x64.Build.0 = Release|x64
		{22CED7AC-7D75-3C86-B617-8D41A03B421A}.MinSizeRel|x64.ActiveCfg = MinSizeRel|x64
		{22CED7AC-7D75-3C86-B617-8D41A03B421A}.MinSizeRel|x64.Build.0 = MinSizeRel|x64
		{22CED7AC-7D75-3C86-B617-8D41A03B421A}.RelWithDebInfo|x64.ActiveCfg = RelWithDebInfo|x64
		{22CED7AC-7D75-3C86-B617-8D41A03B421A}.RelWithDebInfo|x64.Build.0 = RelWithDebInfo|x64
		{2F038EB6-72CF-3CCA-B16D-995D7E8789CE}.Debug|x64.ActiveCfg = Debug|x64
		{2F038EB6-72CF-3CCA-B16D-995D7E8789CE}.Debug|x64.Build.0 = Debug|x64
		{2F038EB6-72CF-3CCA-B16D-995D7E8789CE}.Release|x64.ActiveCfg = Release|x64
		{2F038EB6-72CF-3CCA-B16D-995D7E8789CE}.Release|x64.Build.0 = Release|x64
		{2F038EB6-72CF-3CCA-B16D-995D7E8789CE}.MinSizeRel|x64.ActiveCfg = MinSizeRel|x64
		{2F038EB6-72CF-3CCA-B16D-995D7E8789CE}.MinSizeRel|x64.Build.0 = MinSizeRel|x64
		{2F038EB6-72CF-3CCA-B16D-995D7E8789CE}.RelWithDebInfo|x64.ActiveCfg = RelWithDebInfo|x64
		{2F038EB6-72CF-3CCA-B16D-995D7E8789CE}.RelWithDebInfo|x64.Build.0 = RelWithDebInfo|x64
		{5BED052C-C33A-3CF9-88DD-DAA020D55143}.Debug|x64.ActiveCfg = Debug|x64
		{5BED052C-C33A-3CF9-88DD-DAA020D55143}.Debug|x64.Build.0 = Debug|x64
		{5BED052C-C33A-3CF9-88DD-DAA020D55143}.Release|x64.ActiveCfg = Release|x64
		{5BED052C-C33A-3CF9-88DD-DAA020D55143}.Release|x64.Build.0 = Release|x64
		{5BED052C-C33A-3CF9-88DD-DAA020D55143}.MinSizeRel|x64.ActiveCfg = MinSizeRel|x64
		{5BED052C-C33A-3CF9-88DD-DAA020D55143}.MinSizeRel|x64.Build.0 = MinSizeRel|x64
		{5BED052C-C33A-3CF9-88DD-DAA020D55143}.RelWithDebInfo|x64.ActiveCfg = RelWithDebInfo|x64
		{5BED052C-C33A-3CF9-88DD-DAA020D55143}.RelWithDebInfo|x64.Build.0 = RelWithDebInfo|x64
		{65C0A4AA-11A3-3428-93D1-AA860DC3A5EA}.Debug|x64.ActiveCfg = Debug|x64
		{65C0A4AA-11A3-3428-93D1-AA860DC3A5EA}.Debug|x64.Build.0 = Debug|x64
		{65C0A4AA-11A3-3428-93D1-AA860DC3A5EA}.Release|x64.ActiveCfg = Release|x64
		{65C0A4AA-11A3-3428-93D1-AA860DC3A5EA}.Release|x64.Build.0 = Release|x64
		{65C0A4AA-11A3-3428-93D1-AA860DC3A5EA}.MinSizeRel|x64.ActiveCfg = MinSizeRel|x64
		{65C0A4AA-11A3-3428-93D1-AA860DC3A5EA}.MinSizeRel|x64.Build.0 = MinSizeRel|x64
		{65C0A4AA-11A3-3428-93D1-AA860DC3A5EA}.RelWithDebInfo|x64.ActiveCfg = RelWithDebInfo|x64
		{65C0A4AA-11A3-3428-93D1-AA860DC3A5EA}.RelWithDebInfo|x64.Build.0 = RelWithDebInfo|x64
		{C7F7F1E0-BBB7-33F7-B095-A2E14F978007}.Debug|x64.ActiveCfg = Debug|x64
		{C7F7F1E0-BBB7-33F7-B095-A2E14F978007}.Debug|x64.Build.0 = Debug|x64
		{C7F7F1E0-BBB7-33F7-B095-A2E14F978007}.Release|x64.ActiveCfg = Release|x64
		{C7F7F1E0-BBB7-33F7-B095-A2E14F978007}.Release|x64.Build.0 = Release|x64
		{C7F7F1E0-BBB7-33F7-B095-A2E14F978007}.MinSizeRel|x64.ActiveCfg = MinSizeRel|x64
		{C7F7F1E0-BBB7-33F7-B095-A2E14F978007}.MinSizeRel|x64.Build.0 = MinSizeRel|x64
		{C7F7F1E0-BBB7-33F7-B095-A2E14F978007}.RelWithDebInfo|x64.ActiveCfg = RelWithDebInfo|x64
		{C7F7F1E0-BBB7-33F7-B095-A2E14F978007}.RelWithDebInfo|x64.Build.0 = RelWithDebInfo|x64
		{95D5C654-308F-3FE1-9F51-2D112402D772}.Debug|x64.ActiveCfg = Debug|x64
		{95D5C654-308F-3FE1-9F51-2D112402D772}.Debug|x64.Build.0 = Debug|x64
		{95D5C654-308F-3FE1-9F51-2D112402D772}.Release|x64.ActiveCfg = Release|x64
		{95D5C654-308F-3FE1-9F51-2D112402D772}.Release|x64.Build.0 = Release|x64
		{95D5C654-308F-3FE1-9F51-2D112402D772}.MinSizeRel|x64.ActiveCfg = MinSizeRel|x64
		{95D5C654-308F-3FE1-9F51-2D112402D772}.MinSizeRel|x64.Build.0 = MinSizeRel|x64
		{95D5C654-308F-3FE1-9F51-2D112402D772}.RelWithDebInfo|x64.ActiveCfg = RelWithDebInfo|x64
		{95D5C654-308F-3FE1-9F51-2D112402D772}.RelWithDebInfo|x64.Build.0 = RelWithDebInfo|x64
		{568E0D74-5748-3DD2-8800-9A6CBF60980C}.Debug|x64.ActiveCfg = Debug|x64
		{568E0D74-5748-3DD2-8800-9A6CBF60980C}.Debug|x64.Build.0 = Debug|x64
		{568E0D74-5748-3DD2-8800-9A6CBF60980C}.Release|x64.ActiveCfg = Release|x64
		{568E0D74-5748-3DD2-8800-9A6CBF60980C}.Release|x64.Build.0 = Release|x64
		{568E0D74-5748-3DD2-8800-9A6CBF60980C}.MinSizeRel|x64.ActiveCfg = MinSizeRel|x64
		{568E0D74-5748-3DD2-8800-9A6CBF60980C}.MinSizeRel|x64.Build.0 = MinSizeRel|x64
		{568E0D74-5748-3DD2-8800-9A6CBF60980C}.RelWithDebInfo|x64.ActiveCfg = RelWithDebInfo|x64
		{568E0D74-5748-3DD2-8800-9A6CBF60980C}.RelWithDebInfo|x64.Build.0 = RelWithDebInfo|x64
		{52D64130-B0F2-36EA-874F-F4077C99C802}.Debug|x64.ActiveCfg = Debug|x64
		{52D64130-B0F2-36EA-874F-F4077C99C802}.Debug|x64.Build.0 = Debug|x64
		{52D64130-B0F2-36EA-874F-F4077C99C802}.Release|x64.ActiveCfg = Release|x64
		{52D64130-B0F2-36EA-874F-F4077C99C802}.Release|x64.Build.0 = Release|x64
		{52D64130-B0F2-36EA-874F-F4077C99C802}.MinSizeRel|x64.ActiveCfg = MinSizeRel|x64
		{52D64130-B0F2-36EA-874F-F4077C99C802}.MinSizeRel|x64.Build.0 = MinSizeRel|x64
		{52D64130-B0F2-36EA-874F-F4077C99C802}.RelWithDebInfo|x64.ActiveCfg = RelWithDebInfo|x64
		{52D64130-B0F2-36EA-874F-F4077C99C802}.RelWithDebInfo|x64.Build.0 = RelWithDebInfo|x64
		{CF4A2679-366A-3BC2-8C2E-F9252793816B}.Debug|x64.ActiveCfg = Debug|x64
		{CF4A2679-366A-3BC2-8C2E-F9252793816B}.Debug|x64.Build.0 = Debug|x64
		{CF4A2679-366A-3BC2-8C2E-F9252793816B}.Release|x64.ActiveCfg = Release|x64
		{CF4A2679-366A-3BC2-8C2E-F9252793816B}.Release|x64.Build.0 = Release|x64
		{CF4A2679-366A-3BC2-8C2E-F9252793816B}.MinSizeRel|x64.ActiveCfg = MinSizeRel|x64
		{CF4A2679-366A-3BC2-8C2E-F9252793816B}.MinSizeRel|x64.Build.0 = MinSizeRel|x64
		{CF4A2679-366A-3BC2-8C2E-F9252793816B}.RelWithDebInfo|x64.ActiveCfg = RelWithDebInfo|x64
		{CF4A2679-366A-3BC2-8C2E-F9252793816B}.RelWithDebInfo|x64.Build.0 = RelWithDebInfo|x64
		{ACFEC3C6-0CFB-3D61-B822-720D304FCCBC}.Debug|x64.ActiveCfg = Debug|x64
		{ACFEC3C6-0CFB-3D61-B822-720D304FCCBC}.Debug|x64.Build.0 = Debug|x64
		{ACFEC3C6-0CFB-3D61-B822-720D304FCCBC}.Release|x64.ActiveCfg = Release|x64
		{ACFEC3C6-0CFB-3D61-B822-720D304FCCBC}.Release|x64.Build.0 = Release|x64
		{ACFEC3C6-0CFB-3D61-B822-720D304FCCBC}.MinSizeRel|x64.ActiveCfg = MinSizeRel|x64
		{ACFEC3C6-0CFB-3D61-B822-720D304FCCBC}.MinSizeRel|x64.Build.0 = MinSizeRel|x64
		{ACFEC3C6-0CFB-3D61-B822-720D304FCCBC}.RelWithDebInfo|x64.ActiveCfg = RelWithDebInfo|x64
		{ACFEC3C6-0CFB-3D61-B822-720D304FCCBC}.RelWithDebInfo|x64.Build.0 = RelWithDebInfo|x64
		{EFC29F07-DF93-3D06-8974-2C41AFBDE2B9}.Debug|x64.ActiveCfg = Debug|x64
		{EFC29F07-DF93-3D06-8974-2C41AFBDE2B9}.Debug|x64.Build.0 = Debug|x64
		{EFC29F07-DF93-3D06-8974-2C41AFBDE2B9}.Release|x64.ActiveCfg = Release|x64
		{EFC29F07-DF93-3D06-8974-2C41AFBDE2B9}.Release|x64.Build.0 = Release|x64
		{EFC29F07-DF93-3D06-8974-2C41AFBDE2B9}.MinSizeRel|x64.ActiveCfg = MinSizeRel|x64
		{EFC29F07-DF93-3D06-8974-2C41AFBDE2B9}.MinSizeRel|x64.Build.0 = MinSizeRel|x64
		{EFC29F07-DF93-3D06-8974-2C41AFBDE2B9}.RelWithDebInfo|x64.ActiveCfg = RelWithDebInfo|x64
		{EFC29F07-DF93-3D06-8974-2C41AFBDE2B9}.RelWithDebInfo|x64.Build.0 = RelWithDebInfo|x64
		{9D808378-259B-34DE-8876-71DAA6ADB889}.Debug|x64.ActiveCfg = Debug|x64
		{9D808378-259B-34DE-8876-71DAA6ADB889}.Debug|x64.Build.0 = Debug|x64
		{9D808378-259B-34DE-8876-71DAA6ADB889}.Release|x64.ActiveCfg = Release|x64
		{9D808378-259B-34DE-8876-71DAA6ADB889}.Release|x64.Build.0 = Release|x64
		{9D808378-259B-34DE-8876-71DAA6ADB889}.MinSizeRel|x64.ActiveCfg = MinSizeRel|x64
		{9D808378-259B-34DE-8876-71DAA6ADB889}.MinSizeRel|x64.Build.0 = MinSizeRel|x64
		{9D808378-259B-34DE-8876-71DAA6ADB889}.RelWithDebInfo|x64.ActiveCfg = RelWithDebInfo|x64
		{9D808378-259B-34DE-8876-71DAA6ADB889}.RelWithDebInfo|x64.Build.0 = RelWithDebInfo|x64
		{B1DC972B-6B63-3612-B5BD-8834468DA759}.Debug|x64.ActiveCfg = Debug|x64
		{B1DC972B-6B63-3612-B5BD-8834468DA759}.Debug|x64.Build.0 = Debug|x64
		{B1DC972B-6B63-3612-B5BD-8834468DA759}.Release|x64.ActiveCfg = Release|x64
		{B1DC972B-6B63-3612-B5BD-8834468DA759}.Release|x64.Build.0 = Release|x64
		{B1DC972B-6B63-3612-B5BD-8834468DA759}.MinSizeRel|x64.ActiveCfg = MinSizeRel|x64
		{B1DC972B-6B63-3612-B5BD-8834468DA759}.MinSizeRel|x64.Build.0 = MinSizeRel|x64
		{B1DC972B-6B63-3612-B5BD-8834468DA759}.RelWithDebInfo|x64.ActiveCfg = RelWithDebInfo|x64
		{B1DC972B-6B63-3612-B5BD-8834468DA759}.RelWithDebInfo|x64.Build.0 = RelWithDebInfo|x64
		{EA797954-A82D-3B9A-BDCD-596FC1D7CCDA}.Debug|x64.ActiveCfg = Debug|x64
		{EA797954-A82D-3B9A-BDCD-596FC1D7CCDA}.Debug|x64.Build.0 = Debug|x64
		{EA797954-A82D-3B9A-BDCD-596FC1D7CCDA}.Release|x64.ActiveCfg = Release|x64
		{EA797954-A82D-3B9A-BDCD-596FC1D7CCDA}.Release|x64.Build.0 = Release|x64
		{EA797954-A82D-3B9A-BDCD-596FC1D7CCDA}.MinSizeRel|x64.ActiveCfg = MinSizeRel|x64
		{EA797954-A82D-3B9A-BDCD-596FC1D7CCDA}.MinSizeRel|x64.Build.0 = MinSizeRel|x64
		{EA797954-A82D-3B9A-BDCD-596FC1D7CCDA}.RelWithDebInfo|x64.ActiveCfg = RelWithDebInfo|x64
		{EA797954-A82D-3B9A-BDCD-596FC1D7CCDA}.RelWithDebInfo|x64.Build.0 = RelWithDebInfo|x64
		{F0D64278-FB65-3DA1-BB57-4C0EE576DF84}.Debug|x64.ActiveCfg = Debug|x64
		{F0D64278-FB65-3DA1-BB57-4C0EE576DF84}.Debug|x64.Build.0 = Debug|x64
		{F0D64278-FB65-3DA1-BB57-4C0EE576DF84}.Release|x64.ActiveCfg = Release|x64
		{F0D64278-FB65-3DA1-BB57-4C0EE576DF84}.Release|x64.Build.0 = Release|x64
		{F0D64278-FB65-3DA1-BB57-4C0EE576DF84}.MinSizeRel|x64.ActiveCfg = MinSizeRel|x64
		{F0D64278-FB65-3DA1-BB57-4C0EE576DF84}.MinSizeRel|x64.Build.0 = MinSizeRel|x64
		{F0D64278-FB65-3DA1-BB57-4C0EE576DF84}.RelWithDebInfo|x64.ActiveCfg = RelWithDebInfo|x64
		{F0D64278-FB65-3DA1-BB57-4C0EE576DF84}.RelWithDebInfo|x64.Build.0 = RelWithDebInfo|x64
		{C13E675F-CD49-395F-83D8-545F7923E1C9}.Debug|x64.ActiveCfg = Debug|x64
		{C13E675F-CD49-395F-83D8-545F7923E1C9}.Debug|x64.Build.0 = Debug|x64
		{C13E675F-CD49-395F-83D8-545F7923E1C9}.Release|x64.ActiveCfg = Release|x64
		{C13E675F-CD49-395F-83D8-545F7923E1C9}.Release|x64.Build.0 = Release|x64
		{C13E675F-CD49-395F-83D8-545F7923E1C9}.MinSizeRel|x64.ActiveCfg = MinSizeRel|x64
		{C13E675F-CD49-395F-83D8-545F7923E1C9}.MinSizeRel|x64.Build.0 = MinSizeRel|x64
		{C13E675F-CD49-395F-83D8-545F7923E1C9}.RelWithDebInfo|x64.ActiveCfg = RelWithDebInfo|x64
		{C13E675F-CD49-395F-83D8-545F7923E1C9}.RelWithDebInfo|x64.Build.0 = RelWithDebInfo|x64
		{795CEF37-C2A9-3461-9928-94F33719C6D6}.Debug|x64.ActiveCfg = Debug|x64
		{795CEF37-C2A9-3461-9928-94F33719C6D6}.Debug|x64.Build.0 = Debug|x64
		{795CEF37-C2A9-3461-9928-94F33719C6D6}.Release|x64.ActiveCfg = Release|x64
		{795CEF37-C2A9-3461-9928-94F33719C6D6}.Release|x64.Build.0 = Release|x64
		{795CEF37-C2A9-3461-9928-94F33719C6D6}.MinSizeRel|x64.ActiveCfg = MinSizeRel|x64
		{795CEF37-C2A9-3461-9928-94F33719C6D6}.MinSizeRel|x64.Build.0 = MinSizeRel|x64
		{795CEF37-C2A9-3461-9928-94F33719C6D6}.RelWithDebInfo|x64.ActiveCfg = RelWithDebInfo|x64
		{795CEF37-C2A9-3461-9928-94F33719C6D6}.RelWithDebInfo|x64.Build.0 = RelWithDebInfo|x64
		{ABB5FDFF-788C-3AC5-A520-841BFEADDCE1}.Debug|x64.ActiveCfg = Debug|x64
		{ABB5FDFF-788C-3AC5-A520-841BFEADDCE1}.Debug|x64.Build.0 = Debug|x64
		{ABB5FDFF-788C-3AC5-A520-841BFEADDCE1}.Release|x64.ActiveCfg = Release|x64
		{ABB5FDFF-788C-3AC5-A520-841BFEADDCE1}.Release|x64.Build.0 = Release|x64
		{ABB5FDFF-788C-3AC5-A520-841BFEADDCE1}.MinSizeRel|x64.ActiveCfg = MinSizeRel|x64
		{ABB5FDFF-788C-3AC5-A520-841BFEADDCE1}.MinSizeRel|x64.Build.0 = MinSizeRel|x64
		{ABB5FDFF-788C-3AC5-A520-841BFEADDCE1}.RelWithDebInfo|x64.ActiveCfg = RelWithDebInfo|x64
		{ABB5FDFF-788C-3AC5-A520-841BFEADDCE1}.RelWithDebInfo|x64.Build.0 = RelWithDebInfo|x64
		{C4723D9C-07DC-3D96-81C7-A310B8D5474B}.Debug|x64.ActiveCfg = Debug|x64
		{C4723D9C-07DC-3D96-81C7-A310B8D5474B}.Debug|x64.Build.0 = Debug|x64
		{C4723D9C-07DC-3D96-81C7-A310B8D5474B}.Release|x64.ActiveCfg = Release|x64
		{C4723D9C-07DC-3D96-81C7-A310B8D5474B}.Release|x64.Build.0 = Release|x64
		{C4723D9C-07DC-3D96-81C7-A310B8D5474B}.MinSizeRel|x64.ActiveCfg = MinSizeRel|x64
		{C4723D9C-07DC-3D96-81C7-A310B8D5474B}.MinSizeRel|x64.Build.0 = MinSizeRel|x64
		{C4723D9C-07DC-3D96-81C7-A310B8D5474B}.RelWithDebInfo|x64.ActiveCfg = RelWithDebInfo|x64
		{C4723D9C-07DC-3D96-81C7-A310B8D5474B}.RelWithDebInfo|x64.Build.0 = RelWithDebInfo|x64
		{5CFC5379-7556-3440-B5E5-3AF77E1B1C4D}.Debug|x64.ActiveCfg = Debug|x64
		{5CFC5379-7556-3440-B5E5-3AF77E1B1C4D}.Debug|x64.Build.0 = Debug|x64
		{5CFC5379-7556-3440-B5E5-3AF77E1B1C4D}.Release|x64.ActiveCfg = Release|x64
		{5CFC5379-7556-3440-B5E5-3AF77E1B1C4D}.Release|x64.Build.0 = Release|x64
		{5CFC5379-7556-3440-B5E5-3AF77E1B1C4D}.MinSizeRel|x64.ActiveCfg = MinSizeRel|x64
		{5CFC5379-7556-3440-B5E5-3AF77E1B1C4D}.MinSizeRel|x64.Build.0 = MinSizeRel|x64
		{5CFC5379-7556-3440-B5E5-3AF77E1B1C4D}.RelWithDebInfo|x64.ActiveCfg = RelWithDebInfo|x64
		{5CFC5379-7556-3440-B5E5-3AF77E1B1C4D}.RelWithDebInfo|x64.Build.0 = RelWithDebInfo|x64
		{1E760783-BB0E-38EE-AC91-3410D9393EA2}.Debug|x64.ActiveCfg = Debug|x64
		{1E760783-BB0E-38EE-AC91-3410D9393EA2}.Debug|x64.Build.0 = Debug|x64
		{1E760783-BB0E-38EE-AC91-3410D9393EA2}.Release|x64.ActiveCfg = Release|x64
		{1E760783-BB0E-38EE-AC91-3410D9393EA2}.Release|x64.Build.0 = Release|x64
		{1E760783-BB0E-38EE-AC91-3410D9393EA2}.MinSizeRel|x64.ActiveCfg = MinSizeRel|x64
		{1E760783-BB0E-38EE-AC91-3410D9393EA2}.MinSizeRel|x64.Build.0 = MinSizeRel|x64
		{1E760783-BB0E-38EE-AC91-3410D9393EA2}.RelWithDebInfo|x64.ActiveCfg = RelWithDebInfo|x64
		{1E760783-BB0E-38EE-AC91-3410D9393EA2}.RelWithDebInfo|x64.Build.0 = RelWithDebInfo|x64
		{95121517-8A41-309F-AF2C-800CDE5D4529}.Debug|x64.ActiveCfg = Debug|x64
		{95121517-8A41-309F-AF2C-800CDE5D4529}.Debug|x64.Build.0 = Debug|x64
		{95121517-8A41-309F-AF2C-800CDE5D4529}.Release|x64.ActiveCfg = Release|x64
		{95121517-8A41-309F-AF2C-800CDE5D4529}.Release|x64.Build.0 = Release|x64
		{95121517-8A41-309F-AF2C-800CDE5D4529}.MinSizeRel|x64.ActiveCfg = MinSizeRel|x64
		{95121517-8A41-309F-AF2C-800CDE5D4529}.MinSizeRel|x64.Build.0 = MinSizeRel|x64
		{95121517-8A41-309F-AF2C-800CDE5D4529}.RelWithDebInfo|x64.ActiveCfg = RelWithDebInfo|x64
		{95121517-8A41-309F-AF2C-800CDE5D4529}.RelWithDebInfo|x64.Build.0 = RelWithDebInfo|x64
		{CF79F1B8-6148-3192-AC9D-49C4CD0F2A29}.Debug|x64.ActiveCfg = Debug|x64
		{CF79F1B8-6148-3192-AC9D-49C4CD0F2A29}.Debug|x64.Build.0 = Debug|x64
		{CF79F1B8-6148-3192-AC9D-49C4CD0F2A29}.Release|x64.ActiveCfg = Release|x64
		{CF79F1B8-6148-3192-AC9D-49C4CD0F2A29}.Release|x64.Build.0 = Release|x64
		{CF79F1B8-6148-3192-AC9D-49C4CD0F2A29}.MinSizeRel|x64.ActiveCfg = MinSizeRel|x64
		{CF79F1B8-6148-3192-AC9D-49C4CD0F2A29}.MinSizeRel|x64.Build.0 = MinSizeRel|x64
		{CF79F1B8-6148-3192-AC9D-49C4CD0F2A29}.RelWithDebInfo|x64.ActiveCfg = RelWithDebInfo|x64
		{CF79F1B8-6148-3192-AC9D-49C4CD0F2A29}.RelWithDebInfo|x64.Build.0 = RelWithDebInfo|x64
		{4DFBA879-29F1-3003-AC4F-60D0859AD303}.Debug|x64.ActiveCfg = Debug|x64
		{4DFBA879-29F1-3003-AC4F-60D0859AD303}.Debug|x64.Build.0 = Debug|x64
		{4DFBA879-29F1-3003-AC4F-60D0859AD303}.Release|x64.ActiveCfg = Release|x64
		{4DFBA879-29F1-3003-AC4F-60D0859AD303}.Release|x64.Build.0 = Release|x64
		{4DFBA879-29F1-3003-AC4F-60D0859AD303}.MinSizeRel|x64.ActiveCfg = MinSizeRel|x64
		{4DFBA879-29F1-3003-AC4F-60D0859AD303}.MinSizeRel|x64.Build.0 = MinSizeRel|x64
		{4DFBA879-29F1-3003-AC4F-60D0859AD303}.RelWithDebInfo|x64.ActiveCfg = RelWithDebInfo|x64
		{4DFBA879-29F1-3003-AC4F-60D0859AD303}.RelWithDebInfo|x64.Build.0 = RelWithDebInfo|x64
		{2F022283-5028-3123-BAA8-E075F7FA4B02}.Debug|x64.ActiveCfg = Debug|x64
		{2F022283-5028-3123-BAA8-E075F7FA4B02}.Debug|x64.Build.0 = Debug|x64
		{2F022283-5028-3123-BAA8-E075F7FA4B02}.Release|x64.ActiveCfg = Release|x64
		{2F022283-5028-3123-BAA8-E075F7FA4B02}.Release|x64.Build.0 = Release|x64
		{2F022283-5028-3123-BAA8-E075F7FA4B02}.MinSizeRel|x64.ActiveCfg = MinSizeRel|x64
		{2F022283-5028-3123-BAA8-E075F7FA4B02}.MinSizeRel|x64.Build.0 = MinSizeRel|x64
		{2F022283-5028-3123-BAA8-E075F7FA4B02}.RelWithDebInfo|x64.ActiveCfg = RelWithDebInfo|x64
		{2F022283-5028-3123-BAA8-E075F7FA4B02}.RelWithDebInfo|x64.Build.0 = RelWithDebInfo|x64
		{B6EACD86-A447-3746-8C4F-4D852AB38552}.Debug|x64.ActiveCfg = Debug|x64
		{B6EACD86-A447-3746-8C4F-4D852AB38552}.Debug|x64.Build.0 = Debug|x64
		{B6EACD86-A447-3746-8C4F-4D852AB38552}.Release|x64.ActiveCfg = Release|x64
		{B6EACD86-A447-3746-8C4F-4D852AB38552}.Release|x64.Build.0 = Release|x64
		{B6EACD86-A447-3746-8C4F-4D852AB38552}.MinSizeRel|x64.ActiveCfg = MinSizeRel|x64
		{B6EACD86-A447-3746-8C4F-4D852AB38552}.MinSizeRel|x64.Build.0 = MinSizeRel|x64
		{B6EACD86-A447-3746-8C4F-4D852AB38552}.RelWithDebInfo|x64.ActiveCfg = RelWithDebInfo|x64
		{B6EACD86-A447-3746-8C4F-4D852AB38552}.RelWithDebInfo|x64.Build.0 = RelWithDebInfo|x64
		{30A7D032-6B4E-3CE1-B0A0-CAA4DFC1E143}.Debug|x64.ActiveCfg = Debug|x64
		{30A7D032-6B4E-3CE1-B0A0-CAA4DFC1E143}.Debug|x64.Build.0 = Debug|x64
		{30A7D032-6B4E-3CE1-B0A0-CAA4DFC1E143}.Release|x64.ActiveCfg = Release|x64
		{30A7D032-6B4E-3CE1-B0A0-CAA4DFC1E143}.Release|x64.Build.0 = Release|x64
		{30A7D032-6B4E-3CE1-B0A0-CAA4DFC1E143}.MinSizeRel|x64.ActiveCfg = MinSizeRel|x64
		{30A7D032-6B4E-3CE1-B0A0-CAA4DFC1E143}.MinSizeRel|x64.Build.0 = MinSizeRel|x64
		{30A7D032-6B4E-3CE1-B0A0-CAA4DFC1E143}.RelWithDebInfo|x64.ActiveCfg = RelWithDebInfo|x64
		{30A7D032-6B4E-3CE1-B0A0-CAA4DFC1E143}.RelWithDebInfo|x64.Build.0 = RelWithDebInfo|x64
		{CDF37021-F2EE-3620-9616-AECD987379DE}.Debug|x64.ActiveCfg = Debug|x64
		{CDF37021-F2EE-3620-9616-AECD987379DE}.Debug|x64.Build.0 = Debug|x64
		{CDF37021-F2EE-3620-9616-AECD987379DE}.Release|x64.ActiveCfg = Release|x64
		{CDF37021-F2EE-3620-9616-AECD987379DE}.Release|x64.Build.0 = Release|x64
		{CDF37021-F2EE-3620-9616-AECD987379DE}.MinSizeRel|x64.ActiveCfg = MinSizeRel|x64
		{CDF37021-F2EE-3620-9616-AECD987379DE}.MinSizeRel|x64.Build.0 = MinSizeRel|x64
		{CDF37021-F2EE-3620-9616-AECD987379DE}.RelWithDebInfo|x64.ActiveCfg = RelWithDebInfo|x64
		{CDF37021-F2EE-3620-9616-AECD987379DE}.RelWithDebInfo|x64.Build.0 = RelWithDebInfo|x64
		{4AF20991-B642-30D4-B2ED-AC052E57057C}.Debug|x64.ActiveCfg = Debug|x64
		{4AF20991-B642-30D4-B2ED-AC052E57057C}.Debug|x64.Build.0 = Debug|x64
		{4AF20991-B642-30D4-B2ED-AC052E57057C}.Release|x64.ActiveCfg = Release|x64
		{4AF20991-B642-30D4-B2ED-AC052E57057C}.Release|x64.Build.0 = Release|x64
		{4AF20991-B642-30D4-B2ED-AC052E57057C}.MinSizeRel|x64.ActiveCfg = MinSizeRel|x64
		{4AF20991-B642-30D4-B2ED-AC052E57057C}.MinSizeRel|x64.Build.0 = MinSizeRel|x64
		{4AF20991-B642-30D4-B2ED-AC052E57057C}.RelWithDebInfo|x64.ActiveCfg = RelWithDebInfo|x64
		{4AF20991-B642-30D4-B2ED-AC052E57057C}.RelWithDebInfo|x64.Build.0 = RelWithDebInfo|x64
		{D0AA6C4B-8978-3A3A-B9E2-7E8D62EC0647}.Debug|x64.ActiveCfg = Debug|x64
		{D0AA6C4B-8978-3A3A-B9E2-7E8D62EC0647}.Debug|x64.Build.0 = Debug|x64
		{D0AA6C4B-8978-3A3A-B9E2-7E8D62EC0647}.Release|x64.ActiveCfg = Release|x64
		{D0AA6C4B-8978-3A3A-B9E2-7E8D62EC0647}.Release|x64.Build.0 = Release|x64
		{D0AA6C4B-8978-3A3A-B9E2-7E8D62EC0647}.MinSizeRel|x64.ActiveCfg = MinSizeRel|x64
		{D0AA6C4B-8978-3A3A-B9E2-7E8D62EC0647}.MinSizeRel|x64.Build.0 = MinSizeRel|x64
		{D0AA6C4B-8978-3A3A-B9E2-7E8D62EC0647}.RelWithDebInfo|x64.ActiveCfg = RelWithDebInfo|x64
		{D0AA6C4B-8978-3A3A-B9E2-7E8D62EC0647}.RelWithDebInfo|x64.Build.0 = RelWithDebInfo|x64
		{CD0AC6D4-51FA-3A2A-A8EA-D4B26F65CC29}.Debug|x64.ActiveCfg = Debug|x64
		{CD0AC6D4-51FA-3A2A-A8EA-D4B26F65CC29}.Debug|x64.Build.0 = Debug|x64
		{CD0AC6D4-51FA-3A2A-A8EA-D4B26F65CC29}.Release|x64.ActiveCfg = Release|x64
		{CD0AC6D4-51FA-3A2A-A8EA-D4B26F65CC29}.Release|x64.Build.0 = Release|x64
		{CD0AC6D4-51FA-3A2A-A8EA-D4B26F65CC29}.MinSizeRel|x64.ActiveCfg = MinSizeRel|x64
		{CD0AC6D4-51FA-3A2A-A8EA-D4B26F65CC29}.MinSizeRel|x64.Build.0 = MinSizeRel|x64
		{CD0AC6D4-51FA-3A2A-A8EA-D4B26F65CC29}.RelWithDebInfo|x64.ActiveCfg = RelWithDebInfo|x64
		{CD0AC6D4-51FA-3A2A-A8EA-D4B26F65CC29}.RelWithDebInfo|x64.Build.0 = RelWithDebInfo|x64
		{E41A9F15-4223-3FFC-A326-2029B418FAB1}.Debug|x64.ActiveCfg = Debug|x64
		{E41A9F15-4223-3FFC-A326-2029B418FAB1}.Debug|x64.Build.0 = Debug|x64
		{E41A9F15-4223-3FFC-A326-2029B418FAB1}.Release|x64.ActiveCfg = Release|x64
		{E41A9F15-4223-3FFC-A326-2029B418FAB1}.Release|x64.Build.0 = Release|x64
		{E41A9F15-4223-3FFC-A326-2029B418FAB1}.MinSizeRel|x64.ActiveCfg = MinSizeRel|x64
		{E41A9F15-4223-3FFC-A326-2029B418FAB1}.MinSizeRel|x64.Build.0 = MinSizeRel|x64
		{E41A9F15-4223-3FFC-A326-2029B418FAB1}.RelWithDebInfo|x64.ActiveCfg = RelWithDebInfo|x64
		{E41A9F15-4223-3FFC-A326-2029B418FAB1}.RelWithDebInfo|x64.Build.0 = RelWithDebInfo|x64
		{60942E1F-7A02-368B-B092-4F73BFC077F3}.Debug|x64.ActiveCfg = Debug|x64
		{60942E1F-7A02-368B-B092-4F73BFC077F3}.Debug|x64.Build.0 = Debug|x64
		{60942E1F-7A02-368B-B092-4F73BFC077F3}.Release|x64.ActiveCfg = Release|x64
		{60942E1F-7A02-368B-B092-4F73BFC077F3}.Release|x64.Build.0 = Release|x64
		{60942E1F-7A02-368B-B092-4F73BFC077F3}.MinSizeRel|x64.ActiveCfg = MinSizeRel|x64
		{60942E1F-7A02-368B-B092-4F73BFC077F3}.MinSizeRel|x64.Build.0 = MinSizeRel|x64
		{60942E1F-7A02-368B-B092-4F73BFC077F3}.RelWithDebInfo|x64.ActiveCfg = RelWithDebInfo|x64
		{60942E1F-7A02-368B-B092-4F73BFC077F3}.RelWithDebInfo|x64.Build.0 = RelWithDebInfo|x64
		{D1C4C777-3D65-3DAC-83A6-11DF69FBD52D}.Debug|x64.ActiveCfg = Debug|x64
		{D1C4C777-3D65-3DAC-83A6-11DF69FBD52D}.Debug|x64.Build.0 = Debug|x64
		{D1C4C777-3D65-3DAC-83A6-11DF69FBD52D}.Release|x64.ActiveCfg = Release|x64
		{D1C4C777-3D65-3DAC-83A6-11DF69FBD52D}.Release|x64.Build.0 = Release|x64
		{D1C4C777-3D65-3DAC-83A6-11DF69FBD52D}.MinSizeRel|x64.ActiveCfg = MinSizeRel|x64
		{D1C4C777-3D65-3DAC-83A6-11DF69FBD52D}.MinSizeRel|x64.Build.0 = MinSizeRel|x64
		{D1C4C777-3D65-3DAC-83A6-11DF69FBD52D}.RelWithDebInfo|x64.ActiveCfg = RelWithDebInfo|x64
		{D1C4C777-3D65-3DAC-83A6-11DF69FBD52D}.RelWithDebInfo|x64.Build.0 = RelWithDebInfo|x64
		{809F7271-E5EC-3730-836D-3AC6D3778746}.Debug|x64.ActiveCfg = Debug|x64
		{809F7271-E5EC-3730-836D-3AC6D3778746}.Debug|x64.Build.0 = Debug|x64
		{809F7271-E5EC-3730-836D-3AC6D3778746}.Release|x64.ActiveCfg = Release|x64
		{809F7271-E5EC-3730-836D-3AC6D3778746}.Release|x64.Build.0 = Release|x64
		{809F7271-E5EC-3730-836D-3AC6D3778746}.MinSizeRel|x64.ActiveCfg = MinSizeRel|x64
		{809F7271-E5EC-3730-836D-3AC6D3778746}.MinSizeRel|x64.Build.0 = MinSizeRel|x64
		{809F7271-E5EC-3730-836D-3AC6D3778746}.RelWithDebInfo|x64.ActiveCfg = RelWithDebInfo|x64
		{809F7271-E5EC-3730-836D-3AC6D3778746}.RelWithDebInfo|x64.Build.0 = RelWithDebInfo|x64
		{A2A2D88A-0285-376F-9A29-CFA2113A949B}.Debug|x64.ActiveCfg = Debug|x64
		{A2A2D88A-0285-376F-9A29-CFA2113A949B}.Debug|x64.Build.0 = Debug|x64
		{A2A2D88A-0285-376F-9A29-CFA2113A949B}.Release|x64.ActiveCfg = Release|x64
		{A2A2D88A-0285-376F-9A29-CFA2113A949B}.Release|x64.Build.0 = Release|x64
		{A2A2D88A-0285-376F-9A29-CFA2113A949B}.MinSizeRel|x64.ActiveCfg = MinSizeRel|x64
		{A2A2D88A-0285-376F-9A29-CFA2113A949B}.MinSizeRel|x64.Build.0 = MinSizeRel|x64
		{A2A2D88A-0285-376F-9A29-CFA2113A949B}.RelWithDebInfo|x64.ActiveCfg = RelWithDebInfo|x64
		{A2A2D88A-0285-376F-9A29-CFA2113A949B}.RelWithDebInfo|x64.Build.0 = RelWithDebInfo|x64
		{5793F423-F43E-3103-A01A-371593D9618F}.Debug|x64.ActiveCfg = Debug|x64
		{5793F423-F43E-3103-A01A-371593D9618F}.Debug|x64.Build.0 = Debug|x64
		{5793F423-F43E-3103-A01A-371593D9618F}.Release|x64.ActiveCfg = Release|x64
		{5793F423-F43E-3103-A01A-371593D9618F}.Release|x64.Build.0 = Release|x64
		{5793F423-F43E-3103-A01A-371593D9618F}.MinSizeRel|x64.ActiveCfg = MinSizeRel|x64
		{5793F423-F43E-3103-A01A-371593D9618F}.MinSizeRel|x64.Build.0 = MinSizeRel|x64
		{5793F423-F43E-3103-A01A-371593D9618F}.RelWithDebInfo|x64.ActiveCfg = RelWithDebInfo|x64
		{5793F423-F43E-3103-A01A-371593D9618F}.RelWithDebInfo|x64.Build.0 = RelWithDebInfo|x64
		{964191A0-66C3-360A-AC24-F72FBEB4C969}.Debug|x64.ActiveCfg = Debug|x64
		{964191A0-66C3-360A-AC24-F72FBEB4C969}.Debug|x64.Build.0 = Debug|x64
		{964191A0-66C3-360A-AC24-F72FBEB4C969}.Release|x64.ActiveCfg = Release|x64
		{964191A0-66C3-360A-AC24-F72FBEB4C969}.Release|x64.Build.0 = Release|x64
		{964191A0-66C3-360A-AC24-F72FBEB4C969}.MinSizeRel|x64.ActiveCfg = MinSizeRel|x64
		{964191A0-66C3-360A-AC24-F72FBEB4C969}.MinSizeRel|x64.Build.0 = MinSizeRel|x64
		{964191A0-66C3-360A-AC24-F72FBEB4C969}.RelWithDebInfo|x64.ActiveCfg = RelWithDebInfo|x64
		{964191A0-66C3-360A-AC24-F72FBEB4C969}.RelWithDebInfo|x64.Build.0 = RelWithDebInfo|x64
		{A088B7DA-4383-3DE1-818C-41589E1B44B2}.Debug|x64.ActiveCfg = Debug|x64
		{A088B7DA-4383-3DE1-818C-41589E1B44B2}.Debug|x64.Build.0 = Debug|x64
		{A088B7DA-4383-3DE1-818C-41589E1B44B2}.Release|x64.ActiveCfg = Release|x64
		{A088B7DA-4383-3DE1-818C-41589E1B44B2}.Release|x64.Build.0 = Release|x64
		{A088B7DA-4383-3DE1-818C-41589E1B44B2}.MinSizeRel|x64.ActiveCfg = MinSizeRel|x64
		{A088B7DA-4383-3DE1-818C-41589E1B44B2}.MinSizeRel|x64.Build.0 = MinSizeRel|x64
		{A088B7DA-4383-3DE1-818C-41589E1B44B2}.RelWithDebInfo|x64.ActiveCfg = RelWithDebInfo|x64
		{A088B7DA-4383-3DE1-818C-41589E1B44B2}.RelWithDebInfo|x64.Build.0 = RelWithDebInfo|x64
		{8965DA47-EF17-35FE-BA7C-9CA753677ADB}.Debug|x64.ActiveCfg = Debug|x64
		{8965DA47-EF17-35FE-BA7C-9CA753677ADB}.Debug|x64.Build.0 = Debug|x64
		{8965DA47-EF17-35FE-BA7C-9CA753677ADB}.Release|x64.ActiveCfg = Release|x64
		{8965DA47-EF17-35FE-BA7C-9CA753677ADB}.Release|x64.Build.0 = Release|x64
		{8965DA47-EF17-35FE-BA7C-9CA753677ADB}.MinSizeRel|x64.ActiveCfg = MinSizeRel|x64
		{8965DA47-EF17-35FE-BA7C-9CA753677ADB}.MinSizeRel|x64.Build.0 = MinSizeRel|x64
		{8965DA47-EF17-35FE-BA7C-9CA753677ADB}.RelWithDebInfo|x64.ActiveCfg = RelWithDebInfo|x64
		{8965DA47-EF17-35FE-BA7C-9CA753677ADB}.RelWithDebInfo|x64.Build.0 = RelWithDebInfo|x64
		{197D78F7-2300-34B0-A8BB-F09F6785E8F0}.Debug|x64.ActiveCfg = Debug|x64
		{197D78F7-2300-34B0-A8BB-F09F6785E8F0}.Debug|x64.Build.0 = Debug|x64
		{197D78F7-2300-34B0-A8BB-F09F6785E8F0}.Release|x64.ActiveCfg = Release|x64
		{197D78F7-2300-34B0-A8BB-F09F6785E8F0}.Release|x64.Build.0 = Release|x64
		{197D78F7-2300-34B0-A8BB-F09F6785E8F0}.MinSizeRel|x64.ActiveCfg = MinSizeRel|x64
		{197D78F7-2300-34B0-A8BB-F09F6785E8F0}.MinSizeRel|x64.Build.0 = MinSizeRel|x64
		{197D78F7-2300-34B0-A8BB-F09F6785E8F0}.RelWithDebInfo|x64.ActiveCfg = RelWithDebInfo|x64
		{197D78F7-2300-34B0-A8BB-F09F6785E8F0}.RelWithDebInfo|x64.Build.0 = RelWithDebInfo|x64
		{C9AEB2D6-6011-3D16-BA87-E6153C70DF36}.Debug|x64.ActiveCfg = Debug|x64
		{C9AEB2D6-6011-3D16-BA87-E6153C70DF36}.Debug|x64.Build.0 = Debug|x64
		{C9AEB2D6-6011-3D16-BA87-E6153C70DF36}.Release|x64.ActiveCfg = Release|x64
		{C9AEB2D6-6011-3D16-BA87-E6153C70DF36}.Release|x64.Build.0 = Release|x64
		{C9AEB2D6-6011-3D16-BA87-E6153C70DF36}.MinSizeRel|x64.ActiveCfg = MinSizeRel|x64
		{C9AEB2D6-6011-3D16-BA87-E6153C70DF36}.MinSizeRel|x64.Build.0 = MinSizeRel|x64
		{C9AEB2D6-6011-3D16-BA87-E6153C70DF36}.RelWithDebInfo|x64.ActiveCfg = RelWithDebInfo|x64
		{C9AEB2D6-6011-3D16-BA87-E6153C70DF36}.RelWithDebInfo|x64.Build.0 = RelWithDebInfo|x64
		{AB3FFF38-14A4-3ADC-A3B9-415BB59CDCC7}.Debug|x64.ActiveCfg = Debug|x64
		{AB3FFF38-14A4-3ADC-A3B9-415BB59CDCC7}.Debug|x64.Build.0 = Debug|x64
		{AB3FFF38-14A4-3ADC-A3B9-415BB59CDCC7}.Release|x64.ActiveCfg = Release|x64
		{AB3FFF38-14A4-3ADC-A3B9-415BB59CDCC7}.Release|x64.Build.0 = Release|x64
		{AB3FFF38-14A4-3ADC-A3B9-415BB59CDCC7}.MinSizeRel|x64.ActiveCfg = MinSizeRel|x64
		{AB3FFF38-14A4-3ADC-A3B9-415BB59CDCC7}.MinSizeRel|x64.Build.0 = MinSizeRel|x64
		{AB3FFF38-14A4-3ADC-A3B9-415BB59CDCC7}.RelWithDebInfo|x64.ActiveCfg = RelWithDebInfo|x64
		{AB3FFF38-14A4-3ADC-A3B9-415BB59CDCC7}.RelWithDebInfo|x64.Build.0 = RelWithDebInfo|x64
		{9777EED1-DB34-366F-9449-020329841DCB}.Debug|x64.ActiveCfg = Debug|x64
		{9777EED1-DB34-366F-9449-020329841DCB}.Debug|x64.Build.0 = Debug|x64
		{9777EED1-DB34-366F-9449-020329841DCB}.Release|x64.ActiveCfg = Release|x64
		{9777EED1-DB34-366F-9449-020329841DCB}.Release|x64.Build.0 = Release|x64
		{9777EED1-DB34-366F-9449-020329841DCB}.MinSizeRel|x64.ActiveCfg = MinSizeRel|x64
		{9777EED1-DB34-366F-9449-020329841DCB}.MinSizeRel|x64.Build.0 = MinSizeRel|x64
		{9777EED1-DB34-366F-9449-020329841DCB}.RelWithDebInfo|x64.ActiveCfg = RelWithDebInfo|x64
		{9777EED1-DB34-366F-9449-020329841DCB}.RelWithDebInfo|x64.Build.0 = RelWithDebInfo|x64
		{35AA6C99-EC25-3B32-AB7D-93B52182D36C}.Debug|x64.ActiveCfg = Debug|x64
		{35AA6C99-EC25-3B32-AB7D-93B52182D36C}.Debug|x64.Build.0 = Debug|x64
		{35AA6C99-EC25-3B32-AB7D-93B52182D36C}.Release|x64.ActiveCfg = Release|x64
		{35AA6C99-EC25-3B32-AB7D-93B52182D36C}.Release|x64.Build.0 = Release|x64
		{35AA6C99-EC25-3B32-AB7D-93B52182D36C}.MinSizeRel|x64.ActiveCfg = MinSizeRel|x64
		{35AA6C99-EC25-3B32-AB7D-93B52182D36C}.MinSizeRel|x64.Build.0 = MinSizeRel|x64
		{35AA6C99-EC25-3B32-AB7D-93B52182D36C}.RelWithDebInfo|x64.ActiveCfg = RelWithDebInfo|x64
		{35AA6C99-EC25-3B32-AB7D-93B52182D36C}.RelWithDebInfo|x64.Build.0 = RelWithDebInfo|x64
		{34FD5F5B-2407-3926-A01B-023C6E545FC0}.Debug|x64.ActiveCfg = Debug|x64
		{34FD5F5B-2407-3926-A01B-023C6E545FC0}.Debug|x64.Build.0 = Debug|x64
		{34FD5F5B-2407-3926-A01B-023C6E545FC0}.Release|x64.ActiveCfg = Release|x64
		{34FD5F5B-2407-3926-A01B-023C6E545FC0}.Release|x64.Build.0 = Release|x64
		{34FD5F5B-2407-3926-A01B-023C6E545FC0}.MinSizeRel|x64.ActiveCfg = MinSizeRel|x64
		{34FD5F5B-2407-3926-A01B-023C6E545FC0}.MinSizeRel|x64.Build.0 = MinSizeRel|x64
		{34FD5F5B-2407-3926-A01B-023C6E545FC0}.RelWithDebInfo|x64.ActiveCfg = RelWithDebInfo|x64
		{34FD5F5B-2407-3926-A01B-023C6E545FC0}.RelWithDebInfo|x64.Build.0 = RelWithDebInfo|x64
		{E72252DF-32CE-35D3-8438-9C0C54BF5737}.Debug|x64.ActiveCfg = Debug|x64
		{E72252DF-32CE-35D3-8438-9C0C54BF5737}.Debug|x64.Build.0 = Debug|x64
		{E72252DF-32CE-35D3-8438-9C0C54BF5737}.Release|x64.ActiveCfg = Release|x64
		{E72252DF-32CE-35D3-8438-9C0C54BF5737}.Release|x64.Build.0 = Release|x64
		{E72252DF-32CE-35D3-8438-9C0C54BF5737}.MinSizeRel|x64.ActiveCfg = MinSizeRel|x64
		{E72252DF-32CE-35D3-8438-9C0C54BF5737}.MinSizeRel|x64.Build.0 = MinSizeRel|x64
		{E72252DF-32CE-35D3-8438-9C0C54BF5737}.RelWithDebInfo|x64.ActiveCfg = RelWithDebInfo|x64
		{E72252DF-32CE-35D3-8438-9C0C54BF5737}.RelWithDebInfo|x64.Build.0 = RelWithDebInfo|x64
		{8993A110-29E1-3D2C-8C69-8C3DE185092E}.Debug|x64.ActiveCfg = Debug|x64
		{8993A110-29E1-3D2C-8C69-8C3DE185092E}.Debug|x64.Build.0 = Debug|x64
		{8993A110-29E1-3D2C-8C69-8C3DE185092E}.Release|x64.ActiveCfg = Release|x64
		{8993A110-29E1-3D2C-8C69-8C3DE185092E}.Release|x64.Build.0 = Release|x64
		{8993A110-29E1-3D2C-8C69-8C3DE185092E}.MinSizeRel|x64.ActiveCfg = MinSizeRel|x64
		{8993A110-29E1-3D2C-8C69-8C3DE185092E}.MinSizeRel|x64.Build.0 = MinSizeRel|x64
		{8993A110-29E1-3D2C-8C69-8C3DE185092E}.RelWithDebInfo|x64.ActiveCfg = RelWithDebInfo|x64
		{8993A110-29E1-3D2C-8C69-8C3DE185092E}.RelWithDebInfo|x64.Build.0 = RelWithDebInfo|x64
		{07FE2987-164E-3F0D-B3C6-84D8C6A3C73F}.Debug|x64.ActiveCfg = Debug|x64
		{07FE2987-164E-3F0D-B3C6-84D8C6A3C73F}.Debug|x64.Build.0 = Debug|x64
		{07FE2987-164E-3F0D-B3C6-84D8C6A3C73F}.Release|x64.ActiveCfg = Release|x64
		{07FE2987-164E-3F0D-B3C6-84D8C6A3C73F}.Release|x64.Build.0 = Release|x64
		{07FE2987-164E-3F0D-B3C6-84D8C6A3C73F}.MinSizeRel|x64.ActiveCfg = MinSizeRel|x64
		{07FE2987-164E-3F0D-B3C6-84D8C6A3C73F}.MinSizeRel|x64.Build.0 = MinSizeRel|x64
		{07FE2987-164E-3F0D-B3C6-84D8C6A3C73F}.RelWithDebInfo|x64.ActiveCfg = RelWithDebInfo|x64
		{07FE2987-164E-3F0D-B3C6-84D8C6A3C73F}.RelWithDebInfo|x64.Build.0 = RelWithDebInfo|x64
		{73A7B130-54AD-3181-B466-C14791BD5EC6}.Debug|x64.ActiveCfg = Debug|x64
		{73A7B130-54AD-3181-B466-C14791BD5EC6}.Debug|x64.Build.0 = Debug|x64
		{73A7B130-54AD-3181-B466-C14791BD5EC6}.Release|x64.ActiveCfg = Release|x64
		{73A7B130-54AD-3181-B466-C14791BD5EC6}.Release|x64.Build.0 = Release|x64
		{73A7B130-54AD-3181-B466-C14791BD5EC6}.MinSizeRel|x64.ActiveCfg = MinSizeRel|x64
		{73A7B130-54AD-3181-B466-C14791BD5EC6}.MinSizeRel|x64.Build.0 = MinSizeRel|x64
		{73A7B130-54AD-3181-B466-C14791BD5EC6}.RelWithDebInfo|x64.ActiveCfg = RelWithDebInfo|x64
		{73A7B130-54AD-3181-B466-C14791BD5EC6}.RelWithDebInfo|x64.Build.0 = RelWithDebInfo|x64
		{4037FB0F-9BEB-320D-AE30-43C12666E748}.Debug|x64.ActiveCfg = Debug|x64
		{4037FB0F-9BEB-320D-AE30-43C12666E748}.Debug|x64.Build.0 = Debug|x64
		{4037FB0F-9BEB-320D-AE30-43C12666E748}.Release|x64.ActiveCfg = Release|x64
		{4037FB0F-9BEB-320D-AE30-43C12666E748}.Release|x64.Build.0 = Release|x64
		{4037FB0F-9BEB-320D-AE30-43C12666E748}.MinSizeRel|x64.ActiveCfg = MinSizeRel|x64
		{4037FB0F-9BEB-320D-AE30-43C12666E748}.MinSizeRel|x64.Build.0 = MinSizeRel|x64
		{4037FB0F-9BEB-320D-AE30-43C12666E748}.RelWithDebInfo|x64.ActiveCfg = RelWithDebInfo|x64
		{4037FB0F-9BEB-320D-AE30-43C12666E748}.RelWithDebInfo|x64.Build.0 = RelWithDebInfo|x64
		{F856580D-2C2D-3CB3-AB20-1D3D5912C685}.Debug|x64.ActiveCfg = Debug|x64
		{F856580D-2C2D-3CB3-AB20-1D3D5912C685}.Debug|x64.Build.0 = Debug|x64
		{F856580D-2C2D-3CB3-AB20-1D3D5912C685}.Release|x64.ActiveCfg = Release|x64
		{F856580D-2C2D-3CB3-AB20-1D3D5912C685}.Release|x64.Build.0 = Release|x64
		{F856580D-2C2D-3CB3-AB20-1D3D5912C685}.MinSizeRel|x64.ActiveCfg = MinSizeRel|x64
		{F856580D-2C2D-3CB3-AB20-1D3D5912C685}.MinSizeRel|x64.Build.0 = MinSizeRel|x64
		{F856580D-2C2D-3CB3-AB20-1D3D5912C685}.RelWithDebInfo|x64.ActiveCfg = RelWithDebInfo|x64
		{F856580D-2C2D-3CB3-AB20-1D3D5912C685}.RelWithDebInfo|x64.Build.0 = RelWithDebInfo|x64
		{72E5E20F-B8A3-39DC-B4E4-2DAF295048E0}.Debug|x64.ActiveCfg = Debug|x64
		{72E5E20F-B8A3-39DC-B4E4-2DAF295048E0}.Debug|x64.Build.0 = Debug|x64
		{72E5E20F-B8A3-39DC-B4E4-2DAF295048E0}.Release|x64.ActiveCfg = Release|x64
		{72E5E20F-B8A3-39DC-B4E4-2DAF295048E0}.Release|x64.Build.0 = Release|x64
		{72E5E20F-B8A3-39DC-B4E4-2DAF295048E0}.MinSizeRel|x64.ActiveCfg = MinSizeRel|x64
		{72E5E20F-B8A3-39DC-B4E4-2DAF295048E0}.MinSizeRel|x64.Build.0 = MinSizeRel|x64
		{72E5E20F-B8A3-39DC-B4E4-2DAF295048E0}.RelWithDebInfo|x64.ActiveCfg = RelWithDebInfo|x64
		{72E5E20F-B8A3-39DC-B4E4-2DAF295048E0}.RelWithDebInfo|x64.Build.0 = RelWithDebInfo|x64
		{B975F029-4DED-306C-A1C6-612EF07CACCC}.Debug|x64.ActiveCfg = Debug|x64
		{B975F029-4DED-306C-A1C6-612EF07CACCC}.Debug|x64.Build.0 = Debug|x64
		{B975F029-4DED-306C-A1C6-612EF07CACCC}.Release|x64.ActiveCfg = Release|x64
		{B975F029-4DED-306C-A1C6-612EF07CACCC}.Release|x64.Build.0 = Release|x64
		{B975F029-4DED-306C-A1C6-612EF07CACCC}.MinSizeRel|x64.ActiveCfg = MinSizeRel|x64
		{B975F029-4DED-306C-A1C6-612EF07CACCC}.MinSizeRel|x64.Build.0 = MinSizeRel|x64
		{B975F029-4DED-306C-A1C6-612EF07CACCC}.RelWithDebInfo|x64.ActiveCfg = RelWithDebInfo|x64
		{B975F029-4DED-306C-A1C6-612EF07CACCC}.RelWithDebInfo|x64.Build.0 = RelWithDebInfo|x64
		{D17518A4-405A-3F93-87D4-41BF7BDF143A}.Debug|x64.ActiveCfg = Debug|x64
		{D17518A4-405A-3F93-87D4-41BF7BDF143A}.Debug|x64.Build.0 = Debug|x64
		{D17518A4-405A-3F93-87D4-41BF7BDF143A}.Release|x64.ActiveCfg = Release|x64
		{D17518A4-405A-3F93-87D4-41BF7BDF143A}.Release|x64.Build.0 = Release|x64
		{D17518A4-405A-3F93-87D4-41BF7BDF143A}.MinSizeRel|x64.ActiveCfg = MinSizeRel|x64
		{D17518A4-405A-3F93-87D4-41BF7BDF143A}.MinSizeRel|x64.Build.0 = MinSizeRel|x64
		{D17518A4-405A-3F93-87D4-41BF7BDF143A}.RelWithDebInfo|x64.ActiveCfg = RelWithDebInfo|x64
		{D17518A4-405A-3F93-87D4-41BF7BDF143A}.RelWithDebInfo|x64.Build.0 = RelWithDebInfo|x64
		{6B4BC727-6120-324E-8A9E-9DCD24C8D43B}.Debug|x64.ActiveCfg = Debug|x64
		{6B4BC727-6120-324E-8A9E-9DCD24C8D43B}.Debug|x64.Build.0 = Debug|x64
		{6B4BC727-6120-324E-8A9E-9DCD24C8D43B}.Release|x64.ActiveCfg = Release|x64
		{6B4BC727-6120-324E-8A9E-9DCD24C8D43B}.Release|x64.Build.0 = Release|x64
		{6B4BC727-6120-324E-8A9E-9DCD24C8D43B}.MinSizeRel|x64.ActiveCfg = MinSizeRel|x64
		{6B4BC727-6120-324E-8A9E-9DCD24C8D43B}.MinSizeRel|x64.Build.0 = MinSizeRel|x64
		{6B4BC727-6120-324E-8A9E-9DCD24C8D43B}.RelWithDebInfo|x64.ActiveCfg = RelWithDebInfo|x64
		{6B4BC727-6120-324E-8A9E-9DCD24C8D43B}.RelWithDebInfo|x64.Build.0 = RelWithDebInfo|x64
		{FCB1BC12-8838-3669-B7A9-062E412EB9CD}.Debug|x64.ActiveCfg = Debug|x64
		{FCB1BC12-8838-3669-B7A9-062E412EB9CD}.Debug|x64.Build.0 = Debug|x64
		{FCB1BC12-8838-3669-B7A9-062E412EB9CD}.Release|x64.ActiveCfg = Release|x64
		{FCB1BC12-8838-3669-B7A9-062E412EB9CD}.Release|x64.Build.0 = Release|x64
		{FCB1BC12-8838-3669-B7A9-062E412EB9CD}.MinSizeRel|x64.ActiveCfg = MinSizeRel|x64
		{FCB1BC12-8838-3669-B7A9-062E412EB9CD}.MinSizeRel|x64.Build.0 = MinSizeRel|x64
		{FCB1BC12-8838-3669-B7A9-062E412EB9CD}.RelWithDebInfo|x64.ActiveCfg = RelWithDebInfo|x64
		{FCB1BC12-8838-3669-B7A9-062E412EB9CD}.RelWithDebInfo|x64.Build.0 = RelWithDebInfo|x64
		{7F039DB9-2AFE-3844-9B6C-174BA74981FA}.Debug|x64.ActiveCfg = Debug|x64
		{7F039DB9-2AFE-3844-9B6C-174BA74981FA}.Debug|x64.Build.0 = Debug|x64
		{7F039DB9-2AFE-3844-9B6C-174BA74981FA}.Release|x64.ActiveCfg = Release|x64
		{7F039DB9-2AFE-3844-9B6C-174BA74981FA}.Release|x64.Build.0 = Release|x64
		{7F039DB9-2AFE-3844-9B6C-174BA74981FA}.MinSizeRel|x64.ActiveCfg = MinSizeRel|x64
		{7F039DB9-2AFE-3844-9B6C-174BA74981FA}.MinSizeRel|x64.Build.0 = MinSizeRel|x64
		{7F039DB9-2AFE-3844-9B6C-174BA74981FA}.RelWithDebInfo|x64.ActiveCfg = RelWithDebInfo|x64
		{7F039DB9-2AFE-3844-9B6C-174BA74981FA}.RelWithDebInfo|x64.Build.0 = RelWithDebInfo|x64
		{C93D175F-4358-3D78-8D89-8953E87F093D}.Debug|x64.ActiveCfg = Debug|x64
		{C93D175F-4358-3D78-8D89-8953E87F093D}.Debug|x64.Build.0 = Debug|x64
		{C93D175F-4358-3D78-8D89-8953E87F093D}.Release|x64.ActiveCfg = Release|x64
		{C93D175F-4358-3D78-8D89-8953E87F093D}.Release|x64.Build.0 = Release|x64
		{C93D175F-4358-3D78-8D89-8953E87F093D}.MinSizeRel|x64.ActiveCfg = MinSizeRel|x64
		{C93D175F-4358-3D78-8D89-8953E87F093D}.MinSizeRel|x64.Build.0 = MinSizeRel|x64
		{C93D175F-4358-3D78-8D89-8953E87F093D}.RelWithDebInfo|x64.ActiveCfg = RelWithDebInfo|x64
		{C93D175F-4358-3D78-8D89-8953E87F093D}.RelWithDebInfo|x64.Build.0 = RelWithDebInfo|x64
		{350C6113-DB76-3B01-B5C1-6FD68BC25759}.Debug|x64.ActiveCfg = Debug|x64
		{350C6113-DB76-3B01-B5C1-6FD68BC25759}.Debug|x64.Build.0 = Debug|x64
		{350C6113-DB76-3B01-B5C1-6FD68BC25759}.Release|x64.ActiveCfg = Release|x64
		{350C6113-DB76-3B01-B5C1-6FD68BC25759}.Release|x64.Build.0 = Release|x64
		{350C6113-DB76-3B01-B5C1-6FD68BC25759}.MinSizeRel|x64.ActiveCfg = MinSizeRel|x64
		{350C6113-DB76-3B01-B5C1-6FD68BC25759}.MinSizeRel|x64.Build.0 = MinSizeRel|x64
		{350C6113-DB76-3B01-B5C1-6FD68BC25759}.RelWithDebInfo|x64.ActiveCfg = RelWithDebInfo|x64
		{350C6113-DB76-3B01-B5C1-6FD68BC25759}.RelWithDebInfo|x64.Build.0 = RelWithDebInfo|x64
		{582DF7F4-0E8F-3047-A177-8C9F1850B370}.Debug|x64.ActiveCfg = Debug|x64
		{582DF7F4-0E8F-3047-A177-8C9F1850B370}.Debug|x64.Build.0 = Debug|x64
		{582DF7F4-0E8F-3047-A177-8C9F1850B370}.Release|x64.ActiveCfg = Release|x64
		{582DF7F4-0E8F-3047-A177-8C9F1850B370}.Release|x64.Build.0 = Release|x64
		{582DF7F4-0E8F-3047-A177-8C9F1850B370}.MinSizeRel|x64.ActiveCfg = MinSizeRel|x64
		{582DF7F4-0E8F-3047-A177-8C9F1850B370}.MinSizeRel|x64.Build.0 = MinSizeRel|x64
		{582DF7F4-0E8F-3047-A177-8C9F1850B370}.RelWithDebInfo|x64.ActiveCfg = RelWithDebInfo|x64
		{582DF7F4-0E8F-3047-A177-8C9F1850B370}.RelWithDebInfo|x64.Build.0 = RelWithDebInfo|x64
		{D8926F6B-CCF1-3987-94E4-CB43510B8B65}.Debug|x64.ActiveCfg = Debug|x64
		{D8926F6B-CCF1-3987-94E4-CB43510B8B65}.Debug|x64.Build.0 = Debug|x64
		{D8926F6B-CCF1-3987-94E4-CB43510B8B65}.Release|x64.ActiveCfg = Release|x64
		{D8926F6B-CCF1-3987-94E4-CB43510B8B65}.Release|x64.Build.0 = Release|x64
		{D8926F6B-CCF1-3987-94E4-CB43510B8B65}.MinSizeRel|x64.ActiveCfg = MinSizeRel|x64
		{D8926F6B-CCF1-3987-94E4-CB43510B8B65}.MinSizeRel|x64.Build.0 = MinSizeRel|x64
		{D8926F6B-CCF1-3987-94E4-CB43510B8B65}.RelWithDebInfo|x64.ActiveCfg = RelWithDebInfo|x64
		{D8926F6B-CCF1-3987-94E4-CB43510B8B65}.RelWithDebInfo|x64.Build.0 = RelWithDebInfo|x64
		{5617D75B-EE85-341C-8DA1-8C34A9684AA9}.Debug|x64.ActiveCfg = Debug|x64
		{5617D75B-EE85-341C-8DA1-8C34A9684AA9}.Debug|x64.Build.0 = Debug|x64
		{5617D75B-EE85-341C-8DA1-8C34A9684AA9}.Release|x64.ActiveCfg = Release|x64
		{5617D75B-EE85-341C-8DA1-8C34A9684AA9}.Release|x64.Build.0 = Release|x64
		{5617D75B-EE85-341C-8DA1-8C34A9684AA9}.MinSizeRel|x64.ActiveCfg = MinSizeRel|x64
		{5617D75B-EE85-341C-8DA1-8C34A9684AA9}.MinSizeRel|x64.Build.0 = MinSizeRel|x64
		{5617D75B-EE85-341C-8DA1-8C34A9684AA9}.RelWithDebInfo|x64.ActiveCfg = RelWithDebInfo|x64
		{5617D75B-EE85-341C-8DA1-8C34A9684AA9}.RelWithDebInfo|x64.Build.0 = RelWithDebInfo|x64
		{6BB917D2-74EE-3D5E-919A-D56D5725FB99}.Debug|x64.ActiveCfg = Debug|x64
		{6BB917D2-74EE-3D5E-919A-D56D5725FB99}.Debug|x64.Build.0 = Debug|x64
		{6BB917D2-74EE-3D5E-919A-D56D5725FB99}.Release|x64.ActiveCfg = Release|x64
		{6BB917D2-74EE-3D5E-919A-D56D5725FB99}.Release|x64.Build.0 = Release|x64
		{6BB917D2-74EE-3D5E-919A-D56D5725FB99}.MinSizeRel|x64.ActiveCfg = MinSizeRel|x64
		{6BB917D2-74EE-3D5E-919A-D56D5725FB99}.MinSizeRel|x64.Build.0 = MinSizeRel|x64
		{6BB917D2-74EE-3D5E-919A-D56D5725FB99}.RelWithDebInfo|x64.ActiveCfg = RelWithDebInfo|x64
		{6BB917D2-74EE-3D5E-919A-D56D5725FB99}.RelWithDebInfo|x64.Build.0 = RelWithDebInfo|x64
		{16A9046C-8686-3BDE-9E65-7780EAF92B12}.Debug|x64.ActiveCfg = Debug|x64
		{16A9046C-8686-3BDE-9E65-7780EAF92B12}.Debug|x64.Build.0 = Debug|x64
		{16A9046C-8686-3BDE-9E65-7780EAF92B12}.Release|x64.ActiveCfg = Release|x64
		{16A9046C-8686-3BDE-9E65-7780EAF92B12}.Release|x64.Build.0 = Release|x64
		{16A9046C-8686-3BDE-9E65-7780EAF92B12}.MinSizeRel|x64.ActiveCfg = MinSizeRel|x64
		{16A9046C-8686-3BDE-9E65-7780EAF92B12}.MinSizeRel|x64.Build.0 = MinSizeRel|x64
		{16A9046C-8686-3BDE-9E65-7780EAF92B12}.RelWithDebInfo|x64.ActiveCfg = RelWithDebInfo|x64
		{16A9046C-8686-3BDE-9E65-7780EAF92B12}.RelWithDebInfo|x64.Build.0 = RelWithDebInfo|x64
		{910FF7D9-3F9D-3E6D-AEDD-FDD6197E2582}.Debug|x64.ActiveCfg = Debug|x64
		{910FF7D9-3F9D-3E6D-AEDD-FDD6197E2582}.Debug|x64.Build.0 = Debug|x64
		{910FF7D9-3F9D-3E6D-AEDD-FDD6197E2582}.Release|x64.ActiveCfg = Release|x64
		{910FF7D9-3F9D-3E6D-AEDD-FDD6197E2582}.Release|x64.Build.0 = Release|x64
		{910FF7D9-3F9D-3E6D-AEDD-FDD6197E2582}.MinSizeRel|x64.ActiveCfg = MinSizeRel|x64
		{910FF7D9-3F9D-3E6D-AEDD-FDD6197E2582}.MinSizeRel|x64.Build.0 = MinSizeRel|x64
		{910FF7D9-3F9D-3E6D-AEDD-FDD6197E2582}.RelWithDebInfo|x64.ActiveCfg = RelWithDebInfo|x64
		{910FF7D9-3F9D-3E6D-AEDD-FDD6197E2582}.RelWithDebInfo|x64.Build.0 = RelWithDebInfo|x64
		{D6D5BF4D-7011-3F1A-8B47-26AE14B54D7C}.Debug|x64.ActiveCfg = Debug|x64
		{D6D5BF4D-7011-3F1A-8B47-26AE14B54D7C}.Debug|x64.Build.0 = Debug|x64
		{D6D5BF4D-7011-3F1A-8B47-26AE14B54D7C}.Release|x64.ActiveCfg = Release|x64
		{D6D5BF4D-7011-3F1A-8B47-26AE14B54D7C}.Release|x64.Build.0 = Release|x64
		{D6D5BF4D-7011-3F1A-8B47-26AE14B54D7C}.MinSizeRel|x64.ActiveCfg = MinSizeRel|x64
		{D6D5BF4D-7011-3F1A-8B47-26AE14B54D7C}.MinSizeRel|x64.Build.0 = MinSizeRel|x64
		{D6D5BF4D-7011-3F1A-8B47-26AE14B54D7C}.RelWithDebInfo|x64.ActiveCfg = RelWithDebInfo|x64
		{D6D5BF4D-7011-3F1A-8B47-26AE14B54D7C}.RelWithDebInfo|x64.Build.0 = RelWithDebInfo|x64
		{66FDDB63-1880-3015-9ED0-F77FFD7B4922}.Debug|x64.ActiveCfg = Debug|x64
		{66FDDB63-1880-3015-9ED0-F77FFD7B4922}.Release|x64.ActiveCfg = Release|x64
		{66FDDB63-1880-3015-9ED0-F77FFD7B4922}.MinSizeRel|x64.ActiveCfg = MinSizeRel|x64
		{66FDDB63-1880-3015-9ED0-F77FFD7B4922}.RelWithDebInfo|x64.ActiveCfg = RelWithDebInfo|x64
		{56570E88-722B-352A-AC6B-15D93FB101C9}.Debug|x64.ActiveCfg = Debug|x64
		{56570E88-722B-352A-AC6B-15D93FB101C9}.Debug|x64.Build.0 = Debug|x64
		{56570E88-722B-352A-AC6B-15D93FB101C9}.Release|x64.ActiveCfg = Release|x64
		{56570E88-722B-352A-AC6B-15D93FB101C9}.Release|x64.Build.0 = Release|x64
		{56570E88-722B-352A-AC6B-15D93FB101C9}.MinSizeRel|x64.ActiveCfg = MinSizeRel|x64
		{56570E88-722B-352A-AC6B-15D93FB101C9}.MinSizeRel|x64.Build.0 = MinSizeRel|x64
		{56570E88-722B-352A-AC6B-15D93FB101C9}.RelWithDebInfo|x64.ActiveCfg = RelWithDebInfo|x64
		{56570E88-722B-352A-AC6B-15D93FB101C9}.RelWithDebInfo|x64.Build.0 = RelWithDebInfo|x64
		{9C310737-4102-325B-BB23-7A80879776EF}.Debug|x64.ActiveCfg = Debug|x64
		{9C310737-4102-325B-BB23-7A80879776EF}.Debug|x64.Build.0 = Debug|x64
		{9C310737-4102-325B-BB23-7A80879776EF}.Release|x64.ActiveCfg = Release|x64
		{9C310737-4102-325B-BB23-7A80879776EF}.Release|x64.Build.0 = Release|x64
		{9C310737-4102-325B-BB23-7A80879776EF}.MinSizeRel|x64.ActiveCfg = MinSizeRel|x64
		{9C310737-4102-325B-BB23-7A80879776EF}.MinSizeRel|x64.Build.0 = MinSizeRel|x64
		{9C310737-4102-325B-BB23-7A80879776EF}.RelWithDebInfo|x64.ActiveCfg = RelWithDebInfo|x64
		{9C310737-4102-325B-BB23-7A80879776EF}.RelWithDebInfo|x64.Build.0 = RelWithDebInfo|x64
		{86415A17-3F92-3AAB-8036-20F44C4884A7}.Debug|x64.ActiveCfg = Debug|x64
		{86415A17-3F92-3AAB-8036-20F44C4884A7}.Debug|x64.Build.0 = Debug|x64
		{86415A17-3F92-3AAB-8036-20F44C4884A7}.Release|x64.ActiveCfg = Release|x64
		{86415A17-3F92-3AAB-8036-20F44C4884A7}.Release|x64.Build.0 = Release|x64
		{86415A17-3F92-3AAB-8036-20F44C4884A7}.MinSizeRel|x64.ActiveCfg = MinSizeRel|x64
		{86415A17-3F92-3AAB-8036-20F44C4884A7}.MinSizeRel|x64.Build.0 = MinSizeRel|x64
		{86415A17-3F92-3AAB-8036-20F44C4884A7}.RelWithDebInfo|x64.ActiveCfg = RelWithDebInfo|x64
		{86415A17-3F92-3AAB-8036-20F44C4884A7}.RelWithDebInfo|x64.Build.0 = RelWithDebInfo|x64
		{84048E6E-A20D-3B15-8321-890E9B94C65B}.Debug|x64.ActiveCfg = Debug|x64
		{84048E6E-A20D-3B15-8321-890E9B94C65B}.Debug|x64.Build.0 = Debug|x64
		{84048E6E-A20D-3B15-8321-890E9B94C65B}.Release|x64.ActiveCfg = Release|x64
		{84048E6E-A20D-3B15-8321-890E9B94C65B}.Release|x64.Build.0 = Release|x64
		{84048E6E-A20D-3B15-8321-890E9B94C65B}.MinSizeRel|x64.ActiveCfg = MinSizeRel|x64
		{84048E6E-A20D-3B15-8321-890E9B94C65B}.MinSizeRel|x64.Build.0 = MinSizeRel|x64
		{84048E6E-A20D-3B15-8321-890E9B94C65B}.RelWithDebInfo|x64.ActiveCfg = RelWithDebInfo|x64
		{84048E6E-A20D-3B15-8321-890E9B94C65B}.RelWithDebInfo|x64.Build.0 = RelWithDebInfo|x64
	EndGlobalSection
	GlobalSection(ExtensibilityGlobals) = postSolution
		SolutionGuid = {F49EFF89-33FB-3390-80AE-87EC78118267}
	EndGlobalSection
	GlobalSection(ExtensibilityAddIns) = postSolution
	EndGlobalSection
EndGlobal
