<?xml version="1.0" encoding="utf-8"?>
<Project ToolsVersion="4.0" xmlns="http://schemas.microsoft.com/developer/msbuild/2003">
  <ItemGroup>
    <Filter Include="include">
      <UniqueIdentifier>{843ee20a-da20-4c16-8530-e6766ba25e17}</UniqueIdentifier>
    </Filter>
    <Filter Include="include\theora">
      <UniqueIdentifier>{ab3fbff6-fed0-4110-ba71-4379fe4e961a}</UniqueIdentifier>
    </Filter>
    <Filter Include="lib">
      <UniqueIdentifier>{65ac4f61-d98e-4142-9c61-410a2ac9b03b}</UniqueIdentifier>
    </Filter>
    <Filter Include="lib\enc">
      <UniqueIdentifier>{07f6c0e8-adea-4ea7-ad85-b9bc9c25daff}</UniqueIdentifier>
    </Filter>
    <Filter Include="lib\enc\x86_vc">
      <UniqueIdentifier>{8697c847-f839-42df-b0e2-b3c5029d6c49}</UniqueIdentifier>
    </Filter>
    <Filter Include="lib\dec">
      <UniqueIdentifier>{5b7d24ea-f3c5-4c64-92d1-db20d30ee528}</UniqueIdentifier>
    </Filter>
    <Filter Include="lib\dec\x86_vc">
      <UniqueIdentifier>{74209141-d837-4401-b466-4d1ea6ed1a92}</UniqueIdentifier>
    </Filter>
  </ItemGroup>
  <ItemGroup>
    <ClInclude Include="..\..\..\include\theora\codec.h">
      <Filter>include\theora</Filter>
    </ClInclude>
    <ClInclude Include="..\..\..\include\theora\theora.h">
      <Filter>include\theora</Filter>
    </ClInclude>
    <ClInclude Include="..\..\..\include\theora\theoradec.h">
      <Filter>include\theora</Filter>
    </ClInclude>
    <ClInclude Include="..\..\..\lib\cpu.h">
      <Filter>lib</Filter>
    </ClInclude>
    <ClInclude Include="..\..\..\lib\internal.h">
      <Filter>lib</Filter>
    </ClInclude>
    <ClInclude Include="..\..\..\lib\encint.h">
      <Filter>lib\enc</Filter>
    </ClInclude>
    <ClInclude Include="..\..\..\lib\enquant.h">
      <Filter>lib\enc</Filter>
    </ClInclude>
    <ClInclude Include="..\..\..\lib\huffenc.h">
      <Filter>lib\enc</Filter>
    </ClInclude>
    <ClInclude Include="..\..\..\lib\mathops.h">
      <Filter>lib\enc</Filter>
    </ClInclude>
    <ClInclude Include="..\..\..\lib\modedec.h">
      <Filter>lib\enc</Filter>
    </ClInclude>
    <ClInclude Include="..\..\..\lib\apiwrapper.h">
      <Filter>lib\dec</Filter>
    </ClInclude>
    <ClInclude Include="..\..\..\lib\bitpack.h">
      <Filter>lib\dec</Filter>
    </ClInclude>
    <ClInclude Include="..\..\..\lib\dct.h">
      <Filter>lib\dec</Filter>
    </ClInclude>
    <ClInclude Include="..\..\..\lib\decint.h">
      <Filter>lib\dec</Filter>
    </ClInclude>
    <ClInclude Include="..\..\..\lib\dequant.h">
      <Filter>lib\dec</Filter>
    </ClInclude>
    <ClInclude Include="..\..\..\lib\huffdec.h">
      <Filter>lib\dec</Filter>
    </ClInclude>
    <ClInclude Include="..\..\..\lib\huffman.h">
      <Filter>lib\dec</Filter>
    </ClInclude>
    <ClInclude Include="..\..\..\lib\idct.h">
      <Filter>lib\dec</Filter>
    </ClInclude>
    <ClInclude Include="..\..\..\lib\ocintrin.h">
      <Filter>lib\dec</Filter>
    </ClInclude>
    <ClInclude Include="..\..\..\lib\quant.h">
      <Filter>lib\dec</Filter>
    </ClInclude>
  </ItemGroup>
  <ItemGroup>
    <ClCompile Include="..\..\..\lib\cpu.c">
      <Filter>lib</Filter>
    </ClCompile>
    <ClCompile Include="..\..\..\lib\analyze.c">
      <Filter>lib\enc</Filter>
    </ClCompile>
    <ClCompile Include="..\..\..\lib\encapiwrapper.c">
      <Filter>lib\enc</Filter>
    </ClCompile>
    <ClCompile Include="..\..\..\lib\encfrag.c">
      <Filter>lib\enc</Filter>
    </ClCompile>
    <ClCompile Include="..\..\..\lib\encinfo.c">
      <Filter>lib\enc</Filter>
    </ClCompile>
    <ClCompile Include="..\..\..\lib\encode.c">
      <Filter>lib\enc</Filter>
    </ClCompile>
    <ClCompile Include="..\..\..\lib\encoder_disabled.c">
      <Filter>lib\enc</Filter>
    </ClCompile>
    <ClCompile Include="..\..\..\lib\enquant.c">
      <Filter>lib\enc</Filter>
    </ClCompile>
    <ClCompile Include="..\..\..\lib\fdct.c">
      <Filter>lib\enc</Filter>
    </ClCompile>
    <ClCompile Include="..\..\..\lib\huffenc.c">
      <Filter>lib\enc</Filter>
    </ClCompile>
    <ClCompile Include="..\..\..\lib\mathops.c">
      <Filter>lib\enc</Filter>
    </ClCompile>
    <ClCompile Include="..\..\..\lib\mcenc.c">
      <Filter>lib\enc</Filter>
    </ClCompile>
    <ClCompile Include="..\..\..\lib\rate.c">
      <Filter>lib\enc</Filter>
    </ClCompile>
    <ClCompile Include="..\..\..\lib\tokenize.c">
      <Filter>lib\enc</Filter>
    </ClCompile>
    <ClCompile Include="..\..\..\lib\x86_vc\mmxencfrag.c">
      <Filter>lib\enc\x86_vc</Filter>
    </ClCompile>
    <ClCompile Include="..\..\..\lib\x86_vc\mmxfdct.c">
      <Filter>lib\enc\x86_vc</Filter>
    </ClCompile>
    <ClCompile Include="..\..\..\lib\x86_vc\x86enc.c">
      <Filter>lib\enc\x86_vc</Filter>
    </ClCompile>
    <ClCompile Include="..\..\..\lib\apiwrapper.c">
      <Filter>lib\dec</Filter>
    </ClCompile>
    <ClCompile Include="..\..\..\lib\bitpack.c">
      <Filter>lib\dec</Filter>
    </ClCompile>
    <ClCompile Include="..\..\..\lib\decapiwrapper.c">
      <Filter>lib\dec</Filter>
    </ClCompile>
    <ClCompile Include="..\..\..\lib\decinfo.c">
      <Filter>lib\dec</Filter>
    </ClCompile>
    <ClCompile Include="..\..\..\lib\decode.c">
      <Filter>lib\dec</Filter>
    </ClCompile>
    <ClCompile Include="..\..\..\lib\dequant.c">
      <Filter>lib\dec</Filter>
    </ClCompile>
    <ClCompile Include="..\..\..\lib\fragment.c">
      <Filter>lib\dec</Filter>
    </ClCompile>
    <ClCompile Include="..\..\..\lib\huffdec.c">
      <Filter>lib\dec</Filter>
    </ClCompile>
    <ClCompile Include="..\..\..\lib\idct.c">
      <Filter>lib\dec</Filter>
    </ClCompile>
    <ClCompile Include="..\..\..\lib\info.c">
      <Filter>lib\dec</Filter>
    </ClCompile>
    <ClCompile Include="..\..\..\lib\internal.c">
      <Filter>lib\dec</Filter>
    </ClCompile>
    <ClCompile Include="..\..\..\lib\quant.c">
      <Filter>lib\dec</Filter>
    </ClCompile>
    <ClCompile Include="..\..\..\lib\state.c">
      <Filter>lib\dec</Filter>
    </ClCompile>
    <ClCompile Include="..\..\..\lib\x86_vc\mmxfrag.c">
      <Filter>lib\dec\x86_vc</Filter>
    </ClCompile>
    <ClCompile Include="..\..\..\lib\x86_vc\mmxidct.c">
      <Filter>lib\dec\x86_vc</Filter>
    </ClCompile>
    <ClCompile Include="..\..\..\lib\x86_vc\mmxstate.c">
      <Filter>lib\dec\x86_vc</Filter>
    </ClCompile>
    <ClCompile Include="..\..\..\lib\x86_vc\x86state.c">
      <Filter>lib\dec\x86_vc</Filter>
    </ClCompile>
  </ItemGroup>
</Project>